// !$*UTF8*$!
{
	archiveVersion = 1;
	classes = {
	};
	objectVersion = 42;
	objects = {

/* Begin PBXBuildFile section */
		E45BE97B0E8CC7DD009D7055 /* AGL.framework in Frameworks */ = {isa = PBXBuildFile; fileRef = E45BE9710E8CC7DD009D7055 /* AGL.framework */; };
		E45BE97C0E8CC7DD009D7055 /* ApplicationServices.framework in Frameworks */ = {isa = PBXBuildFile; fileRef = E45BE9720E8CC7DD009D7055 /* ApplicationServices.framework */; };
		E45BE97D0E8CC7DD009D7055 /* AudioToolbox.framework in Frameworks */ = {isa = PBXBuildFile; fileRef = E45BE9730E8CC7DD009D7055 /* AudioToolbox.framework */; };
		E45BE97E0E8CC7DD009D7055 /* Carbon.framework in Frameworks */ = {isa = PBXBuildFile; fileRef = E45BE9740E8CC7DD009D7055 /* Carbon.framework */; };
		E45BE97F0E8CC7DD009D7055 /* CoreAudio.framework in Frameworks */ = {isa = PBXBuildFile; fileRef = E45BE9750E8CC7DD009D7055 /* CoreAudio.framework */; };
		E45BE9800E8CC7DD009D7055 /* CoreFoundation.framework in Frameworks */ = {isa = PBXBuildFile; fileRef = E45BE9760E8CC7DD009D7055 /* CoreFoundation.framework */; };
		E45BE9810E8CC7DD009D7055 /* CoreServices.framework in Frameworks */ = {isa = PBXBuildFile; fileRef = E45BE9770E8CC7DD009D7055 /* CoreServices.framework */; };
		E45BE9830E8CC7DD009D7055 /* OpenGL.framework in Frameworks */ = {isa = PBXBuildFile; fileRef = E45BE9790E8CC7DD009D7055 /* OpenGL.framework */; };
		E45BE9840E8CC7DD009D7055 /* QuickTime.framework in Frameworks */ = {isa = PBXBuildFile; fileRef = E45BE97A0E8CC7DD009D7055 /* QuickTime.framework */; };
		E4C2422B10CC554B004149E2 /* openFrameworks.a in Frameworks */ = {isa = PBXBuildFile; fileRef = E4C2421E10CC549C004149E2 /* openFrameworks.a */; };
		E4C2424710CC5A17004149E2 /* AppKit.framework in Frameworks */ = {isa = PBXBuildFile; fileRef = E4C2424410CC5A17004149E2 /* AppKit.framework */; };
		E4C2424810CC5A17004149E2 /* Cocoa.framework in Frameworks */ = {isa = PBXBuildFile; fileRef = E4C2424510CC5A17004149E2 /* Cocoa.framework */; };
		E4C2424910CC5A17004149E2 /* IOKit.framework in Frameworks */ = {isa = PBXBuildFile; fileRef = E4C2424610CC5A17004149E2 /* IOKit.framework */; };
		E4C2426610CC5A78004149E2 /* GLUT.framework in Frameworks */ = {isa = PBXBuildFile; fileRef = E4C2425F10CC5A78004149E2 /* GLUT.framework */; };
		E4C2426B10CC5AA6004149E2 /* GLUT.framework in CopyFiles */ = {isa = PBXBuildFile; fileRef = E4C2425F10CC5A78004149E2 /* GLUT.framework */; };
		EA23EDE6139D13AE0071404C /* Apps.mm in Sources */ = {isa = PBXBuildFile; fileRef = EA23EDD2139D13AE0071404C /* Apps.mm */; };
		EA23EDE8139D13AE0071404C /* testApp.mm in Sources */ = {isa = PBXBuildFile; fileRef = EA23EDD6139D13AE0071404C /* testApp.mm */; };
		EA23EDEB139D13AE0071404C /* AboutPage.mm in Sources */ = {isa = PBXBuildFile; fileRef = EA23EDDF139D13AE0071404C /* AboutPage.mm */; };
		EA23EDEC139D13AE0071404C /* MainMenu.mm in Sources */ = {isa = PBXBuildFile; fileRef = EA23EDE1139D13AE0071404C /* MainMenu.mm */; };
		EA23EDED139D13AE0071404C /* SettingsPage.mm in Sources */ = {isa = PBXBuildFile; fileRef = EA23EDE5139D13AE0071404C /* SettingsPage.mm */; };
		EA23EEA3139D1CBF0071404C /* ofxCvKalman.cpp in Sources */ = {isa = PBXBuildFile; fileRef = EA23EE6D139D1CBE0071404C /* ofxCvKalman.cpp */; };
		EAB309FD137AF3E00086DE6F /* tinyxml.cpp in Sources */ = {isa = PBXBuildFile; fileRef = EAB309F6137AF3E00086DE6F /* tinyxml.cpp */; };
		EAB309FE137AF3E00086DE6F /* tinyxmlerror.cpp in Sources */ = {isa = PBXBuildFile; fileRef = EAB309F8137AF3E00086DE6F /* tinyxmlerror.cpp */; };
		EAB309FF137AF3E00086DE6F /* tinyxmlparser.cpp in Sources */ = {isa = PBXBuildFile; fileRef = EAB309F9137AF3E00086DE6F /* tinyxmlparser.cpp */; };
		EAB30A00137AF3E00086DE6F /* ofxXmlSettings.cpp in Sources */ = {isa = PBXBuildFile; fileRef = EAB309FB137AF3E00086DE6F /* ofxXmlSettings.cpp */; };
		EAB30A41137AF3EB0086DE6F /* ofxMSAInteractiveObject.cpp in Sources */ = {isa = PBXBuildFile; fileRef = EAB30A0E137AF3EB0086DE6F /* ofxMSAInteractiveObject.cpp */; };
		EAB30A44137AF3EB0086DE6F /* ofxSimpleGuiButton.cpp in Sources */ = {isa = PBXBuildFile; fileRef = EAB30A1D137AF3EB0086DE6F /* ofxSimpleGuiButton.cpp */; };
		EAB30A45137AF3EB0086DE6F /* ofxSimpleGuiColorPicker.cpp in Sources */ = {isa = PBXBuildFile; fileRef = EAB30A1F137AF3EB0086DE6F /* ofxSimpleGuiColorPicker.cpp */; };
		EAB30A46137AF3EB0086DE6F /* ofxSimpleGuiComboBox.cpp in Sources */ = {isa = PBXBuildFile; fileRef = EAB30A21137AF3EB0086DE6F /* ofxSimpleGuiComboBox.cpp */; };
		EAB30A47137AF3EB0086DE6F /* ofxSimpleGuiContent.cpp in Sources */ = {isa = PBXBuildFile; fileRef = EAB30A23137AF3EB0086DE6F /* ofxSimpleGuiContent.cpp */; };
		EAB30A48137AF3EB0086DE6F /* ofxSimpleGuiFPSCounter.cpp in Sources */ = {isa = PBXBuildFile; fileRef = EAB30A25137AF3EB0086DE6F /* ofxSimpleGuiFPSCounter.cpp */; };
		EAB30A49137AF3EB0086DE6F /* ofxSimpleGuiMovieSlider.cpp in Sources */ = {isa = PBXBuildFile; fileRef = EAB30A27137AF3EB0086DE6F /* ofxSimpleGuiMovieSlider.cpp */; };
		EAB30A4A137AF3EB0086DE6F /* ofxSimpleGuiQuadWarp.cpp in Sources */ = {isa = PBXBuildFile; fileRef = EAB30A29137AF3EB0086DE6F /* ofxSimpleGuiQuadWarp.cpp */; };
		EAB30A4B137AF3EB0086DE6F /* ofxSimpleGuiSlider2d.cpp in Sources */ = {isa = PBXBuildFile; fileRef = EAB30A2B137AF3EB0086DE6F /* ofxSimpleGuiSlider2d.cpp */; };
		EAB30A4C137AF3EB0086DE6F /* ofxSimpleGuiTitle.cpp in Sources */ = {isa = PBXBuildFile; fileRef = EAB30A30137AF3EB0086DE6F /* ofxSimpleGuiTitle.cpp */; };
		EAB30A4D137AF3EB0086DE6F /* ofxSimpleGuiToggle.cpp in Sources */ = {isa = PBXBuildFile; fileRef = EAB30A32137AF3EB0086DE6F /* ofxSimpleGuiToggle.cpp */; };
		EAB30A4E137AF3EB0086DE6F /* ofxSimpleGuiConfig.cpp in Sources */ = {isa = PBXBuildFile; fileRef = EAB30A34137AF3EB0086DE6F /* ofxSimpleGuiConfig.cpp */; };
		EAB30A4F137AF3EB0086DE6F /* ofxSimpleGuiControl.cpp in Sources */ = {isa = PBXBuildFile; fileRef = EAB30A36137AF3EB0086DE6F /* ofxSimpleGuiControl.cpp */; };
		EAB30A50137AF3EB0086DE6F /* ofxSimpleGuiPage.cpp in Sources */ = {isa = PBXBuildFile; fileRef = EAB30A39137AF3EB0086DE6F /* ofxSimpleGuiPage.cpp */; };
		EAB30A51137AF3EB0086DE6F /* ofxSimpleGuiToo.cpp in Sources */ = {isa = PBXBuildFile; fileRef = EAB30A3B137AF3EB0086DE6F /* ofxSimpleGuiToo.cpp */; };
		EAB30A52137AF3EB0086DE6F /* ofxSimpleGuiValueControl.cpp in Sources */ = {isa = PBXBuildFile; fileRef = EAB30A3D137AF3EB0086DE6F /* ofxSimpleGuiValueControl.cpp */; };
		EAD4931113A8B48D00D312FE /* MagicShapes.cpp in Sources */ = {isa = PBXBuildFile; fileRef = EAD492F513A8B48D00D312FE /* MagicShapes.cpp */; };
		EAD4931213A8B48D00D312FE /* ColorPicker.cpp in Sources */ = {isa = PBXBuildFile; fileRef = EAD492FA13A8B48D00D312FE /* ColorPicker.cpp */; };
		EAD4931313A8B48D00D312FE /* ImageCache.cpp in Sources */ = {isa = PBXBuildFile; fileRef = EAD4930213A8B48D00D312FE /* ImageCache.cpp */; };
		EAD4931413A8B48D00D312FE /* Properties.cpp in Sources */ = {isa = PBXBuildFile; fileRef = EAD4930413A8B48D00D312FE /* Properties.cpp */; };
		EAD4931513A8B48D00D312FE /* Settings.mm in Sources */ = {isa = PBXBuildFile; fileRef = EAD4930713A8B48D00D312FE /* Settings.mm */; };
		EAD4931613A8B48D00D312FE /* util.cpp in Sources */ = {isa = PBXBuildFile; fileRef = EAD4930813A8B48D00D312FE /* util.cpp */; };
		EAD4931713A8B48D00D312FE /* KinectOrCamera.cpp in Sources */ = {isa = PBXBuildFile; fileRef = EAD4930B13A8B48D00D312FE /* KinectOrCamera.cpp */; };
		EAD4931B13A8B4E100D312FE /* ReactickleApp.mm in Sources */ = {isa = PBXBuildFile; fileRef = EAD4931A13A8B4E100D312FE /* ReactickleApp.mm */; };
		EAD4938213A8B66800D312FE /* main.mm in Sources */ = {isa = PBXBuildFile; fileRef = EAD4938113A8B66800D312FE /* main.mm */; };
		EAD4946D13A8BA9A00D312FE /* cameras.c in Sources */ = {isa = PBXBuildFile; fileRef = EAD4945213A8BA9A00D312FE /* cameras.c */; };
		EAD4946E13A8BA9A00D312FE /* core.c in Sources */ = {isa = PBXBuildFile; fileRef = EAD4945313A8BA9A00D312FE /* core.c */; };
		EAD4946F13A8BA9A00D312FE /* tilt.c in Sources */ = {isa = PBXBuildFile; fileRef = EAD4945813A8BA9A00D312FE /* tilt.c */; };
		EAD4947013A8BA9A00D312FE /* usb_libusb10.c in Sources */ = {isa = PBXBuildFile; fileRef = EAD4945913A8BA9A00D312FE /* usb_libusb10.c */; };
		EAD4947113A8BA9A00D312FE /* usb-1.0.a in Frameworks */ = {isa = PBXBuildFile; fileRef = EAD4946113A8BA9A00D312FE /* usb-1.0.a */; };
		EAD4947213A8BA9A00D312FE /* ofxKinect.cpp in Sources */ = {isa = PBXBuildFile; fileRef = EAD4946513A8BA9A00D312FE /* ofxKinect.cpp */; };
		EAD4947313A8BA9A00D312FE /* ofxKinectCalibration.cpp in Sources */ = {isa = PBXBuildFile; fileRef = EAD4946713A8BA9A00D312FE /* ofxKinectCalibration.cpp */; };
		EAD4947413A8BA9A00D312FE /* ofxKinectPlayer.cpp in Sources */ = {isa = PBXBuildFile; fileRef = EAD4946913A8BA9A00D312FE /* ofxKinectPlayer.cpp */; };
		EAD4947513A8BA9A00D312FE /* ofxKinectRecorder.cpp in Sources */ = {isa = PBXBuildFile; fileRef = EAD4946B13A8BA9A00D312FE /* ofxKinectRecorder.cpp */; };
		EAD4956513A8C5A300D312FE /* ReactickleButton.cpp in Sources */ = {isa = PBXBuildFile; fileRef = EAD4956313A8C5A300D312FE /* ReactickleButton.cpp */; };
		EAD4960913A8CD5C00D312FE /* Windmills.cpp in Sources */ = {isa = PBXBuildFile; fileRef = EAD4960013A8CD5C00D312FE /* Windmills.cpp */; };
		EAD4962B13A8CEF400D312FE /* ofxMultiTouchPad.cpp in Sources */ = {isa = PBXBuildFile; fileRef = EAD4962913A8CEF400D312FE /* ofxMultiTouchPad.cpp */; };
		EAD4962D13A8CF2B00D312FE /* MultitouchSupport.framework in Frameworks */ = {isa = PBXBuildFile; fileRef = EAD4962C13A8CF2B00D312FE /* MultitouchSupport.framework */; };
		EAD4968F13A8D2B600D312FE /* Corridors.cpp in Sources */ = {isa = PBXBuildFile; fileRef = EAD4968613A8D2B600D312FE /* Corridors.cpp */; };
		EAD4969113A8D2B600D312FE /* Silhouette.cpp in Sources */ = {isa = PBXBuildFile; fileRef = EAD4968A13A8D2B600D312FE /* Silhouette.cpp */; };
		EAD4969213A8D2B600D312FE /* Silhouettes.cpp in Sources */ = {isa = PBXBuildFile; fileRef = EAD4968C13A8D2B600D312FE /* Silhouettes.cpp */; };
/* End PBXBuildFile section */

/* Begin PBXContainerItemProxy section */
		E4C2421D10CC549C004149E2 /* PBXContainerItemProxy */ = {
			isa = PBXContainerItemProxy;
			containerPortal = E4C2421610CC549C004149E2 /* openFrameworksLib.xcodeproj */;
			proxyType = 2;
			remoteGlobalIDString = E4B27C1510CBEB8E00536013;
			remoteInfo = openFrameworks;
		};
		E4C2422710CC54DA004149E2 /* PBXContainerItemProxy */ = {
			isa = PBXContainerItemProxy;
			containerPortal = E4C2421610CC549C004149E2 /* openFrameworksLib.xcodeproj */;
			proxyType = 1;
			remoteGlobalIDString = E4B27C1410CBEB8E00536013;
			remoteInfo = openFrameworks;
		};
/* End PBXContainerItemProxy section */

/* Begin PBXCopyFilesBuildPhase section */
		E4C2427710CC5ABF004149E2 /* CopyFiles */ = {
			isa = PBXCopyFilesBuildPhase;
			buildActionMask = 2147483647;
			dstPath = "";
			dstSubfolderSpec = 10;
			files = (
				E4C2426B10CC5AA6004149E2 /* GLUT.framework in CopyFiles */,
			);
			runOnlyForDeploymentPostprocessing = 0;
		};
/* End PBXCopyFilesBuildPhase section */

/* Begin PBXFileReference section */
		E45BE9710E8CC7DD009D7055 /* AGL.framework */ = {isa = PBXFileReference; lastKnownFileType = wrapper.framework; name = AGL.framework; path = /System/Library/Frameworks/AGL.framework; sourceTree = "<absolute>"; };
		E45BE9720E8CC7DD009D7055 /* ApplicationServices.framework */ = {isa = PBXFileReference; lastKnownFileType = wrapper.framework; name = ApplicationServices.framework; path = /System/Library/Frameworks/ApplicationServices.framework; sourceTree = "<absolute>"; };
		E45BE9730E8CC7DD009D7055 /* AudioToolbox.framework */ = {isa = PBXFileReference; lastKnownFileType = wrapper.framework; name = AudioToolbox.framework; path = /System/Library/Frameworks/AudioToolbox.framework; sourceTree = "<absolute>"; };
		E45BE9740E8CC7DD009D7055 /* Carbon.framework */ = {isa = PBXFileReference; lastKnownFileType = wrapper.framework; name = Carbon.framework; path = /System/Library/Frameworks/Carbon.framework; sourceTree = "<absolute>"; };
		E45BE9750E8CC7DD009D7055 /* CoreAudio.framework */ = {isa = PBXFileReference; lastKnownFileType = wrapper.framework; name = CoreAudio.framework; path = /System/Library/Frameworks/CoreAudio.framework; sourceTree = "<absolute>"; };
		E45BE9760E8CC7DD009D7055 /* CoreFoundation.framework */ = {isa = PBXFileReference; lastKnownFileType = wrapper.framework; name = CoreFoundation.framework; path = /System/Library/Frameworks/CoreFoundation.framework; sourceTree = "<absolute>"; };
		E45BE9770E8CC7DD009D7055 /* CoreServices.framework */ = {isa = PBXFileReference; lastKnownFileType = wrapper.framework; name = CoreServices.framework; path = /System/Library/Frameworks/CoreServices.framework; sourceTree = "<absolute>"; };
		E45BE9790E8CC7DD009D7055 /* OpenGL.framework */ = {isa = PBXFileReference; lastKnownFileType = wrapper.framework; name = OpenGL.framework; path = /System/Library/Frameworks/OpenGL.framework; sourceTree = "<absolute>"; };
		E45BE97A0E8CC7DD009D7055 /* QuickTime.framework */ = {isa = PBXFileReference; lastKnownFileType = wrapper.framework; name = QuickTime.framework; path = /System/Library/Frameworks/QuickTime.framework; sourceTree = "<absolute>"; };
		E4B69B5B0A3A1756003C02F2 /* emptyExampleDebug.app */ = {isa = PBXFileReference; explicitFileType = wrapper.application; includeInIndex = 0; path = emptyExampleDebug.app; sourceTree = BUILT_PRODUCTS_DIR; };
		E4B6FCAD0C3E899E008CF71C /* openFrameworks-Info.plist */ = {isa = PBXFileReference; fileEncoding = 30; lastKnownFileType = text.plist.xml; path = "openFrameworks-Info.plist"; sourceTree = "<group>"; };
		E4C2421610CC549C004149E2 /* openFrameworksLib.xcodeproj */ = {isa = PBXFileReference; lastKnownFileType = "wrapper.pb-project"; name = openFrameworksLib.xcodeproj; path = ../../../libs/openFrameworksCompiled/project/osx/openFrameworksLib.xcodeproj; sourceTree = SOURCE_ROOT; };
		E4C2424410CC5A17004149E2 /* AppKit.framework */ = {isa = PBXFileReference; lastKnownFileType = wrapper.framework; name = AppKit.framework; path = /System/Library/Frameworks/AppKit.framework; sourceTree = "<absolute>"; };
		E4C2424510CC5A17004149E2 /* Cocoa.framework */ = {isa = PBXFileReference; lastKnownFileType = wrapper.framework; name = Cocoa.framework; path = /System/Library/Frameworks/Cocoa.framework; sourceTree = "<absolute>"; };
		E4C2424610CC5A17004149E2 /* IOKit.framework */ = {isa = PBXFileReference; lastKnownFileType = wrapper.framework; name = IOKit.framework; path = /System/Library/Frameworks/IOKit.framework; sourceTree = "<absolute>"; };
		E4C2425F10CC5A78004149E2 /* GLUT.framework */ = {isa = PBXFileReference; lastKnownFileType = wrapper.framework; name = GLUT.framework; path = ../../../libs/glut/lib/osx/GLUT.framework; sourceTree = SOURCE_ROOT; };
		EA23EDD2139D13AE0071404C /* Apps.mm */ = {isa = PBXFileReference; fileEncoding = 4; lastKnownFileType = sourcecode.cpp.objcpp; path = Apps.mm; sourceTree = "<group>"; };
		EA23EDD5139D13AE0071404C /* testApp.h */ = {isa = PBXFileReference; fileEncoding = 4; lastKnownFileType = sourcecode.c.h; path = testApp.h; sourceTree = "<group>"; };
		EA23EDD6139D13AE0071404C /* testApp.mm */ = {isa = PBXFileReference; fileEncoding = 4; lastKnownFileType = sourcecode.cpp.objcpp; path = testApp.mm; sourceTree = "<group>"; };
		EA23EDDB139D13AE0071404C /* ScrollView.h */ = {isa = PBXFileReference; fileEncoding = 4; lastKnownFileType = sourcecode.c.h; path = ScrollView.h; sourceTree = "<group>"; };
		EA23EDDE139D13AE0071404C /* AboutPage.h */ = {isa = PBXFileReference; fileEncoding = 4; lastKnownFileType = sourcecode.c.h; path = AboutPage.h; sourceTree = "<group>"; };
		EA23EDDF139D13AE0071404C /* AboutPage.mm */ = {isa = PBXFileReference; fileEncoding = 4; lastKnownFileType = sourcecode.cpp.objcpp; path = AboutPage.mm; sourceTree = "<group>"; };
		EA23EDE0139D13AE0071404C /* MainMenu.h */ = {isa = PBXFileReference; fileEncoding = 4; lastKnownFileType = sourcecode.c.h; path = MainMenu.h; sourceTree = "<group>"; };
		EA23EDE1139D13AE0071404C /* MainMenu.mm */ = {isa = PBXFileReference; fileEncoding = 4; lastKnownFileType = sourcecode.cpp.objcpp; path = MainMenu.mm; sourceTree = "<group>"; };
		EA23EDE3139D13AE0071404C /* BrightnessSlider.h */ = {isa = PBXFileReference; fileEncoding = 4; lastKnownFileType = sourcecode.c.h; path = BrightnessSlider.h; sourceTree = "<group>"; };
		EA23EDE4139D13AE0071404C /* SettingsPage.h */ = {isa = PBXFileReference; fileEncoding = 4; lastKnownFileType = sourcecode.c.h; path = SettingsPage.h; sourceTree = "<group>"; };
		EA23EDE5139D13AE0071404C /* SettingsPage.mm */ = {isa = PBXFileReference; fileEncoding = 4; lastKnownFileType = sourcecode.cpp.objcpp; path = SettingsPage.mm; sourceTree = "<group>"; };
		EA23EE6D139D1CBE0071404C /* ofxCvKalman.cpp */ = {isa = PBXFileReference; fileEncoding = 4; lastKnownFileType = sourcecode.cpp.cpp; path = ofxCvKalman.cpp; sourceTree = "<group>"; };
		EA23EE6E139D1CBE0071404C /* ofxCvKalman.h */ = {isa = PBXFileReference; fileEncoding = 4; lastKnownFileType = sourcecode.c.h; path = ofxCvKalman.h; sourceTree = "<group>"; };
		EAB309F4137AF3E00086DE6F /* install.xml */ = {isa = PBXFileReference; fileEncoding = 4; lastKnownFileType = text.xml; path = install.xml; sourceTree = "<group>"; };
		EAB309F6137AF3E00086DE6F /* tinyxml.cpp */ = {isa = PBXFileReference; fileEncoding = 4; lastKnownFileType = sourcecode.cpp.cpp; path = tinyxml.cpp; sourceTree = "<group>"; };
		EAB309F7137AF3E00086DE6F /* tinyxml.h */ = {isa = PBXFileReference; fileEncoding = 4; lastKnownFileType = sourcecode.c.h; path = tinyxml.h; sourceTree = "<group>"; };
		EAB309F8137AF3E00086DE6F /* tinyxmlerror.cpp */ = {isa = PBXFileReference; fileEncoding = 4; lastKnownFileType = sourcecode.cpp.cpp; path = tinyxmlerror.cpp; sourceTree = "<group>"; };
		EAB309F9137AF3E00086DE6F /* tinyxmlparser.cpp */ = {isa = PBXFileReference; fileEncoding = 4; lastKnownFileType = sourcecode.cpp.cpp; path = tinyxmlparser.cpp; sourceTree = "<group>"; };
		EAB309FB137AF3E00086DE6F /* ofxXmlSettings.cpp */ = {isa = PBXFileReference; fileEncoding = 4; lastKnownFileType = sourcecode.cpp.cpp; path = ofxXmlSettings.cpp; sourceTree = "<group>"; };
		EAB309FC137AF3E00086DE6F /* ofxXmlSettings.h */ = {isa = PBXFileReference; fileEncoding = 4; lastKnownFileType = sourcecode.c.h; path = ofxXmlSettings.h; sourceTree = "<group>"; };
		EAB30A02137AF3EB0086DE6F /* changelog.txt */ = {isa = PBXFileReference; fileEncoding = 4; lastKnownFileType = text; path = changelog.txt; sourceTree = "<group>"; };
		EAB30A0B137AF3EB0086DE6F /* install.xml */ = {isa = PBXFileReference; fileEncoding = 4; lastKnownFileType = text.xml; path = install.xml; sourceTree = "<group>"; };
		EAB30A0C137AF3EB0086DE6F /* LICENSE.txt */ = {isa = PBXFileReference; fileEncoding = 4; lastKnownFileType = text; path = LICENSE.txt; sourceTree = "<group>"; };
		EAB30A0E137AF3EB0086DE6F /* ofxMSAInteractiveObject.cpp */ = {isa = PBXFileReference; fileEncoding = 4; lastKnownFileType = sourcecode.cpp.cpp; path = ofxMSAInteractiveObject.cpp; sourceTree = "<group>"; };
		EAB30A0F137AF3EB0086DE6F /* ofxMSAInteractiveObject.h */ = {isa = PBXFileReference; fileEncoding = 4; lastKnownFileType = sourcecode.c.h; path = ofxMSAInteractiveObject.h; sourceTree = "<group>"; };
		EAB30A11137AF3EB0086DE6F /* changelog.txt */ = {isa = PBXFileReference; fileEncoding = 4; lastKnownFileType = text; path = changelog.txt; sourceTree = "<group>"; };
		EAB30A19137AF3EB0086DE6F /* install.xml */ = {isa = PBXFileReference; fileEncoding = 4; lastKnownFileType = text.xml; path = install.xml; sourceTree = "<group>"; };
		EAB30A1A137AF3EB0086DE6F /* LICENSE.txt */ = {isa = PBXFileReference; fileEncoding = 4; lastKnownFileType = text; path = LICENSE.txt; sourceTree = "<group>"; };
		EAB30A1D137AF3EB0086DE6F /* ofxSimpleGuiButton.cpp */ = {isa = PBXFileReference; fileEncoding = 4; lastKnownFileType = sourcecode.cpp.cpp; path = ofxSimpleGuiButton.cpp; sourceTree = "<group>"; };
		EAB30A1E137AF3EB0086DE6F /* ofxSimpleGuiButton.h */ = {isa = PBXFileReference; fileEncoding = 4; lastKnownFileType = sourcecode.c.h; path = ofxSimpleGuiButton.h; sourceTree = "<group>"; };
		EAB30A1F137AF3EB0086DE6F /* ofxSimpleGuiColorPicker.cpp */ = {isa = PBXFileReference; fileEncoding = 4; lastKnownFileType = sourcecode.cpp.cpp; path = ofxSimpleGuiColorPicker.cpp; sourceTree = "<group>"; };
		EAB30A20137AF3EB0086DE6F /* ofxSimpleGuiColorPicker.h */ = {isa = PBXFileReference; fileEncoding = 4; lastKnownFileType = sourcecode.c.h; path = ofxSimpleGuiColorPicker.h; sourceTree = "<group>"; };
		EAB30A21137AF3EB0086DE6F /* ofxSimpleGuiComboBox.cpp */ = {isa = PBXFileReference; fileEncoding = 4; lastKnownFileType = sourcecode.cpp.cpp; path = ofxSimpleGuiComboBox.cpp; sourceTree = "<group>"; };
		EAB30A22137AF3EB0086DE6F /* ofxSimpleGuiComboBox.h */ = {isa = PBXFileReference; fileEncoding = 4; lastKnownFileType = sourcecode.c.h; path = ofxSimpleGuiComboBox.h; sourceTree = "<group>"; };
		EAB30A23137AF3EB0086DE6F /* ofxSimpleGuiContent.cpp */ = {isa = PBXFileReference; fileEncoding = 4; lastKnownFileType = sourcecode.cpp.cpp; path = ofxSimpleGuiContent.cpp; sourceTree = "<group>"; };
		EAB30A24137AF3EB0086DE6F /* ofxSimpleGuiContent.h */ = {isa = PBXFileReference; fileEncoding = 4; lastKnownFileType = sourcecode.c.h; path = ofxSimpleGuiContent.h; sourceTree = "<group>"; };
		EAB30A25137AF3EB0086DE6F /* ofxSimpleGuiFPSCounter.cpp */ = {isa = PBXFileReference; fileEncoding = 4; lastKnownFileType = sourcecode.cpp.cpp; path = ofxSimpleGuiFPSCounter.cpp; sourceTree = "<group>"; };
		EAB30A26137AF3EB0086DE6F /* ofxSimpleGuiFPSCounter.h */ = {isa = PBXFileReference; fileEncoding = 4; lastKnownFileType = sourcecode.c.h; path = ofxSimpleGuiFPSCounter.h; sourceTree = "<group>"; };
		EAB30A27137AF3EB0086DE6F /* ofxSimpleGuiMovieSlider.cpp */ = {isa = PBXFileReference; fileEncoding = 4; lastKnownFileType = sourcecode.cpp.cpp; path = ofxSimpleGuiMovieSlider.cpp; sourceTree = "<group>"; };
		EAB30A28137AF3EB0086DE6F /* ofxSimpleGuiMovieSlider.h */ = {isa = PBXFileReference; fileEncoding = 4; lastKnownFileType = sourcecode.c.h; path = ofxSimpleGuiMovieSlider.h; sourceTree = "<group>"; };
		EAB30A29137AF3EB0086DE6F /* ofxSimpleGuiQuadWarp.cpp */ = {isa = PBXFileReference; fileEncoding = 4; lastKnownFileType = sourcecode.cpp.cpp; path = ofxSimpleGuiQuadWarp.cpp; sourceTree = "<group>"; };
		EAB30A2A137AF3EB0086DE6F /* ofxSimpleGuiQuadWarp.h */ = {isa = PBXFileReference; fileEncoding = 4; lastKnownFileType = sourcecode.c.h; path = ofxSimpleGuiQuadWarp.h; sourceTree = "<group>"; };
		EAB30A2B137AF3EB0086DE6F /* ofxSimpleGuiSlider2d.cpp */ = {isa = PBXFileReference; fileEncoding = 4; lastKnownFileType = sourcecode.cpp.cpp; path = ofxSimpleGuiSlider2d.cpp; sourceTree = "<group>"; };
		EAB30A2C137AF3EB0086DE6F /* ofxSimpleGuiSlider2d.h */ = {isa = PBXFileReference; fileEncoding = 4; lastKnownFileType = sourcecode.c.h; path = ofxSimpleGuiSlider2d.h; sourceTree = "<group>"; };
		EAB30A2D137AF3EB0086DE6F /* ofxSimpleGuiSliderBase.h */ = {isa = PBXFileReference; fileEncoding = 4; lastKnownFileType = sourcecode.c.h; path = ofxSimpleGuiSliderBase.h; sourceTree = "<group>"; };
		EAB30A2E137AF3EB0086DE6F /* ofxSimpleGuiSliderFloat.h */ = {isa = PBXFileReference; fileEncoding = 4; lastKnownFileType = sourcecode.c.h; path = ofxSimpleGuiSliderFloat.h; sourceTree = "<group>"; };
		EAB30A2F137AF3EB0086DE6F /* ofxSimpleGuiSliderInt.h */ = {isa = PBXFileReference; fileEncoding = 4; lastKnownFileType = sourcecode.c.h; path = ofxSimpleGuiSliderInt.h; sourceTree = "<group>"; };
		EAB30A30137AF3EB0086DE6F /* ofxSimpleGuiTitle.cpp */ = {isa = PBXFileReference; fileEncoding = 4; lastKnownFileType = sourcecode.cpp.cpp; path = ofxSimpleGuiTitle.cpp; sourceTree = "<group>"; };
		EAB30A31137AF3EB0086DE6F /* ofxSimpleGuiTitle.h */ = {isa = PBXFileReference; fileEncoding = 4; lastKnownFileType = sourcecode.c.h; path = ofxSimpleGuiTitle.h; sourceTree = "<group>"; };
		EAB30A32137AF3EB0086DE6F /* ofxSimpleGuiToggle.cpp */ = {isa = PBXFileReference; fileEncoding = 4; lastKnownFileType = sourcecode.cpp.cpp; path = ofxSimpleGuiToggle.cpp; sourceTree = "<group>"; };
		EAB30A33137AF3EB0086DE6F /* ofxSimpleGuiToggle.h */ = {isa = PBXFileReference; fileEncoding = 4; lastKnownFileType = sourcecode.c.h; path = ofxSimpleGuiToggle.h; sourceTree = "<group>"; };
		EAB30A34137AF3EB0086DE6F /* ofxSimpleGuiConfig.cpp */ = {isa = PBXFileReference; fileEncoding = 4; lastKnownFileType = sourcecode.cpp.cpp; path = ofxSimpleGuiConfig.cpp; sourceTree = "<group>"; };
		EAB30A35137AF3EB0086DE6F /* ofxSimpleGuiConfig.h */ = {isa = PBXFileReference; fileEncoding = 4; lastKnownFileType = sourcecode.c.h; path = ofxSimpleGuiConfig.h; sourceTree = "<group>"; };
		EAB30A36137AF3EB0086DE6F /* ofxSimpleGuiControl.cpp */ = {isa = PBXFileReference; fileEncoding = 4; lastKnownFileType = sourcecode.cpp.cpp; path = ofxSimpleGuiControl.cpp; sourceTree = "<group>"; };
		EAB30A37137AF3EB0086DE6F /* ofxSimpleGuiControl.h */ = {isa = PBXFileReference; fileEncoding = 4; lastKnownFileType = sourcecode.c.h; path = ofxSimpleGuiControl.h; sourceTree = "<group>"; };
		EAB30A38137AF3EB0086DE6F /* ofxSimpleGuiIncludes.h */ = {isa = PBXFileReference; fileEncoding = 4; lastKnownFileType = sourcecode.c.h; path = ofxSimpleGuiIncludes.h; sourceTree = "<group>"; };
		EAB30A39137AF3EB0086DE6F /* ofxSimpleGuiPage.cpp */ = {isa = PBXFileReference; fileEncoding = 4; lastKnownFileType = sourcecode.cpp.cpp; path = ofxSimpleGuiPage.cpp; sourceTree = "<group>"; };
		EAB30A3A137AF3EB0086DE6F /* ofxSimpleGuiPage.h */ = {isa = PBXFileReference; fileEncoding = 4; lastKnownFileType = sourcecode.c.h; path = ofxSimpleGuiPage.h; sourceTree = "<group>"; };
		EAB30A3B137AF3EB0086DE6F /* ofxSimpleGuiToo.cpp */ = {isa = PBXFileReference; fileEncoding = 4; lastKnownFileType = sourcecode.cpp.cpp; path = ofxSimpleGuiToo.cpp; sourceTree = "<group>"; };
		EAB30A3C137AF3EB0086DE6F /* ofxSimpleGuiToo.h */ = {isa = PBXFileReference; fileEncoding = 4; lastKnownFileType = sourcecode.c.h; path = ofxSimpleGuiToo.h; sourceTree = "<group>"; };
		EAB30A3D137AF3EB0086DE6F /* ofxSimpleGuiValueControl.cpp */ = {isa = PBXFileReference; fileEncoding = 4; lastKnownFileType = sourcecode.cpp.cpp; path = ofxSimpleGuiValueControl.cpp; sourceTree = "<group>"; };
		EAB30A3E137AF3EB0086DE6F /* ofxSimpleGuiValueControl.h */ = {isa = PBXFileReference; fileEncoding = 4; lastKnownFileType = sourcecode.c.h; path = ofxSimpleGuiValueControl.h; sourceTree = "<group>"; };
		EAD492F213A8B48D00D312FE /* Reactickle.h */ = {isa = PBXFileReference; fileEncoding = 4; lastKnownFileType = sourcecode.c.h; path = Reactickle.h; sourceTree = "<group>"; };
		EAD492F413A8B48D00D312FE /* GlowingBorder.h */ = {isa = PBXFileReference; fileEncoding = 4; lastKnownFileType = sourcecode.c.h; path = GlowingBorder.h; sourceTree = "<group>"; };
		EAD492F513A8B48D00D312FE /* MagicShapes.cpp */ = {isa = PBXFileReference; fileEncoding = 4; lastKnownFileType = sourcecode.cpp.cpp; path = MagicShapes.cpp; sourceTree = "<group>"; };
		EAD492F613A8B48D00D312FE /* MagicShapes.h */ = {isa = PBXFileReference; fileEncoding = 4; lastKnownFileType = sourcecode.c.h; path = MagicShapes.h; sourceTree = "<group>"; };
		EAD492F713A8B48D00D312FE /* msaColor.h */ = {isa = PBXFileReference; fileEncoding = 4; lastKnownFileType = sourcecode.c.h; path = msaColor.h; sourceTree = "<group>"; };
		EAD492F913A8B48D00D312FE /* ColorCube.h */ = {isa = PBXFileReference; fileEncoding = 4; lastKnownFileType = sourcecode.c.h; path = ColorCube.h; sourceTree = "<group>"; };
		EAD492FA13A8B48D00D312FE /* ColorPicker.cpp */ = {isa = PBXFileReference; fileEncoding = 4; lastKnownFileType = sourcecode.cpp.cpp; path = ColorPicker.cpp; sourceTree = "<group>"; };
		EAD492FB13A8B48D00D312FE /* ColorPicker.h */ = {isa = PBXFileReference; fileEncoding = 4; lastKnownFileType = sourcecode.c.h; path = ColorPicker.h; sourceTree = "<group>"; };
		EAD492FC13A8B48D00D312FE /* Container.h */ = {isa = PBXFileReference; fileEncoding = 4; lastKnownFileType = sourcecode.c.h; path = Container.h; sourceTree = "<group>"; };
		EAD492FD13A8B48D00D312FE /* HoldButton.h */ = {isa = PBXFileReference; fileEncoding = 4; lastKnownFileType = sourcecode.c.h; path = HoldButton.h; sourceTree = "<group>"; };
		EAD492FE13A8B48D00D312FE /* ImageObject.h */ = {isa = PBXFileReference; fileEncoding = 4; lastKnownFileType = sourcecode.c.h; path = ImageObject.h; sourceTree = "<group>"; };
		EAD492FF13A8B48D00D312FE /* InteractiveObject.h */ = {isa = PBXFileReference; fileEncoding = 4; lastKnownFileType = sourcecode.c.h; path = InteractiveObject.h; sourceTree = "<group>"; };
		EAD4930013A8B48D00D312FE /* SimpleButton.h */ = {isa = PBXFileReference; fileEncoding = 4; lastKnownFileType = sourcecode.c.h; path = SimpleButton.h; sourceTree = "<group>"; };
		EAD4930213A8B48D00D312FE /* ImageCache.cpp */ = {isa = PBXFileReference; fileEncoding = 4; lastKnownFileType = sourcecode.cpp.cpp; path = ImageCache.cpp; sourceTree = "<group>"; };
		EAD4930313A8B48D00D312FE /* ImageCache.h */ = {isa = PBXFileReference; fileEncoding = 4; lastKnownFileType = sourcecode.c.h; path = ImageCache.h; sourceTree = "<group>"; };
		EAD4930413A8B48D00D312FE /* Properties.cpp */ = {isa = PBXFileReference; fileEncoding = 4; lastKnownFileType = sourcecode.cpp.cpp; path = Properties.cpp; sourceTree = "<group>"; };
		EAD4930513A8B48D00D312FE /* Properties.h */ = {isa = PBXFileReference; fileEncoding = 4; lastKnownFileType = sourcecode.c.h; path = Properties.h; sourceTree = "<group>"; };
		EAD4930613A8B48D00D312FE /* Settings.h */ = {isa = PBXFileReference; fileEncoding = 4; lastKnownFileType = sourcecode.c.h; path = Settings.h; sourceTree = "<group>"; };
		EAD4930713A8B48D00D312FE /* Settings.mm */ = {isa = PBXFileReference; fileEncoding = 4; lastKnownFileType = sourcecode.cpp.objcpp; path = Settings.mm; sourceTree = "<group>"; };
		EAD4930813A8B48D00D312FE /* util.cpp */ = {isa = PBXFileReference; fileEncoding = 4; lastKnownFileType = sourcecode.cpp.cpp; path = util.cpp; sourceTree = "<group>"; };
		EAD4930913A8B48D00D312FE /* util.h */ = {isa = PBXFileReference; fileEncoding = 4; lastKnownFileType = sourcecode.c.h; path = util.h; sourceTree = "<group>"; };
		EAD4930B13A8B48D00D312FE /* KinectOrCamera.cpp */ = {isa = PBXFileReference; fileEncoding = 4; lastKnownFileType = sourcecode.cpp.cpp; path = KinectOrCamera.cpp; sourceTree = "<group>"; };
		EAD4930C13A8B48D00D312FE /* KinectOrCamera.h */ = {isa = PBXFileReference; fileEncoding = 4; lastKnownFileType = sourcecode.c.h; path = KinectOrCamera.h; sourceTree = "<group>"; };
		EAD4931913A8B4E100D312FE /* ReactickleApp.h */ = {isa = PBXFileReference; fileEncoding = 4; lastKnownFileType = sourcecode.c.h; path = ReactickleApp.h; sourceTree = "<group>"; };
		EAD4931A13A8B4E100D312FE /* ReactickleApp.mm */ = {isa = PBXFileReference; fileEncoding = 4; lastKnownFileType = sourcecode.cpp.objcpp; path = ReactickleApp.mm; sourceTree = "<group>"; };
		EAD4938113A8B66800D312FE /* main.mm */ = {isa = PBXFileReference; fileEncoding = 4; lastKnownFileType = sourcecode.cpp.objcpp; path = main.mm; sourceTree = "<group>"; };
		EAD4938313A8B67700D312FE /* constants.h */ = {isa = PBXFileReference; fileEncoding = 4; lastKnownFileType = sourcecode.c.h; path = constants.h; sourceTree = "<group>"; };
		EAD4944F13A8BA9A00D312FE /* .gitignore */ = {isa = PBXFileReference; fileEncoding = 4; lastKnownFileType = text; path = .gitignore; sourceTree = "<group>"; };
		EAD4945213A8BA9A00D312FE /* cameras.c */ = {isa = PBXFileReference; fileEncoding = 4; lastKnownFileType = sourcecode.c.c; path = cameras.c; sourceTree = "<group>"; };
		EAD4945313A8BA9A00D312FE /* core.c */ = {isa = PBXFileReference; fileEncoding = 4; lastKnownFileType = sourcecode.c.c; path = core.c; sourceTree = "<group>"; };
		EAD4945413A8BA9A00D312FE /* freenect_internal.h */ = {isa = PBXFileReference; fileEncoding = 4; lastKnownFileType = sourcecode.c.h; path = freenect_internal.h; sourceTree = "<group>"; };
		EAD4945513A8BA9A00D312FE /* libfreenect.h */ = {isa = PBXFileReference; fileEncoding = 4; lastKnownFileType = sourcecode.c.h; path = libfreenect.h; sourceTree = "<group>"; };
		EAD4945613A8BA9A00D312FE /* libfreenect.hpp */ = {isa = PBXFileReference; fileEncoding = 4; lastKnownFileType = sourcecode.cpp.h; path = libfreenect.hpp; sourceTree = "<group>"; };
		EAD4945713A8BA9A00D312FE /* libfreenect.pc.in */ = {isa = PBXFileReference; fileEncoding = 4; lastKnownFileType = text; path = libfreenect.pc.in; sourceTree = "<group>"; };
		EAD4945813A8BA9A00D312FE /* tilt.c */ = {isa = PBXFileReference; fileEncoding = 4; lastKnownFileType = sourcecode.c.c; path = tilt.c; sourceTree = "<group>"; };
		EAD4945913A8BA9A00D312FE /* usb_libusb10.c */ = {isa = PBXFileReference; fileEncoding = 4; lastKnownFileType = sourcecode.c.c; path = usb_libusb10.c; sourceTree = "<group>"; };
		EAD4945A13A8BA9A00D312FE /* usb_libusb10.h */ = {isa = PBXFileReference; fileEncoding = 4; lastKnownFileType = sourcecode.c.h; path = usb_libusb10.h; sourceTree = "<group>"; };
		EAD4945F13A8BA9A00D312FE /* libusb.h */ = {isa = PBXFileReference; fileEncoding = 4; lastKnownFileType = sourcecode.c.h; path = libusb.h; sourceTree = "<group>"; };
		EAD4946113A8BA9A00D312FE /* usb-1.0.a */ = {isa = PBXFileReference; lastKnownFileType = archive.ar; path = "usb-1.0.a"; sourceTree = "<group>"; };
		EAD4946213A8BA9A00D312FE /* README.markdown */ = {isa = PBXFileReference; fileEncoding = 4; lastKnownFileType = text; path = README.markdown; sourceTree = "<group>"; };
		EAD4946413A8BA9A00D312FE /* ofxBase3DVideo.h */ = {isa = PBXFileReference; fileEncoding = 4; lastKnownFileType = sourcecode.c.h; path = ofxBase3DVideo.h; sourceTree = "<group>"; };
		EAD4946513A8BA9A00D312FE /* ofxKinect.cpp */ = {isa = PBXFileReference; fileEncoding = 4; lastKnownFileType = sourcecode.cpp.cpp; path = ofxKinect.cpp; sourceTree = "<group>"; };
		EAD4946613A8BA9A00D312FE /* ofxKinect.h */ = {isa = PBXFileReference; fileEncoding = 4; lastKnownFileType = sourcecode.c.h; path = ofxKinect.h; sourceTree = "<group>"; };
		EAD4946713A8BA9A00D312FE /* ofxKinectCalibration.cpp */ = {isa = PBXFileReference; fileEncoding = 4; lastKnownFileType = sourcecode.cpp.cpp; path = ofxKinectCalibration.cpp; sourceTree = "<group>"; };
		EAD4946813A8BA9A00D312FE /* ofxKinectCalibration.h */ = {isa = PBXFileReference; fileEncoding = 4; lastKnownFileType = sourcecode.c.h; path = ofxKinectCalibration.h; sourceTree = "<group>"; };
		EAD4946913A8BA9A00D312FE /* ofxKinectPlayer.cpp */ = {isa = PBXFileReference; fileEncoding = 4; lastKnownFileType = sourcecode.cpp.cpp; path = ofxKinectPlayer.cpp; sourceTree = "<group>"; };
		EAD4946A13A8BA9A00D312FE /* ofxKinectPlayer.h */ = {isa = PBXFileReference; fileEncoding = 4; lastKnownFileType = sourcecode.c.h; path = ofxKinectPlayer.h; sourceTree = "<group>"; };
		EAD4946B13A8BA9A00D312FE /* ofxKinectRecorder.cpp */ = {isa = PBXFileReference; fileEncoding = 4; lastKnownFileType = sourcecode.cpp.cpp; path = ofxKinectRecorder.cpp; sourceTree = "<group>"; };
		EAD4946C13A8BA9A00D312FE /* ofxKinectRecorder.h */ = {isa = PBXFileReference; fileEncoding = 4; lastKnownFileType = sourcecode.c.h; path = ofxKinectRecorder.h; sourceTree = "<group>"; };
		EAD4956313A8C5A300D312FE /* ReactickleButton.cpp */ = {isa = PBXFileReference; fileEncoding = 4; lastKnownFileType = sourcecode.cpp.cpp; path = ReactickleButton.cpp; sourceTree = "<group>"; };
		EAD4956413A8C5A300D312FE /* ReactickleButton.h */ = {isa = PBXFileReference; fileEncoding = 4; lastKnownFileType = sourcecode.c.h; path = ReactickleButton.h; sourceTree = "<group>"; };
		EAD4960013A8CD5C00D312FE /* Windmills.cpp */ = {isa = PBXFileReference; fileEncoding = 4; lastKnownFileType = sourcecode.cpp.cpp; path = Windmills.cpp; sourceTree = "<group>"; };
		EAD4960113A8CD5C00D312FE /* Windmills.h */ = {isa = PBXFileReference; fileEncoding = 4; lastKnownFileType = sourcecode.c.h; path = Windmills.h; sourceTree = "<group>"; };
		EAD4960213A8CD5C00D312FE /* Windmill.h */ = {isa = PBXFileReference; fileEncoding = 4; lastKnownFileType = sourcecode.c.h; path = Windmill.h; sourceTree = "<group>"; };
		EAD4960A13A8CDFF00D312FE /* BrushedLine.h */ = {isa = PBXFileReference; fileEncoding = 4; lastKnownFileType = sourcecode.c.h; path = BrushedLine.h; sourceTree = "<group>"; };
		EAD4962513A8CEF400D312FE /* .gitignore */ = {isa = PBXFileReference; fileEncoding = 4; lastKnownFileType = text; path = .gitignore; sourceTree = "<group>"; };
		EAD4962613A8CEF400D312FE /* License.txt */ = {isa = PBXFileReference; fileEncoding = 4; lastKnownFileType = text; path = License.txt; sourceTree = "<group>"; };
		EAD4962813A8CEF400D312FE /* MTTypes.h */ = {isa = PBXFileReference; fileEncoding = 4; lastKnownFileType = sourcecode.c.h; path = MTTypes.h; sourceTree = "<group>"; };
		EAD4962913A8CEF400D312FE /* ofxMultiTouchPad.cpp */ = {isa = PBXFileReference; fileEncoding = 4; lastKnownFileType = sourcecode.cpp.cpp; path = ofxMultiTouchPad.cpp; sourceTree = "<group>"; };
		EAD4962A13A8CEF400D312FE /* ofxMultiTouchPad.h */ = {isa = PBXFileReference; fileEncoding = 4; lastKnownFileType = sourcecode.c.h; path = ofxMultiTouchPad.h; sourceTree = "<group>"; };
		EAD4962C13A8CF2B00D312FE /* MultitouchSupport.framework */ = {isa = PBXFileReference; lastKnownFileType = wrapper.framework; name = MultitouchSupport.framework; path = /System/Library/PrivateFrameworks/MultitouchSupport.framework; sourceTree = "<absolute>"; };
		EAD4968413A8D2B600D312FE /* Corridor.h */ = {isa = PBXFileReference; fileEncoding = 4; lastKnownFileType = sourcecode.c.h; path = Corridor.h; sourceTree = "<group>"; };
		EAD4968613A8D2B600D312FE /* Corridors.cpp */ = {isa = PBXFileReference; fileEncoding = 4; lastKnownFileType = sourcecode.cpp.cpp; path = Corridors.cpp; sourceTree = "<group>"; };
		EAD4968713A8D2B600D312FE /* Corridors.h */ = {isa = PBXFileReference; fileEncoding = 4; lastKnownFileType = sourcecode.c.h; path = Corridors.h; sourceTree = "<group>"; };
		EAD4968A13A8D2B600D312FE /* Silhouette.cpp */ = {isa = PBXFileReference; fileEncoding = 4; lastKnownFileType = sourcecode.cpp.cpp; path = Silhouette.cpp; sourceTree = "<group>"; };
		EAD4968B13A8D2B600D312FE /* Silhouette.h */ = {isa = PBXFileReference; fileEncoding = 4; lastKnownFileType = sourcecode.c.h; path = Silhouette.h; sourceTree = "<group>"; };
		EAD4968C13A8D2B600D312FE /* Silhouettes.cpp */ = {isa = PBXFileReference; fileEncoding = 4; lastKnownFileType = sourcecode.cpp.cpp; path = Silhouettes.cpp; sourceTree = "<group>"; };
		EAD4968D13A8D2B600D312FE /* Silhouettes.h */ = {isa = PBXFileReference; fileEncoding = 4; lastKnownFileType = sourcecode.c.h; path = Silhouettes.h; sourceTree = "<group>"; };
/* End PBXFileReference section */

/* Begin PBXFrameworksBuildPhase section */
		E4B69B590A3A1756003C02F2 /* Frameworks */ = {
			isa = PBXFrameworksBuildPhase;
			buildActionMask = 2147483647;
			files = (
				E4C2422B10CC554B004149E2 /* openFrameworks.a in Frameworks */,
				E45BE97B0E8CC7DD009D7055 /* AGL.framework in Frameworks */,
				E45BE97C0E8CC7DD009D7055 /* ApplicationServices.framework in Frameworks */,
				E45BE97D0E8CC7DD009D7055 /* AudioToolbox.framework in Frameworks */,
				E45BE97E0E8CC7DD009D7055 /* Carbon.framework in Frameworks */,
				E45BE97F0E8CC7DD009D7055 /* CoreAudio.framework in Frameworks */,
				E45BE9800E8CC7DD009D7055 /* CoreFoundation.framework in Frameworks */,
				E45BE9810E8CC7DD009D7055 /* CoreServices.framework in Frameworks */,
				E45BE9830E8CC7DD009D7055 /* OpenGL.framework in Frameworks */,
				E45BE9840E8CC7DD009D7055 /* QuickTime.framework in Frameworks */,
				E4C2424710CC5A17004149E2 /* AppKit.framework in Frameworks */,
				E4C2424810CC5A17004149E2 /* Cocoa.framework in Frameworks */,
				E4C2424910CC5A17004149E2 /* IOKit.framework in Frameworks */,
				E4C2426610CC5A78004149E2 /* GLUT.framework in Frameworks */,
				EAD4947113A8BA9A00D312FE /* usb-1.0.a in Frameworks */,
				EAD4962D13A8CF2B00D312FE /* MultitouchSupport.framework in Frameworks */,
			);
			runOnlyForDeploymentPostprocessing = 0;
		};
/* End PBXFrameworksBuildPhase section */

/* Begin PBXGroup section */
		E45BE5980E8CC70C009D7055 /* frameworks */ = {
			isa = PBXGroup;
			children = (
				E4C2425F10CC5A78004149E2 /* GLUT.framework */,
				E4C2424410CC5A17004149E2 /* AppKit.framework */,
				E4C2424510CC5A17004149E2 /* Cocoa.framework */,
				E4C2424610CC5A17004149E2 /* IOKit.framework */,
				E45BE9710E8CC7DD009D7055 /* AGL.framework */,
				E45BE9720E8CC7DD009D7055 /* ApplicationServices.framework */,
				E45BE9730E8CC7DD009D7055 /* AudioToolbox.framework */,
				E45BE9740E8CC7DD009D7055 /* Carbon.framework */,
				E45BE9750E8CC7DD009D7055 /* CoreAudio.framework */,
				E45BE9760E8CC7DD009D7055 /* CoreFoundation.framework */,
				E45BE9770E8CC7DD009D7055 /* CoreServices.framework */,
				E45BE9790E8CC7DD009D7055 /* OpenGL.framework */,
				E45BE97A0E8CC7DD009D7055 /* QuickTime.framework */,
				EAD4962C13A8CF2B00D312FE /* MultitouchSupport.framework */,
			);
			name = frameworks;
			sourceTree = "<group>";
		};
		E4B69B4A0A3A1720003C02F2 = {
			isa = PBXGroup;
			children = (
				E4B6FCAD0C3E899E008CF71C /* openFrameworks-Info.plist */,
				E4B69B5B0A3A1756003C02F2 /* emptyExampleDebug.app */,
				EAD492ED13A8B48D00D312FE /* framework */,
				EA23EDD0139D13AE0071404C /* src */,
				EAB3098B137AF2ED0086DE6F /* addons */,
				E4C2422310CC54B6004149E2 /* openFrameworks */,
				E45BE5980E8CC70C009D7055 /* frameworks */,
			);
			sourceTree = "<group>";
		};
		E4C2421710CC549C004149E2 /* Products */ = {
			isa = PBXGroup;
			children = (
				E4C2421E10CC549C004149E2 /* openFrameworks.a */,
			);
			name = Products;
			sourceTree = "<group>";
		};
		E4C2422310CC54B6004149E2 /* openFrameworks */ = {
			isa = PBXGroup;
			children = (
				E4C2421610CC549C004149E2 /* openFrameworksLib.xcodeproj */,
			);
			name = openFrameworks;
			sourceTree = "<group>";
		};
		EA23EDD0139D13AE0071404C /* src */ = {
			isa = PBXGroup;
			children = (
				EAD495F113A8CD5C00D312FE /* somantics */,
				EA23EDD1139D13AE0071404C /* app */,
				EA23EDD8139D13AE0071404C /* gui */,
				EA23EDDD139D13AE0071404C /* pages */,
			);
			path = src;
			sourceTree = "<group>";
		};
		EA23EDD1139D13AE0071404C /* app */ = {
			isa = PBXGroup;
			children = (
				EA23EDD2139D13AE0071404C /* Apps.mm */,
				EA23EDD5139D13AE0071404C /* testApp.h */,
				EA23EDD6139D13AE0071404C /* testApp.mm */,
			);
			path = app;
			sourceTree = "<group>";
		};
		EA23EDD8139D13AE0071404C /* gui */ = {
			isa = PBXGroup;
			children = (
				EA23EDDB139D13AE0071404C /* ScrollView.h */,
			);
			path = gui;
			sourceTree = "<group>";
		};
		EA23EDDD139D13AE0071404C /* pages */ = {
			isa = PBXGroup;
			children = (
				EA23EDDE139D13AE0071404C /* AboutPage.h */,
				EA23EDDF139D13AE0071404C /* AboutPage.mm */,
				EA23EDE0139D13AE0071404C /* MainMenu.h */,
				EA23EDE1139D13AE0071404C /* MainMenu.mm */,
				EA23EDE2139D13AE0071404C /* settings */,
			);
			path = pages;
			sourceTree = "<group>";
		};
		EA23EDE2139D13AE0071404C /* settings */ = {
			isa = PBXGroup;
			children = (
				EA23EDE3139D13AE0071404C /* BrightnessSlider.h */,
				EA23EDE4139D13AE0071404C /* SettingsPage.h */,
				EA23EDE5139D13AE0071404C /* SettingsPage.mm */,
			);
			path = settings;
			sourceTree = "<group>";
		};
		EA23EE6C139D1CBE0071404C /* ofxCvKalman */ = {
			isa = PBXGroup;
			children = (
				EA23EE6D139D1CBE0071404C /* ofxCvKalman.cpp */,
				EA23EE6E139D1CBE0071404C /* ofxCvKalman.h */,
			);
			name = ofxCvKalman;
			path = ../addons/ofxCvKalman;
			sourceTree = SOURCE_ROOT;
		};
		EAB3098B137AF2ED0086DE6F /* addons */ = {
			isa = PBXGroup;
			children = (
				EAD4962413A8CEF400D312FE /* ofxMultiTouchPad */,
				EAD4944E13A8BA9A00D312FE /* ofxKinect */,
				EA23EE6C139D1CBE0071404C /* ofxCvKalman */,
				EAB30A01137AF3EB0086DE6F /* ofxMSAInteractiveObject */,
				EAB30A10137AF3EB0086DE6F /* ofxSimpleGuiToo */,
				EAB309F3137AF3DF0086DE6F /* ofxXmlSettings */,
			);
			name = addons;
			sourceTree = "<group>";
		};
		EAB309F3137AF3DF0086DE6F /* ofxXmlSettings */ = {
			isa = PBXGroup;
			children = (
				EAB309F4137AF3E00086DE6F /* install.xml */,
				EAB309F5137AF3E00086DE6F /* libs */,
				EAB309FA137AF3E00086DE6F /* src */,
			);
			name = ofxXmlSettings;
			path = ../../../addons/ofxXmlSettings;
			sourceTree = SOURCE_ROOT;
		};
		EAB309F5137AF3E00086DE6F /* libs */ = {
			isa = PBXGroup;
			children = (
				EAB309F6137AF3E00086DE6F /* tinyxml.cpp */,
				EAB309F7137AF3E00086DE6F /* tinyxml.h */,
				EAB309F8137AF3E00086DE6F /* tinyxmlerror.cpp */,
				EAB309F9137AF3E00086DE6F /* tinyxmlparser.cpp */,
			);
			path = libs;
			sourceTree = "<group>";
		};
		EAB309FA137AF3E00086DE6F /* src */ = {
			isa = PBXGroup;
			children = (
				EAB309FB137AF3E00086DE6F /* ofxXmlSettings.cpp */,
				EAB309FC137AF3E00086DE6F /* ofxXmlSettings.h */,
			);
			path = src;
			sourceTree = "<group>";
		};
		EAB30A01137AF3EB0086DE6F /* ofxMSAInteractiveObject */ = {
			isa = PBXGroup;
			children = (
				EAB30A02137AF3EB0086DE6F /* changelog.txt */,
				EAB30A0B137AF3EB0086DE6F /* install.xml */,
				EAB30A0C137AF3EB0086DE6F /* LICENSE.txt */,
				EAB30A0D137AF3EB0086DE6F /* src */,
			);
			name = ofxMSAInteractiveObject;
			path = ../../../addons/msalibs/ofxMSAInteractiveObject;
			sourceTree = SOURCE_ROOT;
		};
		EAB30A0D137AF3EB0086DE6F /* src */ = {
			isa = PBXGroup;
			children = (
				EAB30A0E137AF3EB0086DE6F /* ofxMSAInteractiveObject.cpp */,
				EAB30A0F137AF3EB0086DE6F /* ofxMSAInteractiveObject.h */,
			);
			path = src;
			sourceTree = "<group>";
		};
		EAB30A10137AF3EB0086DE6F /* ofxSimpleGuiToo */ = {
			isa = PBXGroup;
			children = (
				EAB30A11137AF3EB0086DE6F /* changelog.txt */,
				EAB30A19137AF3EB0086DE6F /* install.xml */,
				EAB30A1A137AF3EB0086DE6F /* LICENSE.txt */,
				EAB30A1B137AF3EB0086DE6F /* src */,
			);
			name = ofxSimpleGuiToo;
			path = ../../../addons/msalibs/ofxSimpleGuiToo;
			sourceTree = SOURCE_ROOT;
		};
		EAB30A1B137AF3EB0086DE6F /* src */ = {
			isa = PBXGroup;
			children = (
				EAB30A1C137AF3EB0086DE6F /* Controls */,
				EAB30A34137AF3EB0086DE6F /* ofxSimpleGuiConfig.cpp */,
				EAB30A35137AF3EB0086DE6F /* ofxSimpleGuiConfig.h */,
				EAB30A36137AF3EB0086DE6F /* ofxSimpleGuiControl.cpp */,
				EAB30A37137AF3EB0086DE6F /* ofxSimpleGuiControl.h */,
				EAB30A38137AF3EB0086DE6F /* ofxSimpleGuiIncludes.h */,
				EAB30A39137AF3EB0086DE6F /* ofxSimpleGuiPage.cpp */,
				EAB30A3A137AF3EB0086DE6F /* ofxSimpleGuiPage.h */,
				EAB30A3B137AF3EB0086DE6F /* ofxSimpleGuiToo.cpp */,
				EAB30A3C137AF3EB0086DE6F /* ofxSimpleGuiToo.h */,
				EAB30A3D137AF3EB0086DE6F /* ofxSimpleGuiValueControl.cpp */,
				EAB30A3E137AF3EB0086DE6F /* ofxSimpleGuiValueControl.h */,
			);
			path = src;
			sourceTree = "<group>";
		};
		EAB30A1C137AF3EB0086DE6F /* Controls */ = {
			isa = PBXGroup;
			children = (
				EAB30A1D137AF3EB0086DE6F /* ofxSimpleGuiButton.cpp */,
				EAB30A1E137AF3EB0086DE6F /* ofxSimpleGuiButton.h */,
				EAB30A1F137AF3EB0086DE6F /* ofxSimpleGuiColorPicker.cpp */,
				EAB30A20137AF3EB0086DE6F /* ofxSimpleGuiColorPicker.h */,
				EAB30A21137AF3EB0086DE6F /* ofxSimpleGuiComboBox.cpp */,
				EAB30A22137AF3EB0086DE6F /* ofxSimpleGuiComboBox.h */,
				EAB30A23137AF3EB0086DE6F /* ofxSimpleGuiContent.cpp */,
				EAB30A24137AF3EB0086DE6F /* ofxSimpleGuiContent.h */,
				EAB30A25137AF3EB0086DE6F /* ofxSimpleGuiFPSCounter.cpp */,
				EAB30A26137AF3EB0086DE6F /* ofxSimpleGuiFPSCounter.h */,
				EAB30A27137AF3EB0086DE6F /* ofxSimpleGuiMovieSlider.cpp */,
				EAB30A28137AF3EB0086DE6F /* ofxSimpleGuiMovieSlider.h */,
				EAB30A29137AF3EB0086DE6F /* ofxSimpleGuiQuadWarp.cpp */,
				EAB30A2A137AF3EB0086DE6F /* ofxSimpleGuiQuadWarp.h */,
				EAB30A2B137AF3EB0086DE6F /* ofxSimpleGuiSlider2d.cpp */,
				EAB30A2C137AF3EB0086DE6F /* ofxSimpleGuiSlider2d.h */,
				EAB30A2D137AF3EB0086DE6F /* ofxSimpleGuiSliderBase.h */,
				EAB30A2E137AF3EB0086DE6F /* ofxSimpleGuiSliderFloat.h */,
				EAB30A2F137AF3EB0086DE6F /* ofxSimpleGuiSliderInt.h */,
				EAB30A30137AF3EB0086DE6F /* ofxSimpleGuiTitle.cpp */,
				EAB30A31137AF3EB0086DE6F /* ofxSimpleGuiTitle.h */,
				EAB30A32137AF3EB0086DE6F /* ofxSimpleGuiToggle.cpp */,
				EAB30A33137AF3EB0086DE6F /* ofxSimpleGuiToggle.h */,
			);
			path = Controls;
			sourceTree = "<group>";
		};
		EAD492ED13A8B48D00D312FE /* framework */ = {
			isa = PBXGroup;
			children = (
				EAD4938313A8B67700D312FE /* constants.h */,
				EAD492EE13A8B48D00D312FE /* app */,
				EAD492F313A8B48D00D312FE /* graphics */,
				EAD492F813A8B48D00D312FE /* gui */,
				EAD4930113A8B48D00D312FE /* util */,
				EAD4930A13A8B48D00D312FE /* vision */,
			);
			name = framework;
			path = ../framework;
			sourceTree = SOURCE_ROOT;
		};
		EAD492EE13A8B48D00D312FE /* app */ = {
			isa = PBXGroup;
			children = (
				EAD4938113A8B66800D312FE /* main.mm */,
				EAD4931913A8B4E100D312FE /* ReactickleApp.h */,
				EAD4931A13A8B4E100D312FE /* ReactickleApp.mm */,
				EAD492F213A8B48D00D312FE /* Reactickle.h */,
			);
			path = app;
			sourceTree = "<group>";
		};
		EAD492F313A8B48D00D312FE /* graphics */ = {
			isa = PBXGroup;
			children = (
				EAD4960A13A8CDFF00D312FE /* BrushedLine.h */,
				EAD492F413A8B48D00D312FE /* GlowingBorder.h */,
				EAD492F513A8B48D00D312FE /* MagicShapes.cpp */,
				EAD492F613A8B48D00D312FE /* MagicShapes.h */,
				EAD492F713A8B48D00D312FE /* msaColor.h */,
			);
			path = graphics;
			sourceTree = "<group>";
		};
		EAD492F813A8B48D00D312FE /* gui */ = {
			isa = PBXGroup;
			children = (
				EAD4956313A8C5A300D312FE /* ReactickleButton.cpp */,
				EAD4956413A8C5A300D312FE /* ReactickleButton.h */,
				EAD492F913A8B48D00D312FE /* ColorCube.h */,
				EAD492FA13A8B48D00D312FE /* ColorPicker.cpp */,
				EAD492FB13A8B48D00D312FE /* ColorPicker.h */,
				EAD492FC13A8B48D00D312FE /* Container.h */,
				EAD492FD13A8B48D00D312FE /* HoldButton.h */,
				EAD492FE13A8B48D00D312FE /* ImageObject.h */,
				EAD492FF13A8B48D00D312FE /* InteractiveObject.h */,
				EAD4930013A8B48D00D312FE /* SimpleButton.h */,
			);
			path = gui;
			sourceTree = "<group>";
		};
		EAD4930113A8B48D00D312FE /* util */ = {
			isa = PBXGroup;
			children = (
				EAD4930213A8B48D00D312FE /* ImageCache.cpp */,
				EAD4930313A8B48D00D312FE /* ImageCache.h */,
				EAD4930413A8B48D00D312FE /* Properties.cpp */,
				EAD4930513A8B48D00D312FE /* Properties.h */,
				EAD4930613A8B48D00D312FE /* Settings.h */,
				EAD4930713A8B48D00D312FE /* Settings.mm */,
				EAD4930813A8B48D00D312FE /* util.cpp */,
				EAD4930913A8B48D00D312FE /* util.h */,
			);
			path = util;
			sourceTree = "<group>";
		};
		EAD4930A13A8B48D00D312FE /* vision */ = {
			isa = PBXGroup;
			children = (
				EAD4930B13A8B48D00D312FE /* KinectOrCamera.cpp */,
				EAD4930C13A8B48D00D312FE /* KinectOrCamera.h */,
			);
			path = vision;
			sourceTree = "<group>";
		};
		EAD4944E13A8BA9A00D312FE /* ofxKinect */ = {
			isa = PBXGroup;
			children = (
				EAD4944F13A8BA9A00D312FE /* .gitignore */,
				EAD4945013A8BA9A00D312FE /* libs */,
				EAD4946213A8BA9A00D312FE /* README.markdown */,
				EAD4946313A8BA9A00D312FE /* src */,
			);
			name = ofxKinect;
			path = ../addons/ofxKinect;
			sourceTree = SOURCE_ROOT;
		};
		EAD4945013A8BA9A00D312FE /* libs */ = {
			isa = PBXGroup;
			children = (
				EAD4945113A8BA9A00D312FE /* libfreenect */,
				EAD4945B13A8BA9A00D312FE /* libusb */,
			);
			path = libs;
			sourceTree = "<group>";
		};
		EAD4945113A8BA9A00D312FE /* libfreenect */ = {
			isa = PBXGroup;
			children = (
				EAD4945213A8BA9A00D312FE /* cameras.c */,
				EAD4945313A8BA9A00D312FE /* core.c */,
				EAD4945413A8BA9A00D312FE /* freenect_internal.h */,
				EAD4945513A8BA9A00D312FE /* libfreenect.h */,
				EAD4945613A8BA9A00D312FE /* libfreenect.hpp */,
				EAD4945713A8BA9A00D312FE /* libfreenect.pc.in */,
				EAD4945813A8BA9A00D312FE /* tilt.c */,
				EAD4945913A8BA9A00D312FE /* usb_libusb10.c */,
				EAD4945A13A8BA9A00D312FE /* usb_libusb10.h */,
			);
			path = libfreenect;
			sourceTree = "<group>";
		};
		EAD4945B13A8BA9A00D312FE /* libusb */ = {
			isa = PBXGroup;
			children = (
				EAD4945C13A8BA9A00D312FE /* osx */,
			);
			path = libusb;
			sourceTree = "<group>";
		};
		EAD4945C13A8BA9A00D312FE /* osx */ = {
			isa = PBXGroup;
			children = (
				EAD4945D13A8BA9A00D312FE /* include */,
				EAD4946013A8BA9A00D312FE /* libs */,
			);
			path = osx;
			sourceTree = "<group>";
		};
		EAD4945D13A8BA9A00D312FE /* include */ = {
			isa = PBXGroup;
			children = (
				EAD4945E13A8BA9A00D312FE /* libusb-1.0 */,
			);
			path = include;
			sourceTree = "<group>";
		};
		EAD4945E13A8BA9A00D312FE /* libusb-1.0 */ = {
			isa = PBXGroup;
			children = (
				EAD4945F13A8BA9A00D312FE /* libusb.h */,
			);
			path = "libusb-1.0";
			sourceTree = "<group>";
		};
		EAD4946013A8BA9A00D312FE /* libs */ = {
			isa = PBXGroup;
			children = (
				EAD4946113A8BA9A00D312FE /* usb-1.0.a */,
			);
			path = libs;
			sourceTree = "<group>";
		};
		EAD4946313A8BA9A00D312FE /* src */ = {
			isa = PBXGroup;
			children = (
				EAD4946413A8BA9A00D312FE /* ofxBase3DVideo.h */,
				EAD4946513A8BA9A00D312FE /* ofxKinect.cpp */,
				EAD4946613A8BA9A00D312FE /* ofxKinect.h */,
				EAD4946713A8BA9A00D312FE /* ofxKinectCalibration.cpp */,
				EAD4946813A8BA9A00D312FE /* ofxKinectCalibration.h */,
				EAD4946913A8BA9A00D312FE /* ofxKinectPlayer.cpp */,
				EAD4946A13A8BA9A00D312FE /* ofxKinectPlayer.h */,
				EAD4946B13A8BA9A00D312FE /* ofxKinectRecorder.cpp */,
				EAD4946C13A8BA9A00D312FE /* ofxKinectRecorder.h */,
			);
			path = src;
			sourceTree = "<group>";
		};
		EAD495F113A8CD5C00D312FE /* somantics */ = {
			isa = PBXGroup;
			children = (
				EAD4968313A8D2B600D312FE /* Corridors */,
				EAD4968813A8D2B600D312FE /* Silhouette */,
				EAD495FE13A8CD5C00D312FE /* Windmills */,
			);
			path = somantics;
			sourceTree = "<group>";
		};
		EAD495FE13A8CD5C00D312FE /* Windmills */ = {
			isa = PBXGroup;
			children = (
				EAD4960013A8CD5C00D312FE /* Windmills.cpp */,
				EAD4960113A8CD5C00D312FE /* Windmills.h */,
				EAD4960213A8CD5C00D312FE /* Windmill.h */,
			);
			path = Windmills;
			sourceTree = "<group>";
		};
		EAD4962413A8CEF400D312FE /* ofxMultiTouchPad */ = {
			isa = PBXGroup;
			children = (
				EAD4962513A8CEF400D312FE /* .gitignore */,
				EAD4962613A8CEF400D312FE /* License.txt */,
				EAD4962713A8CEF400D312FE /* src */,
			);
			name = ofxMultiTouchPad;
			path = ../addons/ofxMultiTouchPad;
			sourceTree = SOURCE_ROOT;
		};
		EAD4962713A8CEF400D312FE /* src */ = {
			isa = PBXGroup;
			children = (
				EAD4962813A8CEF400D312FE /* MTTypes.h */,
				EAD4962913A8CEF400D312FE /* ofxMultiTouchPad.cpp */,
				EAD4962A13A8CEF400D312FE /* ofxMultiTouchPad.h */,
			);
			path = src;
			sourceTree = "<group>";
		};
		EAD4968313A8D2B600D312FE /* Corridors */ = {
			isa = PBXGroup;
			children = (
				EAD4968413A8D2B600D312FE /* Corridor.h */,
				EAD4968613A8D2B600D312FE /* Corridors.cpp */,
				EAD4968713A8D2B600D312FE /* Corridors.h */,
			);
			path = Corridors;
			sourceTree = "<group>";
		};
		EAD4968813A8D2B600D312FE /* Silhouette */ = {
			isa = PBXGroup;
			children = (
				EAD4968A13A8D2B600D312FE /* Silhouette.cpp */,
				EAD4968B13A8D2B600D312FE /* Silhouette.h */,
				EAD4968C13A8D2B600D312FE /* Silhouettes.cpp */,
				EAD4968D13A8D2B600D312FE /* Silhouettes.h */,
			);
			path = Silhouette;
			sourceTree = "<group>";
		};
/* End PBXGroup section */

/* Begin PBXNativeTarget section */
		E4B69B5A0A3A1756003C02F2 /* emptyExample */ = {
			isa = PBXNativeTarget;
			buildConfigurationList = E4B69B5F0A3A1757003C02F2 /* Build configuration list for PBXNativeTarget "emptyExample" */;
			buildPhases = (
				E4B69B580A3A1756003C02F2 /* Sources */,
				E4B69B590A3A1756003C02F2 /* Frameworks */,
				E4B6FFFD0C3F9AB9008CF71C /* ShellScript */,
				E4C2427710CC5ABF004149E2 /* CopyFiles */,
			);
			buildRules = (
			);
			dependencies = (
				E4C2422810CC54DA004149E2 /* PBXTargetDependency */,
			);
			name = emptyExample;
			productName = myOFApp;
			productReference = E4B69B5B0A3A1756003C02F2 /* emptyExampleDebug.app */;
			productType = "com.apple.product-type.application";
		};
/* End PBXNativeTarget section */

/* Begin PBXProject section */
		E4B69B4C0A3A1720003C02F2 /* Project object */ = {
			isa = PBXProject;
			buildConfigurationList = E4B69B4D0A3A1720003C02F2 /* Build configuration list for PBXProject "SomanticsMac" */;
			compatibilityVersion = "Xcode 2.4";
			developmentRegion = English;
			hasScannedForEncodings = 0;
			knownRegions = (
				English,
				Japanese,
				French,
				German,
			);
			mainGroup = E4B69B4A0A3A1720003C02F2;
			productRefGroup = E4B69B4A0A3A1720003C02F2;
			projectDirPath = "";
			projectReferences = (
				{
					ProductGroup = E4C2421710CC549C004149E2 /* Products */;
					ProjectRef = E4C2421610CC549C004149E2 /* openFrameworksLib.xcodeproj */;
				},
			);
			projectRoot = "";
			targets = (
				E4B69B5A0A3A1756003C02F2 /* emptyExample */,
			);
		};
/* End PBXProject section */

/* Begin PBXReferenceProxy section */
		E4C2421E10CC549C004149E2 /* openFrameworks.a */ = {
			isa = PBXReferenceProxy;
			fileType = archive.ar;
			path = openFrameworks.a;
			remoteRef = E4C2421D10CC549C004149E2 /* PBXContainerItemProxy */;
			sourceTree = BUILT_PRODUCTS_DIR;
		};
/* End PBXReferenceProxy section */

/* Begin PBXShellScriptBuildPhase section */
		E4B6FFFD0C3F9AB9008CF71C /* ShellScript */ = {
			isa = PBXShellScriptBuildPhase;
			buildActionMask = 2147483647;
			files = (
			);
			inputPaths = (
			);
			outputPaths = (
			);
			runOnlyForDeploymentPostprocessing = 0;
			shellPath = /bin/sh;
			shellScript = "cp -f ../../../libs/fmodex/lib/osx/libfmodex.dylib \"$TARGET_BUILD_DIR/$PRODUCT_NAME.app/Contents/MacOS/libfmodex.dylib\"\ninstall_name_tool -change ./libfmodex.dylib @executable_path/libfmodex.dylib \"$TARGET_BUILD_DIR/$PRODUCT_NAME.app/Contents/MacOS/$PRODUCT_NAME\" ";
		};
/* End PBXShellScriptBuildPhase section */

/* Begin PBXSourcesBuildPhase section */
		E4B69B580A3A1756003C02F2 /* Sources */ = {
			isa = PBXSourcesBuildPhase;
			buildActionMask = 2147483647;
			files = (
				EAB309FD137AF3E00086DE6F /* tinyxml.cpp in Sources */,
				EAB309FE137AF3E00086DE6F /* tinyxmlerror.cpp in Sources */,
				EAB309FF137AF3E00086DE6F /* tinyxmlparser.cpp in Sources */,
				EAB30A00137AF3E00086DE6F /* ofxXmlSettings.cpp in Sources */,
				EAB30A41137AF3EB0086DE6F /* ofxMSAInteractiveObject.cpp in Sources */,
				EAB30A44137AF3EB0086DE6F /* ofxSimpleGuiButton.cpp in Sources */,
				EAB30A45137AF3EB0086DE6F /* ofxSimpleGuiColorPicker.cpp in Sources */,
				EAB30A46137AF3EB0086DE6F /* ofxSimpleGuiComboBox.cpp in Sources */,
				EAB30A47137AF3EB0086DE6F /* ofxSimpleGuiContent.cpp in Sources */,
				EAB30A48137AF3EB0086DE6F /* ofxSimpleGuiFPSCounter.cpp in Sources */,
				EAB30A49137AF3EB0086DE6F /* ofxSimpleGuiMovieSlider.cpp in Sources */,
				EAB30A4A137AF3EB0086DE6F /* ofxSimpleGuiQuadWarp.cpp in Sources */,
				EAB30A4B137AF3EB0086DE6F /* ofxSimpleGuiSlider2d.cpp in Sources */,
				EAB30A4C137AF3EB0086DE6F /* ofxSimpleGuiTitle.cpp in Sources */,
				EAB30A4D137AF3EB0086DE6F /* ofxSimpleGuiToggle.cpp in Sources */,
				EAB30A4E137AF3EB0086DE6F /* ofxSimpleGuiConfig.cpp in Sources */,
				EAB30A4F137AF3EB0086DE6F /* ofxSimpleGuiControl.cpp in Sources */,
				EAB30A50137AF3EB0086DE6F /* ofxSimpleGuiPage.cpp in Sources */,
				EAB30A51137AF3EB0086DE6F /* ofxSimpleGuiToo.cpp in Sources */,
				EAB30A52137AF3EB0086DE6F /* ofxSimpleGuiValueControl.cpp in Sources */,
				EA23EDE6139D13AE0071404C /* Apps.mm in Sources */,
				EA23EDE8139D13AE0071404C /* testApp.mm in Sources */,
				EA23EDEB139D13AE0071404C /* AboutPage.mm in Sources */,
				EA23EDEC139D13AE0071404C /* MainMenu.mm in Sources */,
				EA23EDED139D13AE0071404C /* SettingsPage.mm in Sources */,
				EA23EEA3139D1CBF0071404C /* ofxCvKalman.cpp in Sources */,
				EAD4931113A8B48D00D312FE /* MagicShapes.cpp in Sources */,
				EAD4931213A8B48D00D312FE /* ColorPicker.cpp in Sources */,
				EAD4931313A8B48D00D312FE /* ImageCache.cpp in Sources */,
				EAD4931413A8B48D00D312FE /* Properties.cpp in Sources */,
				EAD4931513A8B48D00D312FE /* Settings.mm in Sources */,
				EAD4931613A8B48D00D312FE /* util.cpp in Sources */,
				EAD4931713A8B48D00D312FE /* KinectOrCamera.cpp in Sources */,
				EAD4931B13A8B4E100D312FE /* ReactickleApp.mm in Sources */,
				EAD4938213A8B66800D312FE /* main.mm in Sources */,
				EAD4946D13A8BA9A00D312FE /* cameras.c in Sources */,
				EAD4946E13A8BA9A00D312FE /* core.c in Sources */,
				EAD4946F13A8BA9A00D312FE /* tilt.c in Sources */,
				EAD4947013A8BA9A00D312FE /* usb_libusb10.c in Sources */,
				EAD4947213A8BA9A00D312FE /* ofxKinect.cpp in Sources */,
				EAD4947313A8BA9A00D312FE /* ofxKinectCalibration.cpp in Sources */,
				EAD4947413A8BA9A00D312FE /* ofxKinectPlayer.cpp in Sources */,
				EAD4947513A8BA9A00D312FE /* ofxKinectRecorder.cpp in Sources */,
				EAD4956513A8C5A300D312FE /* ReactickleButton.cpp in Sources */,
				EAD4960913A8CD5C00D312FE /* Windmills.cpp in Sources */,
				EAD4962B13A8CEF400D312FE /* ofxMultiTouchPad.cpp in Sources */,
				EAD4968F13A8D2B600D312FE /* Corridors.cpp in Sources */,
				EAD4969113A8D2B600D312FE /* Silhouette.cpp in Sources */,
				EAD4969213A8D2B600D312FE /* Silhouettes.cpp in Sources */,
			);
			runOnlyForDeploymentPostprocessing = 0;
		};
/* End PBXSourcesBuildPhase section */

/* Begin PBXTargetDependency section */
		E4C2422810CC54DA004149E2 /* PBXTargetDependency */ = {
			isa = PBXTargetDependency;
			name = openFrameworks;
			targetProxy = E4C2422710CC54DA004149E2 /* PBXContainerItemProxy */;
		};
/* End PBXTargetDependency section */

/* Begin XCBuildConfiguration section */
		E4B69B4E0A3A1720003C02F2 /* Debug */ = {
			isa = XCBuildConfiguration;
			buildSettings = {
				ARCHS = "$(NATIVE_ARCH)";
				CONFIGURATION_BUILD_DIR = "$(SRCROOT)/bin/";
				COPY_PHASE_STRIP = NO;
				DEAD_CODE_STRIPPING = YES;
				GCC_AUTO_VECTORIZATION = YES;
				GCC_ENABLE_SSE3_EXTENSIONS = YES;
				GCC_ENABLE_SUPPLEMENTAL_SSE3_INSTRUCTIONS = YES;
				GCC_INLINES_ARE_PRIVATE_EXTERN = NO;
				GCC_MODEL_TUNING = G5;
				GCC_SYMBOLS_PRIVATE_EXTERN = NO;
				GCC_WARN_ABOUT_DEPRECATED_FUNCTIONS = NO;
				GCC_WARN_ABOUT_INVALID_OFFSETOF_MACRO = NO;
				GCC_WARN_ALLOW_INCOMPLETE_PROTOCOL = NO;
				GCC_WARN_UNINITIALIZED_AUTOS = NO;
				GCC_WARN_UNUSED_VALUE = NO;
				GCC_WARN_UNUSED_VARIABLE = NO;
				HEADER_SEARCH_PATHS = (
					"../../../libs/openFrameworks/**",
					../../../libs/freetype/include/,
					../../../libs/freetype/include/freetype2,
					../../../libs/poco/include,
					../../../addons/,
					"../../../libs/glew/include/GL/**",
					"../../../libs/assimp/include/**",
					"../../../libs/fmodex/include/**",
					"../../../libs/freeimage/include/**",
				);
				OTHER_CPLUSPLUSFLAGS = (
					"-D__MACOSX_CORE__",
					"-lpthread",
				);
				OTHER_LDFLAGS = (
					"$(OTHER_LDFLAGS_QUOTED_FOR_PROJECT_1)",
					"$(OTHER_LDFLAGS_QUOTED_FOR_PROJECT_2)",
					"$(OTHER_LDFLAGS_QUOTED_FOR_PROJECT_3)",
					"$(OTHER_LDFLAGS_QUOTED_FOR_PROJECT_4)",
					"$(OTHER_LDFLAGS_QUOTED_FOR_PROJECT_5)",
					"$(OTHER_LDFLAGS_QUOTED_FOR_PROJECT_6)",
					"$(OTHER_LDFLAGS_QUOTED_FOR_PROJECT_7)",
					"$(OTHER_LDFLAGS_QUOTED_FOR_PROJECT_8)",
					"$(OTHER_LDFLAGS_QUOTED_FOR_PROJECT_9)",
					"$(OTHER_LDFLAGS_QUOTED_FOR_PROJECT_9)",
					"$(OTHER_LDFLAGS_QUOTED_FOR_PROJECT_10)",
				);
				OTHER_LDFLAGS_QUOTED_FOR_PROJECT_1 = "\"../../../libs/poco/lib/osx/PocoUtil.a\"";
				OTHER_LDFLAGS_QUOTED_FOR_PROJECT_10 = "\"../../../libs/assimp/lib/osx/assimp.a\"";
				OTHER_LDFLAGS_QUOTED_FOR_PROJECT_2 = "\"../../../libs/poco/lib/osx/PocoXML.a\"";
				OTHER_LDFLAGS_QUOTED_FOR_PROJECT_3 = "\"../../../libs/poco/lib/osx/PocoFoundation.a\"";
				OTHER_LDFLAGS_QUOTED_FOR_PROJECT_4 = "\"../../../libs/poco/lib/osx/PocoNet.a\"";
				OTHER_LDFLAGS_QUOTED_FOR_PROJECT_5 = "\"../../../libs/rtAudio/lib/osx/rtAudio.a\"";
				OTHER_LDFLAGS_QUOTED_FOR_PROJECT_6 = "\"../../../libs/freetype/lib/osx/freetype.a\"";
				OTHER_LDFLAGS_QUOTED_FOR_PROJECT_7 = "\"../../../libs/FreeImage/lib/osx/freeimage.a\"";
				OTHER_LDFLAGS_QUOTED_FOR_PROJECT_8 = "\"../../../libs/fmodex/lib/osx/libfmodex.dylib\"";
				OTHER_LDFLAGS_QUOTED_FOR_PROJECT_9 = "\"../../../libs/glew/lib/osx/glew.a\"";
			};
			name = Debug;
		};
		E4B69B4F0A3A1720003C02F2 /* Release */ = {
			isa = XCBuildConfiguration;
			buildSettings = {
				ARCHS = "$(NATIVE_ARCH)";
				CONFIGURATION_BUILD_DIR = "$(SRCROOT)/bin/";
				COPY_PHASE_STRIP = YES;
				DEAD_CODE_STRIPPING = YES;
				GCC_AUTO_VECTORIZATION = YES;
				GCC_ENABLE_SSE3_EXTENSIONS = YES;
				GCC_ENABLE_SUPPLEMENTAL_SSE3_INSTRUCTIONS = YES;
				GCC_INLINES_ARE_PRIVATE_EXTERN = NO;
				GCC_MODEL_TUNING = G5;
				GCC_OPTIMIZATION_LEVEL = 3;
				GCC_SYMBOLS_PRIVATE_EXTERN = NO;
				GCC_UNROLL_LOOPS = YES;
				GCC_WARN_ABOUT_DEPRECATED_FUNCTIONS = NO;
				GCC_WARN_ABOUT_INVALID_OFFSETOF_MACRO = NO;
				GCC_WARN_ALLOW_INCOMPLETE_PROTOCOL = NO;
				GCC_WARN_UNINITIALIZED_AUTOS = NO;
				GCC_WARN_UNUSED_VALUE = NO;
				GCC_WARN_UNUSED_VARIABLE = NO;
				HEADER_SEARCH_PATHS = (
					"../../../libs/openFrameworks/**",
					../../../libs/freetype/include/,
					../../../libs/freetype/include/freetype2,
					../../../libs/poco/include,
					../../../addons/,
					"../../../libs/glew/include/GL/**",
					"../../../libs/assimp/include/**",
					"../../../libs/fmodex/include/**",
					"../../../libs/freeimage/include/**",
				);
				OTHER_CPLUSPLUSFLAGS = (
					"-D__MACOSX_CORE__",
					"-lpthread",
				);
				OTHER_LDFLAGS = (
					"$(OTHER_LDFLAGS_QUOTED_FOR_PROJECT_1)",
					"$(OTHER_LDFLAGS_QUOTED_FOR_PROJECT_2)",
					"$(OTHER_LDFLAGS_QUOTED_FOR_PROJECT_3)",
					"$(OTHER_LDFLAGS_QUOTED_FOR_PROJECT_4)",
					"$(OTHER_LDFLAGS_QUOTED_FOR_PROJECT_5)",
					"$(OTHER_LDFLAGS_QUOTED_FOR_PROJECT_6)",
					"$(OTHER_LDFLAGS_QUOTED_FOR_PROJECT_7)",
					"$(OTHER_LDFLAGS_QUOTED_FOR_PROJECT_8)",
					"$(OTHER_LDFLAGS_QUOTED_FOR_PROJECT_9)",
					"$(OTHER_LDFLAGS_QUOTED_FOR_PROJECT_9)",
					"$(OTHER_LDFLAGS_QUOTED_FOR_PROJECT_10)",
				);
				OTHER_LDFLAGS_QUOTED_FOR_PROJECT_1 = "\"../../../libs/poco/lib/osx/PocoUtil.a\"";
				OTHER_LDFLAGS_QUOTED_FOR_PROJECT_10 = "\"../../../libs/assimp/lib/osx/assimp.a\"";
				OTHER_LDFLAGS_QUOTED_FOR_PROJECT_2 = "\"../../../libs/poco/lib/osx/PocoXML.a\"";
				OTHER_LDFLAGS_QUOTED_FOR_PROJECT_3 = "\"../../../libs/poco/lib/osx/PocoFoundation.a\"";
				OTHER_LDFLAGS_QUOTED_FOR_PROJECT_4 = "\"../../../libs/poco/lib/osx/PocoNet.a\"";
				OTHER_LDFLAGS_QUOTED_FOR_PROJECT_5 = "\"../../../libs/rtAudio/lib/osx/rtAudio.a\"";
				OTHER_LDFLAGS_QUOTED_FOR_PROJECT_6 = "\"../../../libs/freetype/lib/osx/freetype.a\"";
				OTHER_LDFLAGS_QUOTED_FOR_PROJECT_7 = "\"../../../libs/FreeImage/lib/osx/freeimage.a\"";
				OTHER_LDFLAGS_QUOTED_FOR_PROJECT_8 = "\"../../../libs/fmodex/lib/osx/libfmodex.dylib\"";
				OTHER_LDFLAGS_QUOTED_FOR_PROJECT_9 = "\"../../../libs/glew/lib/osx/glew.a\"";
			};
			name = Release;
		};
		E4B69B600A3A1757003C02F2 /* Debug */ = {
			isa = XCBuildConfiguration;
			buildSettings = {
				COPY_PHASE_STRIP = NO;
				FRAMEWORK_SEARCH_PATHS = (
					"$(inherited)",
					"$(FRAMEWORK_SEARCH_PATHS_QUOTED_FOR_TARGET_1)",
					"$(FRAMEWORK_SEARCH_PATHS_QUOTED_FOR_TARGET_2)",
				);
				FRAMEWORK_SEARCH_PATHS_QUOTED_FOR_TARGET_1 = "\"$(SRCROOT)/../../../libs/glut/lib/osx\"";
				FRAMEWORK_SEARCH_PATHS_QUOTED_FOR_TARGET_2 = "\"$(SYSTEM_LIBRARY_DIR)/PrivateFrameworks\"";
				GCC_DYNAMIC_NO_PIC = NO;
				GCC_ENABLE_FIX_AND_CONTINUE = YES;
				GCC_GENERATE_DEBUGGING_SYMBOLS = YES;
				GCC_MODEL_TUNING = G4;
				GCC_OPTIMIZATION_LEVEL = 0;
				GCC_PRECOMPILE_PREFIX_HEADER = YES;
				GCC_PREFIX_HEADER = "$(SYSTEM_LIBRARY_DIR)/Frameworks/Carbon.framework/Headers/Carbon.h";
				HEADER_SEARCH_PATHS = (
					../../../libs/tess2/include,
					../../../libs/glew/include,
					../../../addons/ofxOsc/libs/include,
					../addons/ofxKinect/libs/libusb/osx/include,
					../../../addons/ofxOpenCv/libs/opencv/include,
					"../../../libs/openFrameworks/**",
					../../../libs/freetype/include/,
					../../../libs/freetype/include/freetype2,
					../../../libs/poco/include,
					../../../addons/,
					"../../../libs/glew/include/GL/**",
					"../../../libs/assimp/include/**",
					"../../../libs/fmodex/include/**",
					"../../../libs/freeimage/include/**",
				);
				INFOPLIST_FILE = "openFrameworks-Info.plist";
				INSTALL_PATH = "$(HOME)/Applications";
				LIBRARY_SEARCH_PATHS = (
					"$(inherited)",
					"$(LIBRARY_SEARCH_PATHS_QUOTED_FOR_TARGET_1)",
					"$(LIBRARY_SEARCH_PATHS_QUOTED_FOR_TARGET_2)",
					"$(LIBRARY_SEARCH_PATHS_QUOTED_FOR_TARGET_3)",
					"$(LIBRARY_SEARCH_PATHS_QUOTED_FOR_TARGET_4)",
					"$(LIBRARY_SEARCH_PATHS_QUOTED_FOR_TARGET_5)",
					"$(LIBRARY_SEARCH_PATHS_QUOTED_FOR_TARGET_6)",
					"$(LIBRARY_SEARCH_PATHS_QUOTED_FOR_TARGET_7)",
					"$(LIBRARY_SEARCH_PATHS_QUOTED_FOR_TARGET_8)",
					"$(LIBRARY_SEARCH_PATHS_QUOTED_FOR_TARGET_9)",
					"$(LIBRARY_SEARCH_PATHS_QUOTED_FOR_TARGET_10)",
					"$(LIBRARY_SEARCH_PATHS_QUOTED_FOR_TARGET_11)",
					"$(LIBRARY_SEARCH_PATHS_QUOTED_FOR_TARGET_12)",
					"$(LIBRARY_SEARCH_PATHS_QUOTED_FOR_TARGET_13)",
					"$(LIBRARY_SEARCH_PATHS_QUOTED_FOR_TARGET_14)",
					"$(LIBRARY_SEARCH_PATHS_QUOTED_FOR_TARGET_15)",
					"$(LIBRARY_SEARCH_PATHS_QUOTED_FOR_TARGET_2)",
					"$(LIBRARY_SEARCH_PATHS_QUOTED_FOR_TARGET_3)",
					"$(LIBRARY_SEARCH_PATHS_QUOTED_FOR_TARGET_7)",
					"$(LIBRARY_SEARCH_PATHS_QUOTED_FOR_TARGET_8)",
					"$(LIBRARY_SEARCH_PATHS_QUOTED_FOR_TARGET_9)",
					"$(LIBRARY_SEARCH_PATHS_QUOTED_FOR_TARGET_10)",
					"$(LIBRARY_SEARCH_PATHS_QUOTED_FOR_TARGET_11)",
					"$(LIBRARY_SEARCH_PATHS_QUOTED_FOR_TARGET_12)",
					"$(LIBRARY_SEARCH_PATHS_QUOTED_FOR_TARGET_13)",
					"$(LIBRARY_SEARCH_PATHS_QUOTED_FOR_TARGET_16)",
					"$(LIBRARY_SEARCH_PATHS_QUOTED_FOR_TARGET_17)",
					"$(LIBRARY_SEARCH_PATHS_QUOTED_FOR_TARGET_18)",
					"$(LIBRARY_SEARCH_PATHS_QUOTED_FOR_TARGET_19)",
					"$(LIBRARY_SEARCH_PATHS_QUOTED_FOR_TARGET_20)",
					"$(LIBRARY_SEARCH_PATHS_QUOTED_FOR_TARGET_21)",
					"$(LIBRARY_SEARCH_PATHS_QUOTED_FOR_TARGET_22)",
					"$(LIBRARY_SEARCH_PATHS_QUOTED_FOR_TARGET_23)",
					"$(LIBRARY_SEARCH_PATHS_QUOTED_FOR_TARGET_24)",
					"$(LIBRARY_SEARCH_PATHS_QUOTED_FOR_TARGET_25)",
					"$(LIBRARY_SEARCH_PATHS_QUOTED_FOR_TARGET_26)",
					"$(LIBRARY_SEARCH_PATHS_QUOTED_FOR_TARGET_27)",
				);
				LIBRARY_SEARCH_PATHS_QUOTED_FOR_TARGET_1 = "\"$(SRCROOT)/../../../libs/freeimage/lib/osx\"";
				LIBRARY_SEARCH_PATHS_QUOTED_FOR_TARGET_10 = "\"$(SRCROOT)/../../../addons/ofxOpenCv/libs/opencv/lib/iphone\"";
				LIBRARY_SEARCH_PATHS_QUOTED_FOR_TARGET_11 = "\"$(SRCROOT)/../../../addons/ofxOpenCv/libs/opencv/lib/linux\"";
				LIBRARY_SEARCH_PATHS_QUOTED_FOR_TARGET_12 = "\"$(SRCROOT)/../../../addons/ofxOpenCv/libs/opencv/lib/linux64\"";
				LIBRARY_SEARCH_PATHS_QUOTED_FOR_TARGET_13 = "\"$(SRCROOT)/../../../addons/ofxOpenCv/libs/opencv/lib/osx\"";
				LIBRARY_SEARCH_PATHS_QUOTED_FOR_TARGET_14 = "\"$(SRCROOT)/../../../libs/fmodex/lib/osx\"";
				LIBRARY_SEARCH_PATHS_QUOTED_FOR_TARGET_15 = "\"$(SRCROOT)/../../../libs/freetype/lib/osx\"";
				LIBRARY_SEARCH_PATHS_QUOTED_FOR_TARGET_16 = "\"$(SRCROOT)/../../../addons/ofxOpenCv/libs/opencv/lib/vs2010\"";
				LIBRARY_SEARCH_PATHS_QUOTED_FOR_TARGET_17 = "\"$(SRCROOT)/../../../addons/ofxOpenCv/libs/opencv/lib/win_cb\"";
				LIBRARY_SEARCH_PATHS_QUOTED_FOR_TARGET_18 = "\"$(SRCROOT)/../../../addons/ofxOsc/libs/oscpack/lib/android/arm7\"";
				LIBRARY_SEARCH_PATHS_QUOTED_FOR_TARGET_19 = "\"$(SRCROOT)/../../../addons/ofxOsc/libs/oscpack/lib/android\"";
				LIBRARY_SEARCH_PATHS_QUOTED_FOR_TARGET_2 = "\"$(SRCROOT)/../../../libs/FreeImage/lib/osx\"";
				LIBRARY_SEARCH_PATHS_QUOTED_FOR_TARGET_20 = "\"$(SRCROOT)/../../../addons/ofxOsc/libs/oscpack/lib/linux\"";
				LIBRARY_SEARCH_PATHS_QUOTED_FOR_TARGET_21 = "\"$(SRCROOT)/../../../addons/ofxOsc/libs/oscpack/lib/linux64\"";
				LIBRARY_SEARCH_PATHS_QUOTED_FOR_TARGET_22 = "\"$(SRCROOT)/../../../addons/ofxOsc/libs/oscpack/lib/osx\"";
				LIBRARY_SEARCH_PATHS_QUOTED_FOR_TARGET_23 = "\"$(SRCROOT)/../../../addons/ofxOsc/libs/oscpack/lib/vs2010\"";
				LIBRARY_SEARCH_PATHS_QUOTED_FOR_TARGET_24 = "\"$(SRCROOT)/../../../addons/ofxOsc/libs/oscpack/lib/win_cb\"";
				LIBRARY_SEARCH_PATHS_QUOTED_FOR_TARGET_25 = "\"$(SRCROOT)/../addons/ofxKinect/libs/libusb/osx/libs\"";
				LIBRARY_SEARCH_PATHS_QUOTED_FOR_TARGET_26 = "\"$(SRCROOT)/../addons/ofxKinect/libs/libusb/osx/libs\"";
				LIBRARY_SEARCH_PATHS_QUOTED_FOR_TARGET_27 = "\"$(SRCROOT)/../../../addons/ofxOpenCv/libs/opencv/lib/osx\"";
				LIBRARY_SEARCH_PATHS_QUOTED_FOR_TARGET_3 = "\"$(SRCROOT)/../../../libs/glew/libs/osx\"";
				LIBRARY_SEARCH_PATHS_QUOTED_FOR_TARGET_4 = "";
				LIBRARY_SEARCH_PATHS_QUOTED_FOR_TARGET_5 = "\"$(SRCROOT)/../../../libs/poco/lib/osx\"";
				LIBRARY_SEARCH_PATHS_QUOTED_FOR_TARGET_6 = "\"$(SRCROOT)/../../../libs/rtAudio/lib/osx\"";
				LIBRARY_SEARCH_PATHS_QUOTED_FOR_TARGET_7 = "\"$(SRCROOT)/../../../libs/glew/libs/osx\"";
				LIBRARY_SEARCH_PATHS_QUOTED_FOR_TARGET_8 = "\"$(SRCROOT)/../../../addons/ofxOpenCv/libs/opencv/lib/android/armeabi\"";
				LIBRARY_SEARCH_PATHS_QUOTED_FOR_TARGET_9 = "\"$(SRCROOT)/../../../addons/ofxOpenCv/libs/opencv/lib/android/armeabi-v7a\"";
				PREBINDING = NO;
				PRODUCT_NAME = "$(TARGET_NAME)Debug";
				WRAPPER_EXTENSION = app;
				ZERO_LINK = NO;
			};
			name = Debug;
		};
		E4B69B610A3A1757003C02F2 /* Release */ = {
			isa = XCBuildConfiguration;
			buildSettings = {
				COPY_PHASE_STRIP = YES;
				FRAMEWORK_SEARCH_PATHS = (
					"$(inherited)",
					"$(FRAMEWORK_SEARCH_PATHS_QUOTED_FOR_TARGET_1)",
					"$(FRAMEWORK_SEARCH_PATHS_QUOTED_FOR_TARGET_2)",
				);
				FRAMEWORK_SEARCH_PATHS_QUOTED_FOR_TARGET_1 = "\"$(SRCROOT)/../../../libs/glut/lib/osx\"";
				FRAMEWORK_SEARCH_PATHS_QUOTED_FOR_TARGET_2 = "\"$(SYSTEM_LIBRARY_DIR)/PrivateFrameworks\"";
				GCC_ENABLE_FIX_AND_CONTINUE = NO;
				GCC_GENERATE_DEBUGGING_SYMBOLS = NO;
				GCC_MODEL_TUNING = G4;
				GCC_PRECOMPILE_PREFIX_HEADER = YES;
				GCC_PREFIX_HEADER = "$(SYSTEM_LIBRARY_DIR)/Frameworks/Carbon.framework/Headers/Carbon.h";
				HEADER_SEARCH_PATHS = (
					../../../libs/tess2/include,
					../../../libs/glew/include,
					../../../addons/ofxOsc/libs/include,
					../addons/ofxKinect/libs/libusb/osx/include,
					../../../addons/ofxOpenCv/libs/opencv/include,
					"../../../libs/openFrameworks/**",
					../../../libs/freetype/include/,
					../../../libs/freetype/include/freetype2,
					../../../libs/poco/include,
					../../../addons/,
					"../../../libs/glew/include/GL/**",
					"../../../libs/assimp/include/**",
					"../../../libs/fmodex/include/**",
					"../../../libs/freeimage/include/**",
				);
				INFOPLIST_FILE = "openFrameworks-Info.plist";
				INSTALL_PATH = "$(HOME)/Applications";
				LIBRARY_SEARCH_PATHS = (
					"$(inherited)",
					"$(LIBRARY_SEARCH_PATHS_QUOTED_FOR_TARGET_1)",
					"$(LIBRARY_SEARCH_PATHS_QUOTED_FOR_TARGET_2)",
					"$(LIBRARY_SEARCH_PATHS_QUOTED_FOR_TARGET_3)",
					"$(LIBRARY_SEARCH_PATHS_QUOTED_FOR_TARGET_4)",
					"$(LIBRARY_SEARCH_PATHS_QUOTED_FOR_TARGET_5)",
					"$(LIBRARY_SEARCH_PATHS_QUOTED_FOR_TARGET_6)",
					"$(LIBRARY_SEARCH_PATHS_QUOTED_FOR_TARGET_7)",
					"$(LIBRARY_SEARCH_PATHS_QUOTED_FOR_TARGET_8)",
					"$(LIBRARY_SEARCH_PATHS_QUOTED_FOR_TARGET_9)",
					"$(LIBRARY_SEARCH_PATHS_QUOTED_FOR_TARGET_10)",
					"$(LIBRARY_SEARCH_PATHS_QUOTED_FOR_TARGET_11)",
					"$(LIBRARY_SEARCH_PATHS_QUOTED_FOR_TARGET_12)",
					"$(LIBRARY_SEARCH_PATHS_QUOTED_FOR_TARGET_13)",
					"$(LIBRARY_SEARCH_PATHS_QUOTED_FOR_TARGET_14)",
					"$(LIBRARY_SEARCH_PATHS_QUOTED_FOR_TARGET_15)",
					"$(LIBRARY_SEARCH_PATHS_QUOTED_FOR_TARGET_2)",
					"$(LIBRARY_SEARCH_PATHS_QUOTED_1)",
					"$(LIBRARY_SEARCH_PATHS_QUOTED_FOR_TARGET_3)",
					"$(LIBRARY_SEARCH_PATHS_QUOTED_FOR_TARGET_7)",
					"$(LIBRARY_SEARCH_PATHS_QUOTED_FOR_TARGET_8)",
					"$(LIBRARY_SEARCH_PATHS_QUOTED_FOR_TARGET_9)",
					"$(LIBRARY_SEARCH_PATHS_QUOTED_FOR_TARGET_10)",
					"$(LIBRARY_SEARCH_PATHS_QUOTED_FOR_TARGET_11)",
					"$(LIBRARY_SEARCH_PATHS_QUOTED_FOR_TARGET_12)",
					"$(LIBRARY_SEARCH_PATHS_QUOTED_FOR_TARGET_13)",
					"$(LIBRARY_SEARCH_PATHS_QUOTED_FOR_TARGET_16)",
					"$(LIBRARY_SEARCH_PATHS_QUOTED_2)",
					"$(LIBRARY_SEARCH_PATHS_QUOTED_3)",
					"$(LIBRARY_SEARCH_PATHS_QUOTED_4)",
					"$(LIBRARY_SEARCH_PATHS_QUOTED_5)",
					"$(LIBRARY_SEARCH_PATHS_QUOTED_6)",
					"$(LIBRARY_SEARCH_PATHS_QUOTED_7)",
					"$(LIBRARY_SEARCH_PATHS_QUOTED_8)",
					"$(LIBRARY_SEARCH_PATHS_QUOTED_9)",
					"$(LIBRARY_SEARCH_PATHS_QUOTED_FOR_TARGET_17)",
					"$(LIBRARY_SEARCH_PATHS_QUOTED_FOR_TARGET_18)",
				);
				LIBRARY_SEARCH_PATHS_QUOTED_1 = "\"$(SRCROOT)/../../../libs/glew/libs/osx\"";
				LIBRARY_SEARCH_PATHS_QUOTED_2 = "\"$(SRCROOT)/../../../addons/ofxOsc/libs/oscpack/lib/android/arm7\"";
				LIBRARY_SEARCH_PATHS_QUOTED_3 = "\"$(SRCROOT)/../../../addons/ofxOsc/libs/oscpack/lib/android\"";
				LIBRARY_SEARCH_PATHS_QUOTED_4 = "\"$(SRCROOT)/../../../addons/ofxOsc/libs/oscpack/lib/linux\"";
				LIBRARY_SEARCH_PATHS_QUOTED_5 = "\"$(SRCROOT)/../../../addons/ofxOsc/libs/oscpack/lib/linux64\"";
				LIBRARY_SEARCH_PATHS_QUOTED_6 = "\"$(SRCROOT)/../../../addons/ofxOsc/libs/oscpack/lib/osx\"";
				LIBRARY_SEARCH_PATHS_QUOTED_7 = "\"$(SRCROOT)/../../../addons/ofxOsc/libs/oscpack/lib/vs2010\"";
				LIBRARY_SEARCH_PATHS_QUOTED_8 = "\"$(SRCROOT)/../../../addons/ofxOsc/libs/oscpack/lib/win_cb\"";
				LIBRARY_SEARCH_PATHS_QUOTED_9 = "\"$(SRCROOT)/../addons/ofxKinect/libs/libusb/osx/libs\"";
				LIBRARY_SEARCH_PATHS_QUOTED_FOR_TARGET_1 = "\"$(SRCROOT)/../../../libs/freeimage/lib/osx\"";
				LIBRARY_SEARCH_PATHS_QUOTED_FOR_TARGET_10 = "\"$(SRCROOT)/../../../addons/ofxOpenCv/libs/opencv/lib/linux\"";
				LIBRARY_SEARCH_PATHS_QUOTED_FOR_TARGET_11 = "\"$(SRCROOT)/../../../addons/ofxOpenCv/libs/opencv/lib/linux64\"";
				LIBRARY_SEARCH_PATHS_QUOTED_FOR_TARGET_12 = "\"$(SRCROOT)/../../../addons/ofxOpenCv/libs/opencv/lib/osx\"";
				LIBRARY_SEARCH_PATHS_QUOTED_FOR_TARGET_13 = "\"$(SRCROOT)/../../../addons/ofxOpenCv/libs/opencv/lib/vs2010\"";
				LIBRARY_SEARCH_PATHS_QUOTED_FOR_TARGET_14 = "\"$(SRCROOT)/../../../libs/fmodex/lib/osx\"";
				LIBRARY_SEARCH_PATHS_QUOTED_FOR_TARGET_15 = "\"$(SRCROOT)/../../../libs/freetype/lib/osx\"";
				LIBRARY_SEARCH_PATHS_QUOTED_FOR_TARGET_16 = "\"$(SRCROOT)/../../../addons/ofxOpenCv/libs/opencv/lib/win_cb\"";
				LIBRARY_SEARCH_PATHS_QUOTED_FOR_TARGET_17 = "\"$(SRCROOT)/../addons/ofxKinect/libs/libusb/osx/libs\"";
				LIBRARY_SEARCH_PATHS_QUOTED_FOR_TARGET_18 = "\"$(SRCROOT)/../../../addons/ofxOpenCv/libs/opencv/lib/osx\"";
				LIBRARY_SEARCH_PATHS_QUOTED_FOR_TARGET_2 = "\"$(SRCROOT)/../../../libs/FreeImage/lib/osx\"";
				LIBRARY_SEARCH_PATHS_QUOTED_FOR_TARGET_3 = "\"$(SRCROOT)/../../../libs/glew/libs/osx\"";
				LIBRARY_SEARCH_PATHS_QUOTED_FOR_TARGET_4 = "";
				LIBRARY_SEARCH_PATHS_QUOTED_FOR_TARGET_5 = "\"$(SRCROOT)/../../../libs/poco/lib/osx\"";
				LIBRARY_SEARCH_PATHS_QUOTED_FOR_TARGET_6 = "\"$(SRCROOT)/../../../libs/rtAudio/lib/osx\"";
				LIBRARY_SEARCH_PATHS_QUOTED_FOR_TARGET_7 = "\"$(SRCROOT)/../../../addons/ofxOpenCv/libs/opencv/lib/android/armeabi\"";
				LIBRARY_SEARCH_PATHS_QUOTED_FOR_TARGET_8 = "\"$(SRCROOT)/../../../addons/ofxOpenCv/libs/opencv/lib/android/armeabi-v7a\"";
				LIBRARY_SEARCH_PATHS_QUOTED_FOR_TARGET_9 = "\"$(SRCROOT)/../../../addons/ofxOpenCv/libs/opencv/lib/iphone\"";
				PREBINDING = NO;
				PRODUCT_NAME = "$(TARGET_NAME)";
				WRAPPER_EXTENSION = app;
				ZERO_LINK = NO;
			};
			name = Release;
		};
/* End XCBuildConfiguration section */

/* Begin XCConfigurationList section */
		E4B69B4D0A3A1720003C02F2 /* Build configuration list for PBXProject "SomanticsMac" */ = {
			isa = XCConfigurationList;
			buildConfigurations = (
				E4B69B4E0A3A1720003C02F2 /* Debug */,
				E4B69B4F0A3A1720003C02F2 /* Release */,
			);
			defaultConfigurationIsVisible = 0;
			defaultConfigurationName = Release;
		};
		E4B69B5F0A3A1757003C02F2 /* Build configuration list for PBXNativeTarget "emptyExample" */ = {
			isa = XCConfigurationList;
			buildConfigurations = (
				E4B69B600A3A1757003C02F2 /* Debug */,
				E4B69B610A3A1757003C02F2 /* Release */,
			);
			defaultConfigurationIsVisible = 0;
			defaultConfigurationName = Release;
		};
/* End XCConfigurationList section */
	};
	rootObject = E4B69B4C0A3A1720003C02F2 /* Project object */;
}
