// !$*UTF8*$!
{
	archiveVersion = 1;
	classes = {
	};
	objectVersion = 42;
	objects = {

/* Begin PBXBuildFile section */
		BBAB23CB13894F3D00AA2426 /* GLUT.framework in CopyFiles */ = {isa = PBXBuildFile; fileRef = BBAB23BE13894E4700AA2426 /* GLUT.framework */; };
		E4328149138ABC9F0047C5CB /* openFrameworksDebug.a in Frameworks */ = {isa = PBXBuildFile; fileRef = E4328148138ABC890047C5CB /* openFrameworksDebug.a */; };
		E45BE97B0E8CC7DD009D7055 /* AGL.framework in Frameworks */ = {isa = PBXBuildFile; fileRef = E45BE9710E8CC7DD009D7055 /* AGL.framework */; };
		E45BE97C0E8CC7DD009D7055 /* ApplicationServices.framework in Frameworks */ = {isa = PBXBuildFile; fileRef = E45BE9720E8CC7DD009D7055 /* ApplicationServices.framework */; };
		E45BE97D0E8CC7DD009D7055 /* AudioToolbox.framework in Frameworks */ = {isa = PBXBuildFile; fileRef = E45BE9730E8CC7DD009D7055 /* AudioToolbox.framework */; };
		E45BE97E0E8CC7DD009D7055 /* Carbon.framework in Frameworks */ = {isa = PBXBuildFile; fileRef = E45BE9740E8CC7DD009D7055 /* Carbon.framework */; };
		E45BE97F0E8CC7DD009D7055 /* CoreAudio.framework in Frameworks */ = {isa = PBXBuildFile; fileRef = E45BE9750E8CC7DD009D7055 /* CoreAudio.framework */; };
		E45BE9800E8CC7DD009D7055 /* CoreFoundation.framework in Frameworks */ = {isa = PBXBuildFile; fileRef = E45BE9760E8CC7DD009D7055 /* CoreFoundation.framework */; };
		E45BE9810E8CC7DD009D7055 /* CoreServices.framework in Frameworks */ = {isa = PBXBuildFile; fileRef = E45BE9770E8CC7DD009D7055 /* CoreServices.framework */; };
		E45BE9830E8CC7DD009D7055 /* OpenGL.framework in Frameworks */ = {isa = PBXBuildFile; fileRef = E45BE9790E8CC7DD009D7055 /* OpenGL.framework */; };
		E45BE9840E8CC7DD009D7055 /* QuickTime.framework in Frameworks */ = {isa = PBXBuildFile; fileRef = E45BE97A0E8CC7DD009D7055 /* QuickTime.framework */; };
		E4B69E200A3A1BDC003C02F2 /* main.cpp in Sources */ = {isa = PBXBuildFile; fileRef = E4B69E1D0A3A1BDC003C02F2 /* main.cpp */; };
		E4B69E210A3A1BDC003C02F2 /* testApp.cpp in Sources */ = {isa = PBXBuildFile; fileRef = E4B69E1E0A3A1BDC003C02F2 /* testApp.cpp */; };
		E4C2424710CC5A17004149E2 /* AppKit.framework in Frameworks */ = {isa = PBXBuildFile; fileRef = E4C2424410CC5A17004149E2 /* AppKit.framework */; };
		E4C2424810CC5A17004149E2 /* Cocoa.framework in Frameworks */ = {isa = PBXBuildFile; fileRef = E4C2424510CC5A17004149E2 /* Cocoa.framework */; };
		E4C2424910CC5A17004149E2 /* IOKit.framework in Frameworks */ = {isa = PBXBuildFile; fileRef = E4C2424610CC5A17004149E2 /* IOKit.framework */; };
		E4EB6799138ADC1D00A09F29 /* GLUT.framework in Frameworks */ = {isa = PBXBuildFile; fileRef = BBAB23BE13894E4700AA2426 /* GLUT.framework */; };
		EA33D10B156E3DCE00ECF668 /* b2BroadPhase.cpp in Sources */ = {isa = PBXBuildFile; fileRef = EA33D0A8156E3DCE00ECF668 /* b2BroadPhase.cpp */; };
		EA33D10C156E3DCE00ECF668 /* b2CollideCircle.cpp in Sources */ = {isa = PBXBuildFile; fileRef = EA33D0AA156E3DCE00ECF668 /* b2CollideCircle.cpp */; };
		EA33D10D156E3DCE00ECF668 /* b2CollidePolygon.cpp in Sources */ = {isa = PBXBuildFile; fileRef = EA33D0AB156E3DCE00ECF668 /* b2CollidePolygon.cpp */; };
		EA33D10E156E3DCE00ECF668 /* b2Collision.cpp in Sources */ = {isa = PBXBuildFile; fileRef = EA33D0AC156E3DCE00ECF668 /* b2Collision.cpp */; };
		EA33D10F156E3DCE00ECF668 /* b2Distance.cpp in Sources */ = {isa = PBXBuildFile; fileRef = EA33D0AE156E3DCE00ECF668 /* b2Distance.cpp */; };
		EA33D110156E3DCE00ECF668 /* b2DynamicTree.cpp in Sources */ = {isa = PBXBuildFile; fileRef = EA33D0B0156E3DCE00ECF668 /* b2DynamicTree.cpp */; };
		EA33D111156E3DCE00ECF668 /* b2TimeOfImpact.cpp in Sources */ = {isa = PBXBuildFile; fileRef = EA33D0B2156E3DCE00ECF668 /* b2TimeOfImpact.cpp */; };
		EA33D112156E3DCE00ECF668 /* b2CircleShape.cpp in Sources */ = {isa = PBXBuildFile; fileRef = EA33D0B5156E3DCE00ECF668 /* b2CircleShape.cpp */; };
		EA33D113156E3DCE00ECF668 /* b2PolygonShape.cpp in Sources */ = {isa = PBXBuildFile; fileRef = EA33D0B7156E3DCE00ECF668 /* b2PolygonShape.cpp */; };
		EA33D114156E3DCE00ECF668 /* b2BlockAllocator.cpp in Sources */ = {isa = PBXBuildFile; fileRef = EA33D0BB156E3DCE00ECF668 /* b2BlockAllocator.cpp */; };
		EA33D115156E3DCE00ECF668 /* b2Math.cpp in Sources */ = {isa = PBXBuildFile; fileRef = EA33D0BD156E3DCE00ECF668 /* b2Math.cpp */; };
		EA33D116156E3DCE00ECF668 /* b2Settings.cpp in Sources */ = {isa = PBXBuildFile; fileRef = EA33D0BF156E3DCE00ECF668 /* b2Settings.cpp */; };
		EA33D117156E3DCE00ECF668 /* b2StackAllocator.cpp in Sources */ = {isa = PBXBuildFile; fileRef = EA33D0C1156E3DCE00ECF668 /* b2StackAllocator.cpp */; };
		EA33D118156E3DCE00ECF668 /* b2Body.cpp in Sources */ = {isa = PBXBuildFile; fileRef = EA33D0C4156E3DCE00ECF668 /* b2Body.cpp */; };
		EA33D119156E3DCE00ECF668 /* b2ContactManager.cpp in Sources */ = {isa = PBXBuildFile; fileRef = EA33D0C6156E3DCE00ECF668 /* b2ContactManager.cpp */; };
		EA33D11A156E3DCE00ECF668 /* b2Fixture.cpp in Sources */ = {isa = PBXBuildFile; fileRef = EA33D0C8156E3DCE00ECF668 /* b2Fixture.cpp */; };
		EA33D11B156E3DCE00ECF668 /* b2Island.cpp in Sources */ = {isa = PBXBuildFile; fileRef = EA33D0CA156E3DCE00ECF668 /* b2Island.cpp */; };
		EA33D11C156E3DCE00ECF668 /* b2World.cpp in Sources */ = {isa = PBXBuildFile; fileRef = EA33D0CD156E3DCE00ECF668 /* b2World.cpp */; };
		EA33D11D156E3DCE00ECF668 /* b2WorldCallbacks.cpp in Sources */ = {isa = PBXBuildFile; fileRef = EA33D0CF156E3DCE00ECF668 /* b2WorldCallbacks.cpp */; };
		EA33D11E156E3DCE00ECF668 /* b2CircleContact.cpp in Sources */ = {isa = PBXBuildFile; fileRef = EA33D0D2156E3DCE00ECF668 /* b2CircleContact.cpp */; };
		EA33D11F156E3DCE00ECF668 /* b2Contact.cpp in Sources */ = {isa = PBXBuildFile; fileRef = EA33D0D4156E3DCE00ECF668 /* b2Contact.cpp */; };
		EA33D120156E3DCE00ECF668 /* b2ContactSolver.cpp in Sources */ = {isa = PBXBuildFile; fileRef = EA33D0D6156E3DCE00ECF668 /* b2ContactSolver.cpp */; };
		EA33D121156E3DCE00ECF668 /* b2PolygonAndCircleContact.cpp in Sources */ = {isa = PBXBuildFile; fileRef = EA33D0D8156E3DCE00ECF668 /* b2PolygonAndCircleContact.cpp */; };
		EA33D122156E3DCE00ECF668 /* b2PolygonContact.cpp in Sources */ = {isa = PBXBuildFile; fileRef = EA33D0DA156E3DCE00ECF668 /* b2PolygonContact.cpp */; };
		EA33D123156E3DCE00ECF668 /* b2TOISolver.cpp in Sources */ = {isa = PBXBuildFile; fileRef = EA33D0DC156E3DCE00ECF668 /* b2TOISolver.cpp */; };
		EA33D124156E3DCE00ECF668 /* b2DistanceJoint.cpp in Sources */ = {isa = PBXBuildFile; fileRef = EA33D0DF156E3DCE00ECF668 /* b2DistanceJoint.cpp */; };
		EA33D125156E3DCE00ECF668 /* b2FrictionJoint.cpp in Sources */ = {isa = PBXBuildFile; fileRef = EA33D0E1156E3DCE00ECF668 /* b2FrictionJoint.cpp */; };
		EA33D126156E3DCE00ECF668 /* b2GearJoint.cpp in Sources */ = {isa = PBXBuildFile; fileRef = EA33D0E3156E3DCE00ECF668 /* b2GearJoint.cpp */; };
		EA33D127156E3DCE00ECF668 /* b2Joint.cpp in Sources */ = {isa = PBXBuildFile; fileRef = EA33D0E5156E3DCE00ECF668 /* b2Joint.cpp */; };
		EA33D128156E3DCE00ECF668 /* b2LineJoint.cpp in Sources */ = {isa = PBXBuildFile; fileRef = EA33D0E7156E3DCE00ECF668 /* b2LineJoint.cpp */; };
		EA33D129156E3DCE00ECF668 /* b2MouseJoint.cpp in Sources */ = {isa = PBXBuildFile; fileRef = EA33D0E9156E3DCE00ECF668 /* b2MouseJoint.cpp */; };
		EA33D12A156E3DCE00ECF668 /* b2PrismaticJoint.cpp in Sources */ = {isa = PBXBuildFile; fileRef = EA33D0EB156E3DCE00ECF668 /* b2PrismaticJoint.cpp */; };
		EA33D12B156E3DCE00ECF668 /* b2PulleyJoint.cpp in Sources */ = {isa = PBXBuildFile; fileRef = EA33D0ED156E3DCE00ECF668 /* b2PulleyJoint.cpp */; };
		EA33D12C156E3DCE00ECF668 /* b2RevoluteJoint.cpp in Sources */ = {isa = PBXBuildFile; fileRef = EA33D0EF156E3DCE00ECF668 /* b2RevoluteJoint.cpp */; };
		EA33D12D156E3DCE00ECF668 /* b2WeldJoint.cpp in Sources */ = {isa = PBXBuildFile; fileRef = EA33D0F1156E3DCE00ECF668 /* b2WeldJoint.cpp */; };
		EA33D12E156E3DCE00ECF668 /* del_impl.cpp in Sources */ = {isa = PBXBuildFile; fileRef = EA33D0F5156E3DCE00ECF668 /* del_impl.cpp */; };
		EA33D12F156E3DCE00ECF668 /* ofxBox2d.cpp in Sources */ = {isa = PBXBuildFile; fileRef = EA33D0FB156E3DCE00ECF668 /* ofxBox2d.cpp */; };
		EA33D130156E3DCE00ECF668 /* ofxBox2dBaseShape.cpp in Sources */ = {isa = PBXBuildFile; fileRef = EA33D0FD156E3DCE00ECF668 /* ofxBox2dBaseShape.cpp */; };
		EA33D131156E3DCE00ECF668 /* ofxBox2dCircle.cpp in Sources */ = {isa = PBXBuildFile; fileRef = EA33D0FF156E3DCE00ECF668 /* ofxBox2dCircle.cpp */; };
		EA33D132156E3DCE00ECF668 /* ofxBox2dJoint.cpp in Sources */ = {isa = PBXBuildFile; fileRef = EA33D102156E3DCE00ECF668 /* ofxBox2dJoint.cpp */; };
		EA33D133156E3DCE00ECF668 /* ofxBox2dPolygon.cpp in Sources */ = {isa = PBXBuildFile; fileRef = EA33D104156E3DCE00ECF668 /* ofxBox2dPolygon.cpp */; };
		EA33D134156E3DCE00ECF668 /* ofxBox2dRect.cpp in Sources */ = {isa = PBXBuildFile; fileRef = EA33D107156E3DCE00ECF668 /* ofxBox2dRect.cpp */; };
/* End PBXBuildFile section */

/* Begin PBXContainerItemProxy section */
		E4328147138ABC890047C5CB /* PBXContainerItemProxy */ = {
			isa = PBXContainerItemProxy;
			containerPortal = E4328143138ABC890047C5CB /* openFrameworksLib.xcodeproj */;
			proxyType = 2;
			remoteGlobalIDString = E4B27C1510CBEB8E00536013;
			remoteInfo = openFrameworks;
		};
		E4EEB9AB138B136A00A80321 /* PBXContainerItemProxy */ = {
			isa = PBXContainerItemProxy;
			containerPortal = E4328143138ABC890047C5CB /* openFrameworksLib.xcodeproj */;
			proxyType = 1;
			remoteGlobalIDString = E4B27C1410CBEB8E00536013;
			remoteInfo = openFrameworks;
		};
/* End PBXContainerItemProxy section */

/* Begin PBXCopyFilesBuildPhase section */
		E4C2427710CC5ABF004149E2 /* CopyFiles */ = {
			isa = PBXCopyFilesBuildPhase;
			buildActionMask = 2147483647;
			dstPath = "";
			dstSubfolderSpec = 10;
			files = (
				BBAB23CB13894F3D00AA2426 /* GLUT.framework in CopyFiles */,
			);
			runOnlyForDeploymentPostprocessing = 0;
		};
/* End PBXCopyFilesBuildPhase section */

/* Begin PBXFileReference section */
		BBAB23BE13894E4700AA2426 /* GLUT.framework */ = {isa = PBXFileReference; lastKnownFileType = wrapper.framework; name = GLUT.framework; path = ../../../libs/glut/lib/osx/GLUT.framework; sourceTree = "<group>"; };
		E4328143138ABC890047C5CB /* openFrameworksLib.xcodeproj */ = {isa = PBXFileReference; lastKnownFileType = "wrapper.pb-project"; name = openFrameworksLib.xcodeproj; path = ../../../libs/openFrameworksCompiled/project/osx/openFrameworksLib.xcodeproj; sourceTree = SOURCE_ROOT; };
		E45BE9710E8CC7DD009D7055 /* AGL.framework */ = {isa = PBXFileReference; lastKnownFileType = wrapper.framework; name = AGL.framework; path = /System/Library/Frameworks/AGL.framework; sourceTree = "<absolute>"; };
		E45BE9720E8CC7DD009D7055 /* ApplicationServices.framework */ = {isa = PBXFileReference; lastKnownFileType = wrapper.framework; name = ApplicationServices.framework; path = /System/Library/Frameworks/ApplicationServices.framework; sourceTree = "<absolute>"; };
		E45BE9730E8CC7DD009D7055 /* AudioToolbox.framework */ = {isa = PBXFileReference; lastKnownFileType = wrapper.framework; name = AudioToolbox.framework; path = /System/Library/Frameworks/AudioToolbox.framework; sourceTree = "<absolute>"; };
		E45BE9740E8CC7DD009D7055 /* Carbon.framework */ = {isa = PBXFileReference; lastKnownFileType = wrapper.framework; name = Carbon.framework; path = /System/Library/Frameworks/Carbon.framework; sourceTree = "<absolute>"; };
		E45BE9750E8CC7DD009D7055 /* CoreAudio.framework */ = {isa = PBXFileReference; lastKnownFileType = wrapper.framework; name = CoreAudio.framework; path = /System/Library/Frameworks/CoreAudio.framework; sourceTree = "<absolute>"; };
		E45BE9760E8CC7DD009D7055 /* CoreFoundation.framework */ = {isa = PBXFileReference; lastKnownFileType = wrapper.framework; name = CoreFoundation.framework; path = /System/Library/Frameworks/CoreFoundation.framework; sourceTree = "<absolute>"; };
		E45BE9770E8CC7DD009D7055 /* CoreServices.framework */ = {isa = PBXFileReference; lastKnownFileType = wrapper.framework; name = CoreServices.framework; path = /System/Library/Frameworks/CoreServices.framework; sourceTree = "<absolute>"; };
		E45BE9790E8CC7DD009D7055 /* OpenGL.framework */ = {isa = PBXFileReference; lastKnownFileType = wrapper.framework; name = OpenGL.framework; path = /System/Library/Frameworks/OpenGL.framework; sourceTree = "<absolute>"; };
		E45BE97A0E8CC7DD009D7055 /* QuickTime.framework */ = {isa = PBXFileReference; lastKnownFileType = wrapper.framework; name = QuickTime.framework; path = /System/Library/Frameworks/QuickTime.framework; sourceTree = "<absolute>"; };
		E4B69B5B0A3A1756003C02F2 /* ofxBox2dExampleDebug.app */ = {isa = PBXFileReference; explicitFileType = wrapper.application; includeInIndex = 0; path = ofxBox2dExampleDebug.app; sourceTree = BUILT_PRODUCTS_DIR; };
		E4B69E1D0A3A1BDC003C02F2 /* main.cpp */ = {isa = PBXFileReference; fileEncoding = 30; lastKnownFileType = sourcecode.cpp.cpp; name = main.cpp; path = src/main.cpp; sourceTree = SOURCE_ROOT; };
		E4B69E1E0A3A1BDC003C02F2 /* testApp.cpp */ = {isa = PBXFileReference; explicitFileType = sourcecode.cpp.cpp; fileEncoding = 30; name = testApp.cpp; path = src/testApp.cpp; sourceTree = SOURCE_ROOT; };
		E4B69E1F0A3A1BDC003C02F2 /* testApp.h */ = {isa = PBXFileReference; fileEncoding = 30; lastKnownFileType = sourcecode.c.h; name = testApp.h; path = src/testApp.h; sourceTree = SOURCE_ROOT; };
		E4B6FCAD0C3E899E008CF71C /* openFrameworks-Info.plist */ = {isa = PBXFileReference; fileEncoding = 30; lastKnownFileType = text.plist.xml; path = "openFrameworks-Info.plist"; sourceTree = "<group>"; };
		E4C2424410CC5A17004149E2 /* AppKit.framework */ = {isa = PBXFileReference; lastKnownFileType = wrapper.framework; name = AppKit.framework; path = /System/Library/Frameworks/AppKit.framework; sourceTree = "<absolute>"; };
		E4C2424510CC5A17004149E2 /* Cocoa.framework */ = {isa = PBXFileReference; lastKnownFileType = wrapper.framework; name = Cocoa.framework; path = /System/Library/Frameworks/Cocoa.framework; sourceTree = "<absolute>"; };
		E4C2424610CC5A17004149E2 /* IOKit.framework */ = {isa = PBXFileReference; lastKnownFileType = wrapper.framework; name = IOKit.framework; path = /System/Library/Frameworks/IOKit.framework; sourceTree = "<absolute>"; };
		E4EB691F138AFCF100A09F29 /* CoreOF.xcconfig */ = {isa = PBXFileReference; fileEncoding = 4; lastKnownFileType = text.xcconfig; name = CoreOF.xcconfig; path = ../../../libs/openFrameworksCompiled/project/osx/CoreOF.xcconfig; sourceTree = SOURCE_ROOT; };
		E4EB6923138AFD0F00A09F29 /* Project.xcconfig */ = {isa = PBXFileReference; fileEncoding = 4; lastKnownFileType = text.xcconfig; path = Project.xcconfig; sourceTree = "<group>"; };
		EA33D0A3156E3DCE00ECF668 /* install.xml */ = {isa = PBXFileReference; fileEncoding = 4; lastKnownFileType = text.xml; path = install.xml; sourceTree = "<group>"; };
		EA33D0A6156E3DCE00ECF668 /* Box2D.h */ = {isa = PBXFileReference; fileEncoding = 4; lastKnownFileType = sourcecode.c.h; path = Box2D.h; sourceTree = "<group>"; };
		EA33D0A8156E3DCE00ECF668 /* b2BroadPhase.cpp */ = {isa = PBXFileReference; fileEncoding = 4; lastKnownFileType = sourcecode.cpp.cpp; path = b2BroadPhase.cpp; sourceTree = "<group>"; };
		EA33D0A9156E3DCE00ECF668 /* b2BroadPhase.h */ = {isa = PBXFileReference; fileEncoding = 4; lastKnownFileType = sourcecode.c.h; path = b2BroadPhase.h; sourceTree = "<group>"; };
		EA33D0AA156E3DCE00ECF668 /* b2CollideCircle.cpp */ = {isa = PBXFileReference; fileEncoding = 4; lastKnownFileType = sourcecode.cpp.cpp; path = b2CollideCircle.cpp; sourceTree = "<group>"; };
		EA33D0AB156E3DCE00ECF668 /* b2CollidePolygon.cpp */ = {isa = PBXFileReference; fileEncoding = 4; lastKnownFileType = sourcecode.cpp.cpp; path = b2CollidePolygon.cpp; sourceTree = "<group>"; };
		EA33D0AC156E3DCE00ECF668 /* b2Collision.cpp */ = {isa = PBXFileReference; fileEncoding = 4; lastKnownFileType = sourcecode.cpp.cpp; path = b2Collision.cpp; sourceTree = "<group>"; };
		EA33D0AD156E3DCE00ECF668 /* b2Collision.h */ = {isa = PBXFileReference; fileEncoding = 4; lastKnownFileType = sourcecode.c.h; path = b2Collision.h; sourceTree = "<group>"; };
		EA33D0AE156E3DCE00ECF668 /* b2Distance.cpp */ = {isa = PBXFileReference; fileEncoding = 4; lastKnownFileType = sourcecode.cpp.cpp; path = b2Distance.cpp; sourceTree = "<group>"; };
		EA33D0AF156E3DCE00ECF668 /* b2Distance.h */ = {isa = PBXFileReference; fileEncoding = 4; lastKnownFileType = sourcecode.c.h; path = b2Distance.h; sourceTree = "<group>"; };
		EA33D0B0156E3DCE00ECF668 /* b2DynamicTree.cpp */ = {isa = PBXFileReference; fileEncoding = 4; lastKnownFileType = sourcecode.cpp.cpp; path = b2DynamicTree.cpp; sourceTree = "<group>"; };
		EA33D0B1156E3DCE00ECF668 /* b2DynamicTree.h */ = {isa = PBXFileReference; fileEncoding = 4; lastKnownFileType = sourcecode.c.h; path = b2DynamicTree.h; sourceTree = "<group>"; };
		EA33D0B2156E3DCE00ECF668 /* b2TimeOfImpact.cpp */ = {isa = PBXFileReference; fileEncoding = 4; lastKnownFileType = sourcecode.cpp.cpp; path = b2TimeOfImpact.cpp; sourceTree = "<group>"; };
		EA33D0B3156E3DCE00ECF668 /* b2TimeOfImpact.h */ = {isa = PBXFileReference; fileEncoding = 4; lastKnownFileType = sourcecode.c.h; path = b2TimeOfImpact.h; sourceTree = "<group>"; };
		EA33D0B5156E3DCE00ECF668 /* b2CircleShape.cpp */ = {isa = PBXFileReference; fileEncoding = 4; lastKnownFileType = sourcecode.cpp.cpp; path = b2CircleShape.cpp; sourceTree = "<group>"; };
		EA33D0B6156E3DCE00ECF668 /* b2CircleShape.h */ = {isa = PBXFileReference; fileEncoding = 4; lastKnownFileType = sourcecode.c.h; path = b2CircleShape.h; sourceTree = "<group>"; };
		EA33D0B7156E3DCE00ECF668 /* b2PolygonShape.cpp */ = {isa = PBXFileReference; fileEncoding = 4; lastKnownFileType = sourcecode.cpp.cpp; path = b2PolygonShape.cpp; sourceTree = "<group>"; };
		EA33D0B8156E3DCE00ECF668 /* b2PolygonShape.h */ = {isa = PBXFileReference; fileEncoding = 4; lastKnownFileType = sourcecode.c.h; path = b2PolygonShape.h; sourceTree = "<group>"; };
		EA33D0B9156E3DCE00ECF668 /* b2Shape.h */ = {isa = PBXFileReference; fileEncoding = 4; lastKnownFileType = sourcecode.c.h; path = b2Shape.h; sourceTree = "<group>"; };
		EA33D0BB156E3DCE00ECF668 /* b2BlockAllocator.cpp */ = {isa = PBXFileReference; fileEncoding = 4; lastKnownFileType = sourcecode.cpp.cpp; path = b2BlockAllocator.cpp; sourceTree = "<group>"; };
		EA33D0BC156E3DCE00ECF668 /* b2BlockAllocator.h */ = {isa = PBXFileReference; fileEncoding = 4; lastKnownFileType = sourcecode.c.h; path = b2BlockAllocator.h; sourceTree = "<group>"; };
		EA33D0BD156E3DCE00ECF668 /* b2Math.cpp */ = {isa = PBXFileReference; fileEncoding = 4; lastKnownFileType = sourcecode.cpp.cpp; path = b2Math.cpp; sourceTree = "<group>"; };
		EA33D0BE156E3DCE00ECF668 /* b2Math.h */ = {isa = PBXFileReference; fileEncoding = 4; lastKnownFileType = sourcecode.c.h; path = b2Math.h; sourceTree = "<group>"; };
		EA33D0BF156E3DCE00ECF668 /* b2Settings.cpp */ = {isa = PBXFileReference; fileEncoding = 4; lastKnownFileType = sourcecode.cpp.cpp; path = b2Settings.cpp; sourceTree = "<group>"; };
		EA33D0C0156E3DCE00ECF668 /* b2Settings.h */ = {isa = PBXFileReference; fileEncoding = 4; lastKnownFileType = sourcecode.c.h; path = b2Settings.h; sourceTree = "<group>"; };
		EA33D0C1156E3DCE00ECF668 /* b2StackAllocator.cpp */ = {isa = PBXFileReference; fileEncoding = 4; lastKnownFileType = sourcecode.cpp.cpp; path = b2StackAllocator.cpp; sourceTree = "<group>"; };
		EA33D0C2156E3DCE00ECF668 /* b2StackAllocator.h */ = {isa = PBXFileReference; fileEncoding = 4; lastKnownFileType = sourcecode.c.h; path = b2StackAllocator.h; sourceTree = "<group>"; };
		EA33D0C4156E3DCE00ECF668 /* b2Body.cpp */ = {isa = PBXFileReference; fileEncoding = 4; lastKnownFileType = sourcecode.cpp.cpp; path = b2Body.cpp; sourceTree = "<group>"; };
		EA33D0C5156E3DCE00ECF668 /* b2Body.h */ = {isa = PBXFileReference; fileEncoding = 4; lastKnownFileType = sourcecode.c.h; path = b2Body.h; sourceTree = "<group>"; };
		EA33D0C6156E3DCE00ECF668 /* b2ContactManager.cpp */ = {isa = PBXFileReference; fileEncoding = 4; lastKnownFileType = sourcecode.cpp.cpp; path = b2ContactManager.cpp; sourceTree = "<group>"; };
		EA33D0C7156E3DCE00ECF668 /* b2ContactManager.h */ = {isa = PBXFileReference; fileEncoding = 4; lastKnownFileType = sourcecode.c.h; path = b2ContactManager.h; sourceTree = "<group>"; };
		EA33D0C8156E3DCE00ECF668 /* b2Fixture.cpp */ = {isa = PBXFileReference; fileEncoding = 4; lastKnownFileType = sourcecode.cpp.cpp; path = b2Fixture.cpp; sourceTree = "<group>"; };
		EA33D0C9156E3DCE00ECF668 /* b2Fixture.h */ = {isa = PBXFileReference; fileEncoding = 4; lastKnownFileType = sourcecode.c.h; path = b2Fixture.h; sourceTree = "<group>"; };
		EA33D0CA156E3DCE00ECF668 /* b2Island.cpp */ = {isa = PBXFileReference; fileEncoding = 4; lastKnownFileType = sourcecode.cpp.cpp; path = b2Island.cpp; sourceTree = "<group>"; };
		EA33D0CB156E3DCE00ECF668 /* b2Island.h */ = {isa = PBXFileReference; fileEncoding = 4; lastKnownFileType = sourcecode.c.h; path = b2Island.h; sourceTree = "<group>"; };
		EA33D0CC156E3DCE00ECF668 /* b2TimeStep.h */ = {isa = PBXFileReference; fileEncoding = 4; lastKnownFileType = sourcecode.c.h; path = b2TimeStep.h; sourceTree = "<group>"; };
		EA33D0CD156E3DCE00ECF668 /* b2World.cpp */ = {isa = PBXFileReference; fileEncoding = 4; lastKnownFileType = sourcecode.cpp.cpp; path = b2World.cpp; sourceTree = "<group>"; };
		EA33D0CE156E3DCE00ECF668 /* b2World.h */ = {isa = PBXFileReference; fileEncoding = 4; lastKnownFileType = sourcecode.c.h; path = b2World.h; sourceTree = "<group>"; };
		EA33D0CF156E3DCE00ECF668 /* b2WorldCallbacks.cpp */ = {isa = PBXFileReference; fileEncoding = 4; lastKnownFileType = sourcecode.cpp.cpp; path = b2WorldCallbacks.cpp; sourceTree = "<group>"; };
		EA33D0D0156E3DCE00ECF668 /* b2WorldCallbacks.h */ = {isa = PBXFileReference; fileEncoding = 4; lastKnownFileType = sourcecode.c.h; path = b2WorldCallbacks.h; sourceTree = "<group>"; };
		EA33D0D2156E3DCE00ECF668 /* b2CircleContact.cpp */ = {isa = PBXFileReference; fileEncoding = 4; lastKnownFileType = sourcecode.cpp.cpp; path = b2CircleContact.cpp; sourceTree = "<group>"; };
		EA33D0D3156E3DCE00ECF668 /* b2CircleContact.h */ = {isa = PBXFileReference; fileEncoding = 4; lastKnownFileType = sourcecode.c.h; path = b2CircleContact.h; sourceTree = "<group>"; };
		EA33D0D4156E3DCE00ECF668 /* b2Contact.cpp */ = {isa = PBXFileReference; fileEncoding = 4; lastKnownFileType = sourcecode.cpp.cpp; path = b2Contact.cpp; sourceTree = "<group>"; };
		EA33D0D5156E3DCE00ECF668 /* b2Contact.h */ = {isa = PBXFileReference; fileEncoding = 4; lastKnownFileType = sourcecode.c.h; path = b2Contact.h; sourceTree = "<group>"; };
		EA33D0D6156E3DCE00ECF668 /* b2ContactSolver.cpp */ = {isa = PBXFileReference; fileEncoding = 4; lastKnownFileType = sourcecode.cpp.cpp; path = b2ContactSolver.cpp; sourceTree = "<group>"; };
		EA33D0D7156E3DCE00ECF668 /* b2ContactSolver.h */ = {isa = PBXFileReference; fileEncoding = 4; lastKnownFileType = sourcecode.c.h; path = b2ContactSolver.h; sourceTree = "<group>"; };
		EA33D0D8156E3DCE00ECF668 /* b2PolygonAndCircleContact.cpp */ = {isa = PBXFileReference; fileEncoding = 4; lastKnownFileType = sourcecode.cpp.cpp; path = b2PolygonAndCircleContact.cpp; sourceTree = "<group>"; };
		EA33D0D9156E3DCE00ECF668 /* b2PolygonAndCircleContact.h */ = {isa = PBXFileReference; fileEncoding = 4; lastKnownFileType = sourcecode.c.h; path = b2PolygonAndCircleContact.h; sourceTree = "<group>"; };
		EA33D0DA156E3DCE00ECF668 /* b2PolygonContact.cpp */ = {isa = PBXFileReference; fileEncoding = 4; lastKnownFileType = sourcecode.cpp.cpp; path = b2PolygonContact.cpp; sourceTree = "<group>"; };
		EA33D0DB156E3DCE00ECF668 /* b2PolygonContact.h */ = {isa = PBXFileReference; fileEncoding = 4; lastKnownFileType = sourcecode.c.h; path = b2PolygonContact.h; sourceTree = "<group>"; };
		EA33D0DC156E3DCE00ECF668 /* b2TOISolver.cpp */ = {isa = PBXFileReference; fileEncoding = 4; lastKnownFileType = sourcecode.cpp.cpp; path = b2TOISolver.cpp; sourceTree = "<group>"; };
		EA33D0DD156E3DCE00ECF668 /* b2TOISolver.h */ = {isa = PBXFileReference; fileEncoding = 4; lastKnownFileType = sourcecode.c.h; path = b2TOISolver.h; sourceTree = "<group>"; };
		EA33D0DF156E3DCE00ECF668 /* b2DistanceJoint.cpp */ = {isa = PBXFileReference; fileEncoding = 4; lastKnownFileType = sourcecode.cpp.cpp; path = b2DistanceJoint.cpp; sourceTree = "<group>"; };
		EA33D0E0156E3DCE00ECF668 /* b2DistanceJoint.h */ = {isa = PBXFileReference; fileEncoding = 4; lastKnownFileType = sourcecode.c.h; path = b2DistanceJoint.h; sourceTree = "<group>"; };
		EA33D0E1156E3DCE00ECF668 /* b2FrictionJoint.cpp */ = {isa = PBXFileReference; fileEncoding = 4; lastKnownFileType = sourcecode.cpp.cpp; path = b2FrictionJoint.cpp; sourceTree = "<group>"; };
		EA33D0E2156E3DCE00ECF668 /* b2FrictionJoint.h */ = {isa = PBXFileReference; fileEncoding = 4; lastKnownFileType = sourcecode.c.h; path = b2FrictionJoint.h; sourceTree = "<group>"; };
		EA33D0E3156E3DCE00ECF668 /* b2GearJoint.cpp */ = {isa = PBXFileReference; fileEncoding = 4; lastKnownFileType = sourcecode.cpp.cpp; path = b2GearJoint.cpp; sourceTree = "<group>"; };
		EA33D0E4156E3DCE00ECF668 /* b2GearJoint.h */ = {isa = PBXFileReference; fileEncoding = 4; lastKnownFileType = sourcecode.c.h; path = b2GearJoint.h; sourceTree = "<group>"; };
		EA33D0E5156E3DCE00ECF668 /* b2Joint.cpp */ = {isa = PBXFileReference; fileEncoding = 4; lastKnownFileType = sourcecode.cpp.cpp; path = b2Joint.cpp; sourceTree = "<group>"; };
		EA33D0E6156E3DCE00ECF668 /* b2Joint.h */ = {isa = PBXFileReference; fileEncoding = 4; lastKnownFileType = sourcecode.c.h; path = b2Joint.h; sourceTree = "<group>"; };
		EA33D0E7156E3DCE00ECF668 /* b2LineJoint.cpp */ = {isa = PBXFileReference; fileEncoding = 4; lastKnownFileType = sourcecode.cpp.cpp; path = b2LineJoint.cpp; sourceTree = "<group>"; };
		EA33D0E8156E3DCE00ECF668 /* b2LineJoint.h */ = {isa = PBXFileReference; fileEncoding = 4; lastKnownFileType = sourcecode.c.h; path = b2LineJoint.h; sourceTree = "<group>"; };
		EA33D0E9156E3DCE00ECF668 /* b2MouseJoint.cpp */ = {isa = PBXFileReference; fileEncoding = 4; lastKnownFileType = sourcecode.cpp.cpp; path = b2MouseJoint.cpp; sourceTree = "<group>"; };
		EA33D0EA156E3DCE00ECF668 /* b2MouseJoint.h */ = {isa = PBXFileReference; fileEncoding = 4; lastKnownFileType = sourcecode.c.h; path = b2MouseJoint.h; sourceTree = "<group>"; };
		EA33D0EB156E3DCE00ECF668 /* b2PrismaticJoint.cpp */ = {isa = PBXFileReference; fileEncoding = 4; lastKnownFileType = sourcecode.cpp.cpp; path = b2PrismaticJoint.cpp; sourceTree = "<group>"; };
		EA33D0EC156E3DCE00ECF668 /* b2PrismaticJoint.h */ = {isa = PBXFileReference; fileEncoding = 4; lastKnownFileType = sourcecode.c.h; path = b2PrismaticJoint.h; sourceTree = "<group>"; };
		EA33D0ED156E3DCE00ECF668 /* b2PulleyJoint.cpp */ = {isa = PBXFileReference; fileEncoding = 4; lastKnownFileType = sourcecode.cpp.cpp; path = b2PulleyJoint.cpp; sourceTree = "<group>"; };
		EA33D0EE156E3DCE00ECF668 /* b2PulleyJoint.h */ = {isa = PBXFileReference; fileEncoding = 4; lastKnownFileType = sourcecode.c.h; path = b2PulleyJoint.h; sourceTree = "<group>"; };
		EA33D0EF156E3DCE00ECF668 /* b2RevoluteJoint.cpp */ = {isa = PBXFileReference; fileEncoding = 4; lastKnownFileType = sourcecode.cpp.cpp; path = b2RevoluteJoint.cpp; sourceTree = "<group>"; };
		EA33D0F0156E3DCE00ECF668 /* b2RevoluteJoint.h */ = {isa = PBXFileReference; fileEncoding = 4; lastKnownFileType = sourcecode.c.h; path = b2RevoluteJoint.h; sourceTree = "<group>"; };
		EA33D0F1156E3DCE00ECF668 /* b2WeldJoint.cpp */ = {isa = PBXFileReference; fileEncoding = 4; lastKnownFileType = sourcecode.cpp.cpp; path = b2WeldJoint.cpp; sourceTree = "<group>"; };
		EA33D0F2156E3DCE00ECF668 /* b2WeldJoint.h */ = {isa = PBXFileReference; fileEncoding = 4; lastKnownFileType = sourcecode.c.h; path = b2WeldJoint.h; sourceTree = "<group>"; };
		EA33D0F4156E3DCE00ECF668 /* assert.hpp */ = {isa = PBXFileReference; fileEncoding = 4; lastKnownFileType = sourcecode.cpp.h; path = assert.hpp; sourceTree = "<group>"; };
		EA33D0F5156E3DCE00ECF668 /* del_impl.cpp */ = {isa = PBXFileReference; fileEncoding = 4; lastKnownFileType = sourcecode.cpp.cpp; path = del_impl.cpp; sourceTree = "<group>"; };
		EA33D0F6156E3DCE00ECF668 /* del_interface.hpp */ = {isa = PBXFileReference; fileEncoding = 4; lastKnownFileType = sourcecode.cpp.h; path = del_interface.hpp; sourceTree = "<group>"; };
		EA33D0F7156E3DCE00ECF668 /* dpoint.hpp */ = {isa = PBXFileReference; fileEncoding = 4; lastKnownFileType = sourcecode.cpp.h; path = dpoint.hpp; sourceTree = "<group>"; };
		EA33D0F8156E3DCE00ECF668 /* triangle.h */ = {isa = PBXFileReference; fileEncoding = 4; lastKnownFileType = sourcecode.c.h; path = triangle.h; sourceTree = "<group>"; };
		EA33D0F9156E3DCE00ECF668 /* triangle_impl.hpp */ = {isa = PBXFileReference; fileEncoding = 4; lastKnownFileType = sourcecode.cpp.h; path = triangle_impl.hpp; sourceTree = "<group>"; };
		EA33D0FB156E3DCE00ECF668 /* ofxBox2d.cpp */ = {isa = PBXFileReference; fileEncoding = 4; lastKnownFileType = sourcecode.cpp.cpp; path = ofxBox2d.cpp; sourceTree = "<group>"; };
		EA33D0FC156E3DCE00ECF668 /* ofxBox2d.h */ = {isa = PBXFileReference; fileEncoding = 4; lastKnownFileType = sourcecode.c.h; path = ofxBox2d.h; sourceTree = "<group>"; };
		EA33D0FD156E3DCE00ECF668 /* ofxBox2dBaseShape.cpp */ = {isa = PBXFileReference; fileEncoding = 4; lastKnownFileType = sourcecode.cpp.cpp; path = ofxBox2dBaseShape.cpp; sourceTree = "<group>"; };
		EA33D0FE156E3DCE00ECF668 /* ofxBox2dBaseShape.h */ = {isa = PBXFileReference; fileEncoding = 4; lastKnownFileType = sourcecode.c.h; path = ofxBox2dBaseShape.h; sourceTree = "<group>"; };
		EA33D0FF156E3DCE00ECF668 /* ofxBox2dCircle.cpp */ = {isa = PBXFileReference; fileEncoding = 4; lastKnownFileType = sourcecode.cpp.cpp; path = ofxBox2dCircle.cpp; sourceTree = "<group>"; };
		EA33D100156E3DCE00ECF668 /* ofxBox2dCircle.h */ = {isa = PBXFileReference; fileEncoding = 4; lastKnownFileType = sourcecode.c.h; path = ofxBox2dCircle.h; sourceTree = "<group>"; };
		EA33D101156E3DCE00ECF668 /* ofxBox2dContactListener.h */ = {isa = PBXFileReference; fileEncoding = 4; lastKnownFileType = sourcecode.c.h; path = ofxBox2dContactListener.h; sourceTree = "<group>"; };
		EA33D102156E3DCE00ECF668 /* ofxBox2dJoint.cpp */ = {isa = PBXFileReference; fileEncoding = 4; lastKnownFileType = sourcecode.cpp.cpp; path = ofxBox2dJoint.cpp; sourceTree = "<group>"; };
		EA33D103156E3DCE00ECF668 /* ofxBox2dJoint.h */ = {isa = PBXFileReference; fileEncoding = 4; lastKnownFileType = sourcecode.c.h; path = ofxBox2dJoint.h; sourceTree = "<group>"; };
		EA33D104156E3DCE00ECF668 /* ofxBox2dPolygon.cpp */ = {isa = PBXFileReference; fileEncoding = 4; lastKnownFileType = sourcecode.cpp.cpp; path = ofxBox2dPolygon.cpp; sourceTree = "<group>"; };
		EA33D105156E3DCE00ECF668 /* ofxBox2dPolygon.h */ = {isa = PBXFileReference; fileEncoding = 4; lastKnownFileType = sourcecode.c.h; path = ofxBox2dPolygon.h; sourceTree = "<group>"; };
		EA33D106156E3DCE00ECF668 /* ofxBox2dPolygonUtils.h */ = {isa = PBXFileReference; fileEncoding = 4; lastKnownFileType = sourcecode.c.h; path = ofxBox2dPolygonUtils.h; sourceTree = "<group>"; };
		EA33D107156E3DCE00ECF668 /* ofxBox2dRect.cpp */ = {isa = PBXFileReference; fileEncoding = 4; lastKnownFileType = sourcecode.cpp.cpp; path = ofxBox2dRect.cpp; sourceTree = "<group>"; };
		EA33D108156E3DCE00ECF668 /* ofxBox2dRect.h */ = {isa = PBXFileReference; fileEncoding = 4; lastKnownFileType = sourcecode.c.h; path = ofxBox2dRect.h; sourceTree = "<group>"; };
		EA33D109156E3DCE00ECF668 /* ofxBox2dRender.h */ = {isa = PBXFileReference; fileEncoding = 4; lastKnownFileType = sourcecode.c.h; path = ofxBox2dRender.h; sourceTree = "<group>"; };
		EA33D10A156E3DCE00ECF668 /* ofxBox2dUtils.h */ = {isa = PBXFileReference; fileEncoding = 4; lastKnownFileType = sourcecode.c.h; path = ofxBox2dUtils.h; sourceTree = "<group>"; };
/* End PBXFileReference section */

/* Begin PBXFrameworksBuildPhase section */
		E4B69B590A3A1756003C02F2 /* Frameworks */ = {
			isa = PBXFrameworksBuildPhase;
			buildActionMask = 2147483647;
			files = (
				E4EB6799138ADC1D00A09F29 /* GLUT.framework in Frameworks */,
				E4328149138ABC9F0047C5CB /* openFrameworksDebug.a in Frameworks */,
				E45BE97B0E8CC7DD009D7055 /* AGL.framework in Frameworks */,
				E45BE97C0E8CC7DD009D7055 /* ApplicationServices.framework in Frameworks */,
				E45BE97D0E8CC7DD009D7055 /* AudioToolbox.framework in Frameworks */,
				E45BE97E0E8CC7DD009D7055 /* Carbon.framework in Frameworks */,
				E45BE97F0E8CC7DD009D7055 /* CoreAudio.framework in Frameworks */,
				E45BE9800E8CC7DD009D7055 /* CoreFoundation.framework in Frameworks */,
				E45BE9810E8CC7DD009D7055 /* CoreServices.framework in Frameworks */,
				E45BE9830E8CC7DD009D7055 /* OpenGL.framework in Frameworks */,
				E45BE9840E8CC7DD009D7055 /* QuickTime.framework in Frameworks */,
				E4C2424710CC5A17004149E2 /* AppKit.framework in Frameworks */,
				E4C2424810CC5A17004149E2 /* Cocoa.framework in Frameworks */,
				E4C2424910CC5A17004149E2 /* IOKit.framework in Frameworks */,
			);
			runOnlyForDeploymentPostprocessing = 0;
		};
/* End PBXFrameworksBuildPhase section */

/* Begin PBXGroup section */
		BB4B014C10F69532006C3DED /* addons */ = {
			isa = PBXGroup;
			children = (
				EA33D0A2156E3DCE00ECF668 /* ofxBox2d */,
			);
			name = addons;
			sourceTree = "<group>";
		};
		BBAB23C913894ECA00AA2426 /* system frameworks */ = {
			isa = PBXGroup;
			children = (
				E4C2424410CC5A17004149E2 /* AppKit.framework */,
				E4C2424510CC5A17004149E2 /* Cocoa.framework */,
				E4C2424610CC5A17004149E2 /* IOKit.framework */,
				E45BE9710E8CC7DD009D7055 /* AGL.framework */,
				E45BE9720E8CC7DD009D7055 /* ApplicationServices.framework */,
				E45BE9730E8CC7DD009D7055 /* AudioToolbox.framework */,
				E45BE9740E8CC7DD009D7055 /* Carbon.framework */,
				E45BE9750E8CC7DD009D7055 /* CoreAudio.framework */,
				E45BE9760E8CC7DD009D7055 /* CoreFoundation.framework */,
				E45BE9770E8CC7DD009D7055 /* CoreServices.framework */,
				E45BE9790E8CC7DD009D7055 /* OpenGL.framework */,
				E45BE97A0E8CC7DD009D7055 /* QuickTime.framework */,
			);
			name = "system frameworks";
			sourceTree = "<group>";
		};
		BBAB23CA13894EDB00AA2426 /* 3rd party frameworks */ = {
			isa = PBXGroup;
			children = (
				BBAB23BE13894E4700AA2426 /* GLUT.framework */,
			);
			name = "3rd party frameworks";
			sourceTree = "<group>";
		};
		E4328144138ABC890047C5CB /* Products */ = {
			isa = PBXGroup;
			children = (
				E4328148138ABC890047C5CB /* openFrameworksDebug.a */,
			);
			name = Products;
			sourceTree = "<group>";
		};
		E45BE5980E8CC70C009D7055 /* frameworks */ = {
			isa = PBXGroup;
			children = (
				BBAB23CA13894EDB00AA2426 /* 3rd party frameworks */,
				BBAB23C913894ECA00AA2426 /* system frameworks */,
			);
			name = frameworks;
			sourceTree = "<group>";
		};
		E4B69B4A0A3A1720003C02F2 = {
			isa = PBXGroup;
			children = (
				E4B69E1C0A3A1BDC003C02F2 /* src */,
				E4EEC9E9138DF44700A80321 /* openFrameworks */,
				BB4B014C10F69532006C3DED /* addons */,
				E45BE5980E8CC70C009D7055 /* frameworks */,
				E4B69B5B0A3A1756003C02F2 /* ofxBox2dExampleDebug.app */,
			);
			sourceTree = "<group>";
		};
		E4B69E1C0A3A1BDC003C02F2 /* src */ = {
			isa = PBXGroup;
			children = (
				E4B69E1D0A3A1BDC003C02F2 /* main.cpp */,
				E4B69E1E0A3A1BDC003C02F2 /* testApp.cpp */,
				E4B69E1F0A3A1BDC003C02F2 /* testApp.h */,
			);
			path = src;
			sourceTree = SOURCE_ROOT;
		};
		E4EEC9E9138DF44700A80321 /* openFrameworks */ = {
			isa = PBXGroup;
			children = (
				E4EB6923138AFD0F00A09F29 /* Project.xcconfig */,
				E4EB691F138AFCF100A09F29 /* CoreOF.xcconfig */,
				E4328143138ABC890047C5CB /* openFrameworksLib.xcodeproj */,
				E4B6FCAD0C3E899E008CF71C /* openFrameworks-Info.plist */,
			);
			name = openFrameworks;
			sourceTree = "<group>";
		};
		EA33D0A2156E3DCE00ECF668 /* ofxBox2d */ = {
			isa = PBXGroup;
			children = (
				EA33D0A3156E3DCE00ECF668 /* install.xml */,
				EA33D0A4156E3DCE00ECF668 /* libs */,
				EA33D0FA156E3DCE00ECF668 /* src */,
			);
			name = ofxBox2d;
			path = ../addons/ofxBox2d;
			sourceTree = "<group>";
		};
		EA33D0A4156E3DCE00ECF668 /* libs */ = {
			isa = PBXGroup;
			children = (
				EA33D0A5156E3DCE00ECF668 /* Box2D */,
				EA33D0F3156E3DCE00ECF668 /* triangle */,
			);
			path = libs;
			sourceTree = "<group>";
		};
		EA33D0A5156E3DCE00ECF668 /* Box2D */ = {
			isa = PBXGroup;
			children = (
				EA33D0A6156E3DCE00ECF668 /* Box2D.h */,
				EA33D0A7156E3DCE00ECF668 /* Collision */,
				EA33D0BA156E3DCE00ECF668 /* Common */,
				EA33D0C3156E3DCE00ECF668 /* Dynamics */,
			);
			path = Box2D;
			sourceTree = "<group>";
		};
		EA33D0A7156E3DCE00ECF668 /* Collision */ = {
			isa = PBXGroup;
			children = (
				EA33D0A8156E3DCE00ECF668 /* b2BroadPhase.cpp */,
				EA33D0A9156E3DCE00ECF668 /* b2BroadPhase.h */,
				EA33D0AA156E3DCE00ECF668 /* b2CollideCircle.cpp */,
				EA33D0AB156E3DCE00ECF668 /* b2CollidePolygon.cpp */,
				EA33D0AC156E3DCE00ECF668 /* b2Collision.cpp */,
				EA33D0AD156E3DCE00ECF668 /* b2Collision.h */,
				EA33D0AE156E3DCE00ECF668 /* b2Distance.cpp */,
				EA33D0AF156E3DCE00ECF668 /* b2Distance.h */,
				EA33D0B0156E3DCE00ECF668 /* b2DynamicTree.cpp */,
				EA33D0B1156E3DCE00ECF668 /* b2DynamicTree.h */,
				EA33D0B2156E3DCE00ECF668 /* b2TimeOfImpact.cpp */,
				EA33D0B3156E3DCE00ECF668 /* b2TimeOfImpact.h */,
				EA33D0B4156E3DCE00ECF668 /* Shapes */,
			);
			path = Collision;
			sourceTree = "<group>";
		};
		EA33D0B4156E3DCE00ECF668 /* Shapes */ = {
			isa = PBXGroup;
			children = (
				EA33D0B5156E3DCE00ECF668 /* b2CircleShape.cpp */,
				EA33D0B6156E3DCE00ECF668 /* b2CircleShape.h */,
				EA33D0B7156E3DCE00ECF668 /* b2PolygonShape.cpp */,
				EA33D0B8156E3DCE00ECF668 /* b2PolygonShape.h */,
				EA33D0B9156E3DCE00ECF668 /* b2Shape.h */,
			);
			path = Shapes;
			sourceTree = "<group>";
		};
		EA33D0BA156E3DCE00ECF668 /* Common */ = {
			isa = PBXGroup;
			children = (
				EA33D0BB156E3DCE00ECF668 /* b2BlockAllocator.cpp */,
				EA33D0BC156E3DCE00ECF668 /* b2BlockAllocator.h */,
				EA33D0BD156E3DCE00ECF668 /* b2Math.cpp */,
				EA33D0BE156E3DCE00ECF668 /* b2Math.h */,
				EA33D0BF156E3DCE00ECF668 /* b2Settings.cpp */,
				EA33D0C0156E3DCE00ECF668 /* b2Settings.h */,
				EA33D0C1156E3DCE00ECF668 /* b2StackAllocator.cpp */,
				EA33D0C2156E3DCE00ECF668 /* b2StackAllocator.h */,
			);
			path = Common;
			sourceTree = "<group>";
		};
		EA33D0C3156E3DCE00ECF668 /* Dynamics */ = {
			isa = PBXGroup;
			children = (
				EA33D0C4156E3DCE00ECF668 /* b2Body.cpp */,
				EA33D0C5156E3DCE00ECF668 /* b2Body.h */,
				EA33D0C6156E3DCE00ECF668 /* b2ContactManager.cpp */,
				EA33D0C7156E3DCE00ECF668 /* b2ContactManager.h */,
				EA33D0C8156E3DCE00ECF668 /* b2Fixture.cpp */,
				EA33D0C9156E3DCE00ECF668 /* b2Fixture.h */,
				EA33D0CA156E3DCE00ECF668 /* b2Island.cpp */,
				EA33D0CB156E3DCE00ECF668 /* b2Island.h */,
				EA33D0CC156E3DCE00ECF668 /* b2TimeStep.h */,
				EA33D0CD156E3DCE00ECF668 /* b2World.cpp */,
				EA33D0CE156E3DCE00ECF668 /* b2World.h */,
				EA33D0CF156E3DCE00ECF668 /* b2WorldCallbacks.cpp */,
				EA33D0D0156E3DCE00ECF668 /* b2WorldCallbacks.h */,
				EA33D0D1156E3DCE00ECF668 /* Contacts */,
				EA33D0DE156E3DCE00ECF668 /* Joints */,
			);
			path = Dynamics;
			sourceTree = "<group>";
		};
		EA33D0D1156E3DCE00ECF668 /* Contacts */ = {
			isa = PBXGroup;
			children = (
				EA33D0D2156E3DCE00ECF668 /* b2CircleContact.cpp */,
				EA33D0D3156E3DCE00ECF668 /* b2CircleContact.h */,
				EA33D0D4156E3DCE00ECF668 /* b2Contact.cpp */,
				EA33D0D5156E3DCE00ECF668 /* b2Contact.h */,
				EA33D0D6156E3DCE00ECF668 /* b2ContactSolver.cpp */,
				EA33D0D7156E3DCE00ECF668 /* b2ContactSolver.h */,
				EA33D0D8156E3DCE00ECF668 /* b2PolygonAndCircleContact.cpp */,
				EA33D0D9156E3DCE00ECF668 /* b2PolygonAndCircleContact.h */,
				EA33D0DA156E3DCE00ECF668 /* b2PolygonContact.cpp */,
				EA33D0DB156E3DCE00ECF668 /* b2PolygonContact.h */,
				EA33D0DC156E3DCE00ECF668 /* b2TOISolver.cpp */,
				EA33D0DD156E3DCE00ECF668 /* b2TOISolver.h */,
			);
			path = Contacts;
			sourceTree = "<group>";
		};
		EA33D0DE156E3DCE00ECF668 /* Joints */ = {
			isa = PBXGroup;
			children = (
				EA33D0DF156E3DCE00ECF668 /* b2DistanceJoint.cpp */,
				EA33D0E0156E3DCE00ECF668 /* b2DistanceJoint.h */,
				EA33D0E1156E3DCE00ECF668 /* b2FrictionJoint.cpp */,
				EA33D0E2156E3DCE00ECF668 /* b2FrictionJoint.h */,
				EA33D0E3156E3DCE00ECF668 /* b2GearJoint.cpp */,
				EA33D0E4156E3DCE00ECF668 /* b2GearJoint.h */,
				EA33D0E5156E3DCE00ECF668 /* b2Joint.cpp */,
				EA33D0E6156E3DCE00ECF668 /* b2Joint.h */,
				EA33D0E7156E3DCE00ECF668 /* b2LineJoint.cpp */,
				EA33D0E8156E3DCE00ECF668 /* b2LineJoint.h */,
				EA33D0E9156E3DCE00ECF668 /* b2MouseJoint.cpp */,
				EA33D0EA156E3DCE00ECF668 /* b2MouseJoint.h */,
				EA33D0EB156E3DCE00ECF668 /* b2PrismaticJoint.cpp */,
				EA33D0EC156E3DCE00ECF668 /* b2PrismaticJoint.h */,
				EA33D0ED156E3DCE00ECF668 /* b2PulleyJoint.cpp */,
				EA33D0EE156E3DCE00ECF668 /* b2PulleyJoint.h */,
				EA33D0EF156E3DCE00ECF668 /* b2RevoluteJoint.cpp */,
				EA33D0F0156E3DCE00ECF668 /* b2RevoluteJoint.h */,
				EA33D0F1156E3DCE00ECF668 /* b2WeldJoint.cpp */,
				EA33D0F2156E3DCE00ECF668 /* b2WeldJoint.h */,
			);
			path = Joints;
			sourceTree = "<group>";
		};
		EA33D0F3156E3DCE00ECF668 /* triangle */ = {
			isa = PBXGroup;
			children = (
				EA33D0F4156E3DCE00ECF668 /* assert.hpp */,
				EA33D0F5156E3DCE00ECF668 /* del_impl.cpp */,
				EA33D0F6156E3DCE00ECF668 /* del_interface.hpp */,
				EA33D0F7156E3DCE00ECF668 /* dpoint.hpp */,
				EA33D0F8156E3DCE00ECF668 /* triangle.h */,
				EA33D0F9156E3DCE00ECF668 /* triangle_impl.hpp */,
			);
			path = triangle;
			sourceTree = "<group>";
		};
		EA33D0FA156E3DCE00ECF668 /* src */ = {
			isa = PBXGroup;
			children = (
				EA33D0FB156E3DCE00ECF668 /* ofxBox2d.cpp */,
				EA33D0FC156E3DCE00ECF668 /* ofxBox2d.h */,
				EA33D0FD156E3DCE00ECF668 /* ofxBox2dBaseShape.cpp */,
				EA33D0FE156E3DCE00ECF668 /* ofxBox2dBaseShape.h */,
				EA33D0FF156E3DCE00ECF668 /* ofxBox2dCircle.cpp */,
				EA33D100156E3DCE00ECF668 /* ofxBox2dCircle.h */,
				EA33D101156E3DCE00ECF668 /* ofxBox2dContactListener.h */,
				EA33D102156E3DCE00ECF668 /* ofxBox2dJoint.cpp */,
				EA33D103156E3DCE00ECF668 /* ofxBox2dJoint.h */,
				EA33D104156E3DCE00ECF668 /* ofxBox2dPolygon.cpp */,
				EA33D105156E3DCE00ECF668 /* ofxBox2dPolygon.h */,
				EA33D106156E3DCE00ECF668 /* ofxBox2dPolygonUtils.h */,
				EA33D107156E3DCE00ECF668 /* ofxBox2dRect.cpp */,
				EA33D108156E3DCE00ECF668 /* ofxBox2dRect.h */,
				EA33D109156E3DCE00ECF668 /* ofxBox2dRender.h */,
				EA33D10A156E3DCE00ECF668 /* ofxBox2dUtils.h */,
			);
			path = src;
			sourceTree = "<group>";
		};
/* End PBXGroup section */

/* Begin PBXNativeTarget section */
		E4B69B5A0A3A1756003C02F2 /* ofxBox2dExample */ = {
			isa = PBXNativeTarget;
			buildConfigurationList = E4B69B5F0A3A1757003C02F2 /* Build configuration list for PBXNativeTarget "ofxBox2dExample" */;
			buildPhases = (
				E4B69B580A3A1756003C02F2 /* Sources */,
				E4B69B590A3A1756003C02F2 /* Frameworks */,
				E4B6FFFD0C3F9AB9008CF71C /* ShellScript */,
				E4C2427710CC5ABF004149E2 /* CopyFiles */,
			);
			buildRules = (
			);
			dependencies = (
				E4EEB9AC138B136A00A80321 /* PBXTargetDependency */,
			);
			name = ofxBox2dExample;
			productName = myOFApp;
			productReference = E4B69B5B0A3A1756003C02F2 /* ofxBox2dExampleDebug.app */;
			productType = "com.apple.product-type.application";
		};
/* End PBXNativeTarget section */

/* Begin PBXProject section */
		E4B69B4C0A3A1720003C02F2 /* Project object */ = {
			isa = PBXProject;
			buildConfigurationList = E4B69B4D0A3A1720003C02F2 /* Build configuration list for PBXProject "ofxBox2dExample" */;
			compatibilityVersion = "Xcode 2.4";
			developmentRegion = English;
			hasScannedForEncodings = 0;
			knownRegions = (
				English,
				Japanese,
				French,
				German,
			);
			mainGroup = E4B69B4A0A3A1720003C02F2;
			productRefGroup = E4B69B4A0A3A1720003C02F2;
			projectDirPath = "";
			projectReferences = (
				{
					ProductGroup = E4328144138ABC890047C5CB /* Products */;
					ProjectRef = E4328143138ABC890047C5CB /* openFrameworksLib.xcodeproj */;
				},
			);
			projectRoot = "";
			targets = (
				E4B69B5A0A3A1756003C02F2 /* ofxBox2dExample */,
			);
		};
/* End PBXProject section */

/* Begin PBXReferenceProxy section */
		E4328148138ABC890047C5CB /* openFrameworksDebug.a */ = {
			isa = PBXReferenceProxy;
			fileType = archive.ar;
			path = openFrameworksDebug.a;
			remoteRef = E4328147138ABC890047C5CB /* PBXContainerItemProxy */;
			sourceTree = BUILT_PRODUCTS_DIR;
		};
/* End PBXReferenceProxy section */

/* Begin PBXShellScriptBuildPhase section */
		E4B6FFFD0C3F9AB9008CF71C /* ShellScript */ = {
			isa = PBXShellScriptBuildPhase;
			buildActionMask = 2147483647;
			files = (
			);
			inputPaths = (
			);
			outputPaths = (
			);
			runOnlyForDeploymentPostprocessing = 0;
			shellPath = /bin/sh;
			shellScript = "cp -f ../../../libs/fmodex/lib/osx/libfmodex.dylib \"$TARGET_BUILD_DIR/$PRODUCT_NAME.app/Contents/MacOS/libfmodex.dylib\"; install_name_tool -change ./libfmodex.dylib @executable_path/libfmodex.dylib \"$TARGET_BUILD_DIR/$PRODUCT_NAME.app/Contents/MacOS/$PRODUCT_NAME\";";
		};
/* End PBXShellScriptBuildPhase section */

/* Begin PBXSourcesBuildPhase section */
		E4B69B580A3A1756003C02F2 /* Sources */ = {
			isa = PBXSourcesBuildPhase;
			buildActionMask = 2147483647;
			files = (
				E4B69E200A3A1BDC003C02F2 /* main.cpp in Sources */,
				E4B69E210A3A1BDC003C02F2 /* testApp.cpp in Sources */,
				EA33D10B156E3DCE00ECF668 /* b2BroadPhase.cpp in Sources */,
				EA33D10C156E3DCE00ECF668 /* b2CollideCircle.cpp in Sources */,
				EA33D10D156E3DCE00ECF668 /* b2CollidePolygon.cpp in Sources */,
				EA33D10E156E3DCE00ECF668 /* b2Collision.cpp in Sources */,
				EA33D10F156E3DCE00ECF668 /* b2Distance.cpp in Sources */,
				EA33D110156E3DCE00ECF668 /* b2DynamicTree.cpp in Sources */,
				EA33D111156E3DCE00ECF668 /* b2TimeOfImpact.cpp in Sources */,
				EA33D112156E3DCE00ECF668 /* b2CircleShape.cpp in Sources */,
				EA33D113156E3DCE00ECF668 /* b2PolygonShape.cpp in Sources */,
				EA33D114156E3DCE00ECF668 /* b2BlockAllocator.cpp in Sources */,
				EA33D115156E3DCE00ECF668 /* b2Math.cpp in Sources */,
				EA33D116156E3DCE00ECF668 /* b2Settings.cpp in Sources */,
				EA33D117156E3DCE00ECF668 /* b2StackAllocator.cpp in Sources */,
				EA33D118156E3DCE00ECF668 /* b2Body.cpp in Sources */,
				EA33D119156E3DCE00ECF668 /* b2ContactManager.cpp in Sources */,
				EA33D11A156E3DCE00ECF668 /* b2Fixture.cpp in Sources */,
				EA33D11B156E3DCE00ECF668 /* b2Island.cpp in Sources */,
				EA33D11C156E3DCE00ECF668 /* b2World.cpp in Sources */,
				EA33D11D156E3DCE00ECF668 /* b2WorldCallbacks.cpp in Sources */,
				EA33D11E156E3DCE00ECF668 /* b2CircleContact.cpp in Sources */,
				EA33D11F156E3DCE00ECF668 /* b2Contact.cpp in Sources */,
				EA33D120156E3DCE00ECF668 /* b2ContactSolver.cpp in Sources */,
				EA33D121156E3DCE00ECF668 /* b2PolygonAndCircleContact.cpp in Sources */,
				EA33D122156E3DCE00ECF668 /* b2PolygonContact.cpp in Sources */,
				EA33D123156E3DCE00ECF668 /* b2TOISolver.cpp in Sources */,
				EA33D124156E3DCE00ECF668 /* b2DistanceJoint.cpp in Sources */,
				EA33D125156E3DCE00ECF668 /* b2FrictionJoint.cpp in Sources */,
				EA33D126156E3DCE00ECF668 /* b2GearJoint.cpp in Sources */,
				EA33D127156E3DCE00ECF668 /* b2Joint.cpp in Sources */,
				EA33D128156E3DCE00ECF668 /* b2LineJoint.cpp in Sources */,
				EA33D129156E3DCE00ECF668 /* b2MouseJoint.cpp in Sources */,
				EA33D12A156E3DCE00ECF668 /* b2PrismaticJoint.cpp in Sources */,
				EA33D12B156E3DCE00ECF668 /* b2PulleyJoint.cpp in Sources */,
				EA33D12C156E3DCE00ECF668 /* b2RevoluteJoint.cpp in Sources */,
				EA33D12D156E3DCE00ECF668 /* b2WeldJoint.cpp in Sources */,
				EA33D12E156E3DCE00ECF668 /* del_impl.cpp in Sources */,
				EA33D12F156E3DCE00ECF668 /* ofxBox2d.cpp in Sources */,
				EA33D130156E3DCE00ECF668 /* ofxBox2dBaseShape.cpp in Sources */,
				EA33D131156E3DCE00ECF668 /* ofxBox2dCircle.cpp in Sources */,
				EA33D132156E3DCE00ECF668 /* ofxBox2dJoint.cpp in Sources */,
				EA33D133156E3DCE00ECF668 /* ofxBox2dPolygon.cpp in Sources */,
				EA33D134156E3DCE00ECF668 /* ofxBox2dRect.cpp in Sources */,
			);
			runOnlyForDeploymentPostprocessing = 0;
		};
/* End PBXSourcesBuildPhase section */

/* Begin PBXTargetDependency section */
		E4EEB9AC138B136A00A80321 /* PBXTargetDependency */ = {
			isa = PBXTargetDependency;
			name = openFrameworks;
			targetProxy = E4EEB9AB138B136A00A80321 /* PBXContainerItemProxy */;
		};
/* End PBXTargetDependency section */

/* Begin XCBuildConfiguration section */
		E4B69B4E0A3A1720003C02F2 /* Debug */ = {
			isa = XCBuildConfiguration;
			baseConfigurationReference = E4EB6923138AFD0F00A09F29 /* Project.xcconfig */;
			buildSettings = {
				ARCHS = "$(NATIVE_ARCH)";
				CONFIGURATION_BUILD_DIR = "$(SRCROOT)/bin/";
				COPY_PHASE_STRIP = NO;
				DEAD_CODE_STRIPPING = YES;
				GCC_AUTO_VECTORIZATION = YES;
				GCC_ENABLE_SSE3_EXTENSIONS = YES;
				GCC_ENABLE_SUPPLEMENTAL_SSE3_INSTRUCTIONS = YES;
				GCC_INLINES_ARE_PRIVATE_EXTERN = NO;
				GCC_MODEL_TUNING = G5;
				GCC_SYMBOLS_PRIVATE_EXTERN = NO;
				GCC_WARN_ABOUT_DEPRECATED_FUNCTIONS = NO;
				GCC_WARN_ABOUT_INVALID_OFFSETOF_MACRO = NO;
				GCC_WARN_ALLOW_INCOMPLETE_PROTOCOL = NO;
				GCC_WARN_UNINITIALIZED_AUTOS = NO;
				GCC_WARN_UNUSED_VALUE = NO;
				GCC_WARN_UNUSED_VARIABLE = NO;
				OTHER_CPLUSPLUSFLAGS = (
					"-D__MACOSX_CORE__",
					"-lpthread",
				);
			};
			name = Debug;
		};
		E4B69B4F0A3A1720003C02F2 /* Release */ = {
			isa = XCBuildConfiguration;
			baseConfigurationReference = E4EB6923138AFD0F00A09F29 /* Project.xcconfig */;
			buildSettings = {
				ARCHS = "$(NATIVE_ARCH)";
				CONFIGURATION_BUILD_DIR = "$(SRCROOT)/bin/";
				COPY_PHASE_STRIP = YES;
				DEAD_CODE_STRIPPING = YES;
				GCC_AUTO_VECTORIZATION = YES;
				GCC_ENABLE_SSE3_EXTENSIONS = YES;
				GCC_ENABLE_SUPPLEMENTAL_SSE3_INSTRUCTIONS = YES;
				GCC_INLINES_ARE_PRIVATE_EXTERN = NO;
				GCC_MODEL_TUNING = G5;
				GCC_OPTIMIZATION_LEVEL = 3;
				GCC_SYMBOLS_PRIVATE_EXTERN = NO;
				GCC_UNROLL_LOOPS = YES;
				GCC_WARN_ABOUT_DEPRECATED_FUNCTIONS = NO;
				GCC_WARN_ABOUT_INVALID_OFFSETOF_MACRO = NO;
				GCC_WARN_ALLOW_INCOMPLETE_PROTOCOL = NO;
				GCC_WARN_UNINITIALIZED_AUTOS = NO;
				GCC_WARN_UNUSED_VALUE = NO;
				GCC_WARN_UNUSED_VARIABLE = NO;
				OTHER_CPLUSPLUSFLAGS = (
					"-D__MACOSX_CORE__",
					"-lpthread",
				);
			};
			name = Release;
		};
		E4B69B600A3A1757003C02F2 /* Debug */ = {
			isa = XCBuildConfiguration;
			buildSettings = {
				COPY_PHASE_STRIP = NO;
				FRAMEWORK_SEARCH_PATHS = (
					"$(inherited)",
					"$(FRAMEWORK_SEARCH_PATHS_QUOTED_FOR_TARGET_1)",
				);
				FRAMEWORK_SEARCH_PATHS_QUOTED_FOR_TARGET_1 = "\"$(SRCROOT)/../../../libs/glut/lib/osx\"";
				GCC_DYNAMIC_NO_PIC = NO;
				GCC_ENABLE_FIX_AND_CONTINUE = YES;
				GCC_GENERATE_DEBUGGING_SYMBOLS = YES;
				GCC_MODEL_TUNING = G4;
				GCC_PRECOMPILE_PREFIX_HEADER = YES;
				GCC_PREFIX_HEADER = "$(SYSTEM_LIBRARY_DIR)/Frameworks/Carbon.framework/Headers/Carbon.h";
				INFOPLIST_FILE = "openFrameworks-Info.plist";
				INSTALL_PATH = "$(HOME)/Applications";
				LIBRARY_SEARCH_PATHS = (
					"$(inherited)",
					"$(LIBRARY_SEARCH_PATHS_QUOTED_FOR_TARGET_1)",
					"$(LIBRARY_SEARCH_PATHS_QUOTED_FOR_TARGET_2)",
					"$(LIBRARY_SEARCH_PATHS_QUOTED_FOR_TARGET_3)",
					"$(LIBRARY_SEARCH_PATHS_QUOTED_FOR_TARGET_4)",
					"$(LIBRARY_SEARCH_PATHS_QUOTED_FOR_TARGET_5)",
					"$(LIBRARY_SEARCH_PATHS_QUOTED_FOR_TARGET_6)",
					"$(LIBRARY_SEARCH_PATHS_QUOTED_FOR_TARGET_7)",
					"$(LIBRARY_SEARCH_PATHS_QUOTED_FOR_TARGET_8)",
					"$(LIBRARY_SEARCH_PATHS_QUOTED_FOR_TARGET_9)",
					"$(LIBRARY_SEARCH_PATHS_QUOTED_FOR_TARGET_10)",
					"$(LIBRARY_SEARCH_PATHS_QUOTED_FOR_TARGET_11)",
					"$(LIBRARY_SEARCH_PATHS_QUOTED_FOR_TARGET_12)",
					"$(LIBRARY_SEARCH_PATHS_QUOTED_FOR_TARGET_13)",
					"$(LIBRARY_SEARCH_PATHS_QUOTED_FOR_TARGET_14)",
					"$(LIBRARY_SEARCH_PATHS_QUOTED_FOR_TARGET_15)",
					"$(LIBRARY_SEARCH_PATHS_QUOTED_FOR_TARGET_2)",
					"$(LIBRARY_SEARCH_PATHS_QUOTED_FOR_TARGET_3)",
					"$(LIBRARY_SEARCH_PATHS_QUOTED_FOR_TARGET_7)",
					"$(LIBRARY_SEARCH_PATHS_QUOTED_FOR_TARGET_8)",
					"$(LIBRARY_SEARCH_PATHS_QUOTED_FOR_TARGET_9)",
					"$(LIBRARY_SEARCH_PATHS_QUOTED_FOR_TARGET_10)",
					"$(LIBRARY_SEARCH_PATHS_QUOTED_FOR_TARGET_11)",
					"$(LIBRARY_SEARCH_PATHS_QUOTED_FOR_TARGET_12)",
					"$(LIBRARY_SEARCH_PATHS_QUOTED_FOR_TARGET_13)",
					"$(LIBRARY_SEARCH_PATHS_QUOTED_FOR_TARGET_16)",
					"$(LIBRARY_SEARCH_PATHS_QUOTED_FOR_TARGET_17)",
					"$(LIBRARY_SEARCH_PATHS_QUOTED_FOR_TARGET_18)",
					"$(LIBRARY_SEARCH_PATHS_QUOTED_FOR_TARGET_19)",
					"$(LIBRARY_SEARCH_PATHS_QUOTED_FOR_TARGET_20)",
					"$(LIBRARY_SEARCH_PATHS_QUOTED_FOR_TARGET_21)",
					"$(LIBRARY_SEARCH_PATHS_QUOTED_FOR_TARGET_22)",
					"$(LIBRARY_SEARCH_PATHS_QUOTED_FOR_TARGET_23)",
					"$(LIBRARY_SEARCH_PATHS_QUOTED_FOR_TARGET_24)",
					"$(LIBRARY_SEARCH_PATHS_QUOTED_FOR_TARGET_25)",
					"$(LIBRARY_SEARCH_PATHS_QUOTED_FOR_TARGET_26)",
					"$(LIBRARY_SEARCH_PATHS_QUOTED_FOR_TARGET_27)",
					"$(LIBRARY_SEARCH_PATHS_QUOTED_FOR_TARGET_28)",
					"$(LIBRARY_SEARCH_PATHS_QUOTED_FOR_TARGET_29)",
					"$(LIBRARY_SEARCH_PATHS_QUOTED_FOR_TARGET_30)",
					"$(LIBRARY_SEARCH_PATHS_QUOTED_FOR_TARGET_31)",
					"$(LIBRARY_SEARCH_PATHS_QUOTED_FOR_TARGET_32)",
					"$(LIBRARY_SEARCH_PATHS_QUOTED_FOR_TARGET_33)",
					"$(LIBRARY_SEARCH_PATHS_QUOTED_FOR_TARGET_34)",
					"$(LIBRARY_SEARCH_PATHS_QUOTED_FOR_TARGET_35)",
					"$(LIBRARY_SEARCH_PATHS_QUOTED_FOR_TARGET_36)",
					"$(LIBRARY_SEARCH_PATHS_QUOTED_FOR_TARGET_37)",
					"$(LIBRARY_SEARCH_PATHS_QUOTED_FOR_TARGET_38)",
					"$(LIBRARY_SEARCH_PATHS_QUOTED_FOR_TARGET_39)",
					"$(LIBRARY_SEARCH_PATHS_QUOTED_FOR_TARGET_40)",
					"$(LIBRARY_SEARCH_PATHS_QUOTED_FOR_TARGET_41)",
					"$(LIBRARY_SEARCH_PATHS_QUOTED_FOR_TARGET_42)",
					"$(LIBRARY_SEARCH_PATHS_QUOTED_FOR_TARGET_43)",
					"$(LIBRARY_SEARCH_PATHS_QUOTED_FOR_TARGET_44)",
					"$(LIBRARY_SEARCH_PATHS_QUOTED_FOR_TARGET_45)",
					"$(LIBRARY_SEARCH_PATHS_QUOTED_FOR_TARGET_46)",
					"$(LIBRARY_SEARCH_PATHS_QUOTED_FOR_TARGET_47)",
					"$(LIBRARY_SEARCH_PATHS_QUOTED_FOR_TARGET_48)",
					"$(LIBRARY_SEARCH_PATHS_QUOTED_FOR_TARGET_49)",
					"$(LIBRARY_SEARCH_PATHS_QUOTED_FOR_TARGET_50)",
					"$(LIBRARY_SEARCH_PATHS_QUOTED_FOR_TARGET_51)",
					"$(LIBRARY_SEARCH_PATHS_QUOTED_FOR_TARGET_52)",
					"$(LIBRARY_SEARCH_PATHS_QUOTED_FOR_TARGET_1)",
					"$(LIBRARY_SEARCH_PATHS_QUOTED_FOR_TARGET_2)",
					"$(LIBRARY_SEARCH_PATHS_QUOTED_FOR_TARGET_3)",
					"$(LIBRARY_SEARCH_PATHS_QUOTED_FOR_TARGET_4)",
					"$(LIBRARY_SEARCH_PATHS_QUOTED_FOR_TARGET_5)",
					"$(LIBRARY_SEARCH_PATHS_QUOTED_FOR_TARGET_6)",
					"$(LIBRARY_SEARCH_PATHS_QUOTED_FOR_TARGET_7)",
					"$(LIBRARY_SEARCH_PATHS_QUOTED_FOR_TARGET_8)",
				);
				LIBRARY_SEARCH_PATHS_QUOTED_FOR_TARGET_1 = "\"$(SRCROOT)/../../../addons/ofxOpenCv/libs/opencv/lib/android/armeabi\"";
				LIBRARY_SEARCH_PATHS_QUOTED_FOR_TARGET_2 = "\"$(SRCROOT)/../../../addons/ofxOpenCv/libs/opencv/lib/android/armeabi-v7a\"";
				LIBRARY_SEARCH_PATHS_QUOTED_FOR_TARGET_3 = "\"$(SRCROOT)/../../../addons/ofxOpenCv/libs/opencv/lib/iphone\"";
				LIBRARY_SEARCH_PATHS_QUOTED_FOR_TARGET_4 = "\"$(SRCROOT)/../../../addons/ofxOpenCv/libs/opencv/lib/linux\"";
				LIBRARY_SEARCH_PATHS_QUOTED_FOR_TARGET_5 = "\"$(SRCROOT)/../../../addons/ofxOpenCv/libs/opencv/lib/linux64\"";
				LIBRARY_SEARCH_PATHS_QUOTED_FOR_TARGET_6 = "\"$(SRCROOT)/../../../addons/ofxOpenCv/libs/opencv/lib/osx\"";
				LIBRARY_SEARCH_PATHS_QUOTED_FOR_TARGET_7 = "\"$(SRCROOT)/../../../addons/ofxOpenCv/libs/opencv/lib/vs2010\"";
				LIBRARY_SEARCH_PATHS_QUOTED_FOR_TARGET_8 = "\"$(SRCROOT)/../../../addons/ofxOpenCv/libs/opencv/lib/win_cb\"";
				PREBINDING = NO;
				PRODUCT_NAME = "$(TARGET_NAME)Debug";
				WRAPPER_EXTENSION = app;
			};
			name = Debug;
		};
		E4B69B610A3A1757003C02F2 /* Release */ = {
			isa = XCBuildConfiguration;
			buildSettings = {
				COPY_PHASE_STRIP = YES;
				FRAMEWORK_SEARCH_PATHS = (
					"$(inherited)",
					"$(FRAMEWORK_SEARCH_PATHS_QUOTED_FOR_TARGET_1)",
				);
				FRAMEWORK_SEARCH_PATHS_QUOTED_FOR_TARGET_1 = "\"$(SRCROOT)/../../../libs/glut/lib/osx\"";
				GCC_ENABLE_FIX_AND_CONTINUE = NO;
				GCC_GENERATE_DEBUGGING_SYMBOLS = NO;
				GCC_MODEL_TUNING = G4;
				GCC_PRECOMPILE_PREFIX_HEADER = YES;
				GCC_PREFIX_HEADER = "$(SYSTEM_LIBRARY_DIR)/Frameworks/Carbon.framework/Headers/Carbon.h";
				INFOPLIST_FILE = "openFrameworks-Info.plist";
				INSTALL_PATH = "$(HOME)/Applications";
				LIBRARY_SEARCH_PATHS = (
					"$(inherited)",
					"$(LIBRARY_SEARCH_PATHS_QUOTED_FOR_TARGET_1)",
					"$(LIBRARY_SEARCH_PATHS_QUOTED_FOR_TARGET_2)",
					"$(LIBRARY_SEARCH_PATHS_QUOTED_FOR_TARGET_3)",
					"$(LIBRARY_SEARCH_PATHS_QUOTED_FOR_TARGET_4)",
					"$(LIBRARY_SEARCH_PATHS_QUOTED_FOR_TARGET_5)",
					"$(LIBRARY_SEARCH_PATHS_QUOTED_FOR_TARGET_6)",
					"$(LIBRARY_SEARCH_PATHS_QUOTED_FOR_TARGET_7)",
					"$(LIBRARY_SEARCH_PATHS_QUOTED_FOR_TARGET_8)",
					"$(LIBRARY_SEARCH_PATHS_QUOTED_FOR_TARGET_9)",
					"$(LIBRARY_SEARCH_PATHS_QUOTED_FOR_TARGET_10)",
					"$(LIBRARY_SEARCH_PATHS_QUOTED_FOR_TARGET_11)",
					"$(LIBRARY_SEARCH_PATHS_QUOTED_FOR_TARGET_12)",
					"$(LIBRARY_SEARCH_PATHS_QUOTED_FOR_TARGET_13)",
					"$(LIBRARY_SEARCH_PATHS_QUOTED_FOR_TARGET_14)",
					"$(LIBRARY_SEARCH_PATHS_QUOTED_FOR_TARGET_15)",
					"$(LIBRARY_SEARCH_PATHS_QUOTED_FOR_TARGET_2)",
					"$(LIBRARY_SEARCH_PATHS_QUOTED_1)",
					"$(LIBRARY_SEARCH_PATHS_QUOTED_FOR_TARGET_3)",
					"$(LIBRARY_SEARCH_PATHS_QUOTED_FOR_TARGET_7)",
					"$(LIBRARY_SEARCH_PATHS_QUOTED_FOR_TARGET_8)",
					"$(LIBRARY_SEARCH_PATHS_QUOTED_FOR_TARGET_9)",
					"$(LIBRARY_SEARCH_PATHS_QUOTED_FOR_TARGET_10)",
					"$(LIBRARY_SEARCH_PATHS_QUOTED_FOR_TARGET_11)",
					"$(LIBRARY_SEARCH_PATHS_QUOTED_FOR_TARGET_12)",
					"$(LIBRARY_SEARCH_PATHS_QUOTED_FOR_TARGET_13)",
					"$(LIBRARY_SEARCH_PATHS_QUOTED_FOR_TARGET_16)",
					"$(LIBRARY_SEARCH_PATHS_QUOTED_FOR_TARGET_17)",
					"$(LIBRARY_SEARCH_PATHS_QUOTED_FOR_TARGET_18)",
					"$(LIBRARY_SEARCH_PATHS_QUOTED_FOR_TARGET_19)",
					"$(LIBRARY_SEARCH_PATHS_QUOTED_FOR_TARGET_20)",
					"$(LIBRARY_SEARCH_PATHS_QUOTED_FOR_TARGET_21)",
					"$(LIBRARY_SEARCH_PATHS_QUOTED_FOR_TARGET_22)",
					"$(LIBRARY_SEARCH_PATHS_QUOTED_FOR_TARGET_23)",
					"$(LIBRARY_SEARCH_PATHS_QUOTED_FOR_TARGET_24)",
					"$(LIBRARY_SEARCH_PATHS_QUOTED_FOR_TARGET_25)",
					"$(LIBRARY_SEARCH_PATHS_QUOTED_FOR_TARGET_26)",
					"$(LIBRARY_SEARCH_PATHS_QUOTED_FOR_TARGET_27)",
					"$(LIBRARY_SEARCH_PATHS_QUOTED_FOR_TARGET_28)",
					"$(LIBRARY_SEARCH_PATHS_QUOTED_FOR_TARGET_29)",
					"$(LIBRARY_SEARCH_PATHS_QUOTED_FOR_TARGET_30)",
					"$(LIBRARY_SEARCH_PATHS_QUOTED_FOR_TARGET_31)",
					"$(LIBRARY_SEARCH_PATHS_QUOTED_FOR_TARGET_32)",
					"$(LIBRARY_SEARCH_PATHS_QUOTED_FOR_TARGET_33)",
					"$(LIBRARY_SEARCH_PATHS_QUOTED_FOR_TARGET_34)",
					"$(LIBRARY_SEARCH_PATHS_QUOTED_FOR_TARGET_35)",
					"$(LIBRARY_SEARCH_PATHS_QUOTED_FOR_TARGET_36)",
					"$(LIBRARY_SEARCH_PATHS_QUOTED_FOR_TARGET_37)",
					"$(LIBRARY_SEARCH_PATHS_QUOTED_FOR_TARGET_38)",
					"$(LIBRARY_SEARCH_PATHS_QUOTED_FOR_TARGET_39)",
					"$(LIBRARY_SEARCH_PATHS_QUOTED_FOR_TARGET_40)",
					"$(LIBRARY_SEARCH_PATHS_QUOTED_FOR_TARGET_41)",
					"$(LIBRARY_SEARCH_PATHS_QUOTED_FOR_TARGET_42)",
					"$(LIBRARY_SEARCH_PATHS_QUOTED_FOR_TARGET_43)",
					"$(LIBRARY_SEARCH_PATHS_QUOTED_FOR_TARGET_44)",
					"$(LIBRARY_SEARCH_PATHS_QUOTED_FOR_TARGET_45)",
					"$(LIBRARY_SEARCH_PATHS_QUOTED_FOR_TARGET_46)",
					"$(LIBRARY_SEARCH_PATHS_QUOTED_FOR_TARGET_47)",
					"$(LIBRARY_SEARCH_PATHS_QUOTED_FOR_TARGET_48)",
					"$(LIBRARY_SEARCH_PATHS_QUOTED_FOR_TARGET_49)",
					"$(LIBRARY_SEARCH_PATHS_QUOTED_FOR_TARGET_50)",
					"$(LIBRARY_SEARCH_PATHS_QUOTED_FOR_TARGET_51)",
					"$(LIBRARY_SEARCH_PATHS_QUOTED_FOR_TARGET_1)",
					"$(LIBRARY_SEARCH_PATHS_QUOTED_FOR_TARGET_2)",
					"$(LIBRARY_SEARCH_PATHS_QUOTED_FOR_TARGET_3)",
					"$(LIBRARY_SEARCH_PATHS_QUOTED_FOR_TARGET_4)",
					"$(LIBRARY_SEARCH_PATHS_QUOTED_FOR_TARGET_5)",
					"$(LIBRARY_SEARCH_PATHS_QUOTED_FOR_TARGET_6)",
					"$(LIBRARY_SEARCH_PATHS_QUOTED_FOR_TARGET_7)",
					"$(LIBRARY_SEARCH_PATHS_QUOTED_FOR_TARGET_8)",
				);
				LIBRARY_SEARCH_PATHS_QUOTED_FOR_TARGET_1 = "\"$(SRCROOT)/../../../addons/ofxOpenCv/libs/opencv/lib/android/armeabi\"";
				LIBRARY_SEARCH_PATHS_QUOTED_FOR_TARGET_2 = "\"$(SRCROOT)/../../../addons/ofxOpenCv/libs/opencv/lib/android/armeabi-v7a\"";
				LIBRARY_SEARCH_PATHS_QUOTED_FOR_TARGET_3 = "\"$(SRCROOT)/../../../addons/ofxOpenCv/libs/opencv/lib/iphone\"";
				LIBRARY_SEARCH_PATHS_QUOTED_FOR_TARGET_4 = "\"$(SRCROOT)/../../../addons/ofxOpenCv/libs/opencv/lib/linux\"";
				LIBRARY_SEARCH_PATHS_QUOTED_FOR_TARGET_5 = "\"$(SRCROOT)/../../../addons/ofxOpenCv/libs/opencv/lib/linux64\"";
				LIBRARY_SEARCH_PATHS_QUOTED_FOR_TARGET_6 = "\"$(SRCROOT)/../../../addons/ofxOpenCv/libs/opencv/lib/osx\"";
				LIBRARY_SEARCH_PATHS_QUOTED_FOR_TARGET_7 = "\"$(SRCROOT)/../../../addons/ofxOpenCv/libs/opencv/lib/vs2010\"";
				LIBRARY_SEARCH_PATHS_QUOTED_FOR_TARGET_8 = "\"$(SRCROOT)/../../../addons/ofxOpenCv/libs/opencv/lib/win_cb\"";
				PREBINDING = NO;
				PRODUCT_NAME = "$(TARGET_NAME)";
				WRAPPER_EXTENSION = app;
			};
			name = Release;
		};
/* End XCBuildConfiguration section */

/* Begin XCConfigurationList section */
		E4B69B4D0A3A1720003C02F2 /* Build configuration list for PBXProject "ofxBox2dExample" */ = {
			isa = XCConfigurationList;
			buildConfigurations = (
				E4B69B4E0A3A1720003C02F2 /* Debug */,
				E4B69B4F0A3A1720003C02F2 /* Release */,
			);
			defaultConfigurationIsVisible = 0;
			defaultConfigurationName = Release;
		};
		E4B69B5F0A3A1757003C02F2 /* Build configuration list for PBXNativeTarget "ofxBox2dExample" */ = {
			isa = XCConfigurationList;
			buildConfigurations = (
				E4B69B600A3A1757003C02F2 /* Debug */,
				E4B69B610A3A1757003C02F2 /* Release */,
			);
			defaultConfigurationIsVisible = 0;
			defaultConfigurationName = Release;
		};
/* End XCConfigurationList section */
	};
	rootObject = E4B69B4C0A3A1720003C02F2 /* Project object */;
}
