// !$*UTF8*$!
{
	archiveVersion = 1;
	classes = {
	};
	objectVersion = 45;
	objects = {

/* Begin PBXBuildFile section */
		1D60589F0D05DD5A006BFB54 /* Foundation.framework in Frameworks */ = {isa = PBXBuildFile; fileRef = 1D30AB110D05D00D00671497 /* Foundation.framework */; };
		1DF5F4E00D08C38300B7A737 /* UIKit.framework in Frameworks */ = {isa = PBXBuildFile; fileRef = 1DF5F4DF0D08C38300B7A737 /* UIKit.framework */; };
		288765FD0DF74451002DB57D /* CoreGraphics.framework in Frameworks */ = {isa = PBXBuildFile; fileRef = 288765FC0DF74451002DB57D /* CoreGraphics.framework */; };
		5326AEA810A23A0500278DE6 /* CoreLocation.framework in Frameworks */ = {isa = PBXBuildFile; fileRef = 5326AEA710A23A0500278DE6 /* CoreLocation.framework */; };
		53F323EB10A20EDB00E0DAE4 /* OpenAL.framework in Frameworks */ = {isa = PBXBuildFile; fileRef = 53F323EA10A20EDB00E0DAE4 /* OpenAL.framework */; };
		5E25689810ED26CC00A9501C /* PocoFoundation.a in Frameworks */ = {isa = PBXBuildFile; fileRef = 5E25687110ED26CC00A9501C /* PocoFoundation.a */; };
		5E25689910ED26CC00A9501C /* PocoNet.a in Frameworks */ = {isa = PBXBuildFile; fileRef = 5E25687210ED26CC00A9501C /* PocoNet.a */; };
		5E25689A10ED26CC00A9501C /* PocoUtil.a in Frameworks */ = {isa = PBXBuildFile; fileRef = 5E25687310ED26CC00A9501C /* PocoUtil.a */; };
		5E25689B10ED26CC00A9501C /* PocoXML.a in Frameworks */ = {isa = PBXBuildFile; fileRef = 5E25687410ED26CC00A9501C /* PocoXML.a */; };
		BB16EBD20F2B2A9500518274 /* OpenGLES.framework in Frameworks */ = {isa = PBXBuildFile; fileRef = BB16EBD10F2B2A9500518274 /* OpenGLES.framework */; };
		BB16EBD90F2B2AB500518274 /* QuartzCore.framework in Frameworks */ = {isa = PBXBuildFile; fileRef = BB16EBD80F2B2AB500518274 /* QuartzCore.framework */; };
		BB24DDCA10DA781C00E9C588 /* ofxiphone-Info.plist in Resources */ = {isa = PBXBuildFile; fileRef = BB24DDC910DA781C00E9C588 /* ofxiphone-Info.plist */; };
		BB47D910136358EF0057C702 /* CoreVideo.framework in Frameworks */ = {isa = PBXBuildFile; fileRef = BB47D90F136358EF0057C702 /* CoreVideo.framework */; };
		BB47D912136359350057C702 /* CoreFoundation.framework in Frameworks */ = {isa = PBXBuildFile; fileRef = BB47D911136359350057C702 /* CoreFoundation.framework */; };
		BB47D9141363594C0057C702 /* CoreMedia.framework in Frameworks */ = {isa = PBXBuildFile; fileRef = BB47D9131363594C0057C702 /* CoreMedia.framework */; };
		BB47D9161363598C0057C702 /* AVFoundation.framework in Frameworks */ = {isa = PBXBuildFile; fileRef = BB47D9151363598C0057C702 /* AVFoundation.framework */; };
		BBD28A9413636CA9002BF7C7 /* freeimage.a in Frameworks */ = {isa = PBXBuildFile; fileRef = BBD28A9313636CA9002BF7C7 /* freeimage.a */; };
		BBD28A9A13636CB7002BF7C7 /* PocoFoundation.a in Frameworks */ = {isa = PBXBuildFile; fileRef = BBD28A9613636CB7002BF7C7 /* PocoFoundation.a */; };
		BBD28A9B13636CB7002BF7C7 /* PocoNet.a in Frameworks */ = {isa = PBXBuildFile; fileRef = BBD28A9713636CB7002BF7C7 /* PocoNet.a */; };
		BBD28A9C13636CB7002BF7C7 /* PocoUtil.a in Frameworks */ = {isa = PBXBuildFile; fileRef = BBD28A9813636CB7002BF7C7 /* PocoUtil.a */; };
		BBD28A9D13636CB7002BF7C7 /* PocoXML.a in Frameworks */ = {isa = PBXBuildFile; fileRef = BBD28A9913636CB7002BF7C7 /* PocoXML.a */; };
		BBE5EAB80F49AD8400F28951 /* AudioToolbox.framework in Frameworks */ = {isa = PBXBuildFile; fileRef = BBE5EAB70F49AD8400F28951 /* AudioToolbox.framework */; };
		E496D5B11252C8210098A2B3 /* glu-iphone.a in Frameworks */ = {isa = PBXBuildFile; fileRef = E496D5AF1252C8210098A2B3 /* glu-iphone.a */; };
		E496D5B21252C8210098A2B3 /* glu.a in Frameworks */ = {isa = PBXBuildFile; fileRef = E496D5B01252C8210098A2B3 /* glu.a */; };
		E49BCC7A12554CD6009F19D0 /* libofxiPhone_iphoneos_Debug.a in Frameworks */ = {isa = PBXBuildFile; fileRef = E49BCC5012554B6A009F19D0 /* libofxiPhone_iphoneos_Debug.a */; };
		E4A823A412561BE3002F86A2 /* CoreGraphics.framework in Frameworks */ = {isa = PBXBuildFile; fileRef = E4A823A312561BE3002F86A2 /* CoreGraphics.framework */; };
		EA20B4FA1366F6EF0038E922 /* Default-LandscapeLeft~ipad.png in Resources */ = {isa = PBXBuildFile; fileRef = EA20B4EE1366F6EF0038E922 /* Default-LandscapeLeft~ipad.png */; };
		EA20B4FB1366F6EF0038E922 /* Default-LandscapeRight~ipad.png in Resources */ = {isa = PBXBuildFile; fileRef = EA20B4EF1366F6EF0038E922 /* Default-LandscapeRight~ipad.png */; };
		EA20B4FC1366F6EF0038E922 /* Default.png in Resources */ = {isa = PBXBuildFile; fileRef = EA20B4F01366F6EF0038E922 /* Default.png */; };
		EA20B4FD1366F6EF0038E922 /* Default@2x.png in Resources */ = {isa = PBXBuildFile; fileRef = EA20B4F11366F6EF0038E922 /* Default@2x.png */; };
		EA20B4FE1366F6EF0038E922 /* Default~ipad.png in Resources */ = {isa = PBXBuildFile; fileRef = EA20B4F21366F6EF0038E922 /* Default~ipad.png */; };
		EA20B4FF1366F6EF0038E922 /* Icon-72.png in Resources */ = {isa = PBXBuildFile; fileRef = EA20B4F31366F6EF0038E922 /* Icon-72.png */; };
		EA20B5001366F6EF0038E922 /* Icon-Small-50.png in Resources */ = {isa = PBXBuildFile; fileRef = EA20B4F41366F6EF0038E922 /* Icon-Small-50.png */; };
		EA20B5011366F6EF0038E922 /* Icon-Small.png in Resources */ = {isa = PBXBuildFile; fileRef = EA20B4F51366F6EF0038E922 /* Icon-Small.png */; };
		EA20B5021366F6EF0038E922 /* Icon-Small@2x.png in Resources */ = {isa = PBXBuildFile; fileRef = EA20B4F61366F6EF0038E922 /* Icon-Small@2x.png */; };
		EA20B5031366F6EF0038E922 /* Icon.png in Resources */ = {isa = PBXBuildFile; fileRef = EA20B4F71366F6EF0038E922 /* Icon.png */; };
		EA20B5041366F6EF0038E922 /* Icon@2x.png in Resources */ = {isa = PBXBuildFile; fileRef = EA20B4F81366F6EF0038E922 /* Icon@2x.png */; };
		EA20B530136703040038E922 /* iTunesArtwork in Resources */ = {isa = PBXBuildFile; fileRef = EA20B52F136703040038E922 /* iTunesArtwork */; };
		EA23EF1D139D1DFA0071404C /* install.xml in Resources */ = {isa = PBXBuildFile; fileRef = EA23EF14139D1DFA0071404C /* install.xml */; };
		EA23EF1E139D1DFA0071404C /* tinyxml.cpp in Sources */ = {isa = PBXBuildFile; fileRef = EA23EF16139D1DFA0071404C /* tinyxml.cpp */; };
		EA23EF1F139D1DFA0071404C /* tinyxmlerror.cpp in Sources */ = {isa = PBXBuildFile; fileRef = EA23EF18139D1DFA0071404C /* tinyxmlerror.cpp */; };
		EA23EF20139D1DFA0071404C /* tinyxmlparser.cpp in Sources */ = {isa = PBXBuildFile; fileRef = EA23EF19139D1DFA0071404C /* tinyxmlparser.cpp */; };
		EA23EF21139D1DFA0071404C /* ofxXmlSettings.cpp in Sources */ = {isa = PBXBuildFile; fileRef = EA23EF1B139D1DFA0071404C /* ofxXmlSettings.cpp */; };
		EA23EF5E139D1E2F0071404C /* Apps.mm in Sources */ = {isa = PBXBuildFile; fileRef = EA23EF4D139D1E2F0071404C /* Apps.mm */; };
		EA23EF60139D1E2F0071404C /* testApp.mm in Sources */ = {isa = PBXBuildFile; fileRef = EA23EF51139D1E2F0071404C /* testApp.mm */; };
		EA23EF63139D1E2F0071404C /* AboutPage.mm in Sources */ = {isa = PBXBuildFile; fileRef = EA23EF59139D1E2F0071404C /* AboutPage.mm */; };
		EA23EF64139D1E2F0071404C /* MainMenu.mm in Sources */ = {isa = PBXBuildFile; fileRef = EA23EF5B139D1E2F0071404C /* MainMenu.mm */; };
		EA23EF65139D1E2F0071404C /* SettingsPage.mm in Sources */ = {isa = PBXBuildFile; fileRef = EA23EF5D139D1E2F0071404C /* SettingsPage.mm */; };
		EA2FABF613AA063400CB21FA /* ReactickleButton.cpp in Sources */ = {isa = PBXBuildFile; fileRef = EA2FABF413AA063400CB21FA /* ReactickleButton.cpp */; };
		EA2FAC1B13AA06AE00CB21FA /* tess2.a in Frameworks */ = {isa = PBXBuildFile; fileRef = EA2FAC1A13AA06AE00CB21FA /* tess2.a */; };
		EA30E3CB13D5E1CA00E6E26C /* freeimage.a in Frameworks */ = {isa = PBXBuildFile; fileRef = EA30E3CA13D5E1CA00E6E26C /* freeimage.a */; };
		EA30E3CD13D5E1D400E6E26C /* freetype.a in Frameworks */ = {isa = PBXBuildFile; fileRef = EA30E3CC13D5E1D400E6E26C /* freetype.a */; };
		EA62108513A6481200A88AF0 /* Expand.mm in Sources */ = {isa = PBXBuildFile; fileRef = EA62106813A6481200A88AF0 /* Expand.mm */; };
		EA62108613A6481200A88AF0 /* Orbit.mm in Sources */ = {isa = PBXBuildFile; fileRef = EA62106B13A6481200A88AF0 /* Orbit.mm */; };
		EA62108713A6481200A88AF0 /* Flip.mm in Sources */ = {isa = PBXBuildFile; fileRef = EA62106E13A6481200A88AF0 /* Flip.mm */; };
		EA62108813A6481200A88AF0 /* Follow.mm in Sources */ = {isa = PBXBuildFile; fileRef = EA62107113A6481200A88AF0 /* Follow.mm */; };
		EA62108913A6481200A88AF0 /* FollowParticle.cpp in Sources */ = {isa = PBXBuildFile; fileRef = EA62107313A6481200A88AF0 /* FollowParticle.cpp */; };
		EA62108A13A6481200A88AF0 /* TrailParticle.cpp in Sources */ = {isa = PBXBuildFile; fileRef = EA62107713A6481200A88AF0 /* TrailParticle.cpp */; };
		EA62108B13A6481200A88AF0 /* Trail.mm in Sources */ = {isa = PBXBuildFile; fileRef = EA62107913A6481200A88AF0 /* Trail.mm */; };
		EAD493FB13A8B75700D312FE /* main.mm in Sources */ = {isa = PBXBuildFile; fileRef = EAD493DA13A8B75700D312FE /* main.mm */; };
		EAD493FC13A8B75700D312FE /* ReactickleApp.mm in Sources */ = {isa = PBXBuildFile; fileRef = EAD493DD13A8B75700D312FE /* ReactickleApp.mm */; };
		EAD493FD13A8B75700D312FE /* MagicShapes.cpp in Sources */ = {isa = PBXBuildFile; fileRef = EAD493E113A8B75700D312FE /* MagicShapes.cpp */; };
		EAD493FE13A8B75700D312FE /* ColorPicker.cpp in Sources */ = {isa = PBXBuildFile; fileRef = EAD493E613A8B75700D312FE /* ColorPicker.cpp */; };
		EAD493FF13A8B75700D312FE /* ImageCache.cpp in Sources */ = {isa = PBXBuildFile; fileRef = EAD493EE13A8B75700D312FE /* ImageCache.cpp */; };
		EAD4940013A8B75700D312FE /* Properties.cpp in Sources */ = {isa = PBXBuildFile; fileRef = EAD493F013A8B75700D312FE /* Properties.cpp */; };
		EAD4940113A8B75700D312FE /* Settings.mm in Sources */ = {isa = PBXBuildFile; fileRef = EAD493F313A8B75700D312FE /* Settings.mm */; };
		EAD4940213A8B75700D312FE /* util.cpp in Sources */ = {isa = PBXBuildFile; fileRef = EAD493F413A8B75700D312FE /* util.cpp */; };
		EAD4940C13A8B7A200D312FE /* testAppEvents.mm in Sources */ = {isa = PBXBuildFile; fileRef = EAD4940B13A8B7A200D312FE /* testAppEvents.mm */; };
		EAF8E8AF1458395500876802 /* iPhoneUtils.mm in Sources */ = {isa = PBXBuildFile; fileRef = EAF8E8AD1458395500876802 /* iPhoneUtils.mm */; };
/* End PBXBuildFile section */

/* Begin PBXContainerItemProxy section */
		E49BCC4F12554B6A009F19D0 /* PBXContainerItemProxy */ = {
			isa = PBXContainerItemProxy;
			containerPortal = E49BCC4812554B69009F19D0 /* iPhone+OF Lib.xcodeproj */;
			proxyType = 2;
			remoteGlobalIDString = BB24DED610DA7A3F00E9C588;
			remoteInfo = "iPhone+OF Static Library";
		};
		E49BCC6D12554C6C009F19D0 /* PBXContainerItemProxy */ = {
			isa = PBXContainerItemProxy;
			containerPortal = E49BCC4812554B69009F19D0 /* iPhone+OF Lib.xcodeproj */;
			proxyType = 1;
			remoteGlobalIDString = BB24DE5C10DA7A3F00E9C588;
			remoteInfo = "iPhone+OF Static Library";
		};
/* End PBXContainerItemProxy section */

/* Begin PBXFileReference section */
		1D30AB110D05D00D00671497 /* Foundation.framework */ = {isa = PBXFileReference; lastKnownFileType = wrapper.framework; name = Foundation.framework; path = System/Library/Frameworks/Foundation.framework; sourceTree = SDKROOT; };
		1D6058910D05DD3D006BFB54 /* magic.app */ = {isa = PBXFileReference; explicitFileType = wrapper.application; includeInIndex = 0; path = magic.app; sourceTree = BUILT_PRODUCTS_DIR; };
		1DF5F4DF0D08C38300B7A737 /* UIKit.framework */ = {isa = PBXFileReference; lastKnownFileType = wrapper.framework; name = UIKit.framework; path = System/Library/Frameworks/UIKit.framework; sourceTree = SDKROOT; };
		288765FC0DF74451002DB57D /* CoreGraphics.framework */ = {isa = PBXFileReference; lastKnownFileType = wrapper.framework; name = CoreGraphics.framework; path = System/Library/Frameworks/CoreGraphics.framework; sourceTree = SDKROOT; };
		32CA4F630368D1EE00C91783 /* iPhone_Prefix.pch */ = {isa = PBXFileReference; fileEncoding = 4; lastKnownFileType = sourcecode.c.h; path = iPhone_Prefix.pch; sourceTree = "<group>"; };
		5326AEA710A23A0500278DE6 /* CoreLocation.framework */ = {isa = PBXFileReference; lastKnownFileType = wrapper.framework; name = CoreLocation.framework; path = System/Library/Frameworks/CoreLocation.framework; sourceTree = SDKROOT; };
		53F323EA10A20EDB00E0DAE4 /* OpenAL.framework */ = {isa = PBXFileReference; lastKnownFileType = wrapper.framework; name = OpenAL.framework; path = System/Library/Frameworks/OpenAL.framework; sourceTree = SDKROOT; };
		5E25687110ED26CC00A9501C /* PocoFoundation.a */ = {isa = PBXFileReference; lastKnownFileType = archive.ar; name = PocoFoundation.a; path = ../../../libs/poco/lib/iphone/PocoFoundation.a; sourceTree = SOURCE_ROOT; };
		5E25687210ED26CC00A9501C /* PocoNet.a */ = {isa = PBXFileReference; lastKnownFileType = archive.ar; name = PocoNet.a; path = ../../../libs/poco/lib/iphone/PocoNet.a; sourceTree = SOURCE_ROOT; };
		5E25687310ED26CC00A9501C /* PocoUtil.a */ = {isa = PBXFileReference; lastKnownFileType = archive.ar; name = PocoUtil.a; path = ../../../libs/poco/lib/iphone/PocoUtil.a; sourceTree = SOURCE_ROOT; };
		5E25687410ED26CC00A9501C /* PocoXML.a */ = {isa = PBXFileReference; lastKnownFileType = archive.ar; name = PocoXML.a; path = ../../../libs/poco/lib/iphone/PocoXML.a; sourceTree = SOURCE_ROOT; };
		BB16EBD10F2B2A9500518274 /* OpenGLES.framework */ = {isa = PBXFileReference; lastKnownFileType = wrapper.framework; name = OpenGLES.framework; path = System/Library/Frameworks/OpenGLES.framework; sourceTree = SDKROOT; };
		BB16EBD80F2B2AB500518274 /* QuartzCore.framework */ = {isa = PBXFileReference; lastKnownFileType = wrapper.framework; name = QuartzCore.framework; path = System/Library/Frameworks/QuartzCore.framework; sourceTree = SDKROOT; };
		BB24DDC910DA781C00E9C588 /* ofxiphone-Info.plist */ = {isa = PBXFileReference; fileEncoding = 4; lastKnownFileType = text.plist.xml; path = "ofxiphone-Info.plist"; sourceTree = "<group>"; };
		BB24DDCF10DA784F00E9C588 /* FreeImage.h */ = {isa = PBXFileReference; fileEncoding = 4; lastKnownFileType = sourcecode.c.h; path = FreeImage.h; sourceTree = "<group>"; };
		BB24DDE210DA785000E9C588 /* ftconfig.h */ = {isa = PBXFileReference; fileEncoding = 4; lastKnownFileType = sourcecode.c.h; path = ftconfig.h; sourceTree = "<group>"; };
		BB24DDE310DA785000E9C588 /* ftheader.h */ = {isa = PBXFileReference; fileEncoding = 4; lastKnownFileType = sourcecode.c.h; path = ftheader.h; sourceTree = "<group>"; };
		BB24DDE410DA785000E9C588 /* ftmodule.h */ = {isa = PBXFileReference; fileEncoding = 4; lastKnownFileType = sourcecode.c.h; path = ftmodule.h; sourceTree = "<group>"; };
		BB24DDE510DA785000E9C588 /* ftoption.h */ = {isa = PBXFileReference; fileEncoding = 4; lastKnownFileType = sourcecode.c.h; path = ftoption.h; sourceTree = "<group>"; };
		BB24DDE610DA785000E9C588 /* ftstdlib.h */ = {isa = PBXFileReference; fileEncoding = 4; lastKnownFileType = sourcecode.c.h; path = ftstdlib.h; sourceTree = "<group>"; };
		BB24DDE710DA785000E9C588 /* freetype.h */ = {isa = PBXFileReference; fileEncoding = 4; lastKnownFileType = sourcecode.c.h; path = freetype.h; sourceTree = "<group>"; };
		BB24DDE810DA785000E9C588 /* ftbbox.h */ = {isa = PBXFileReference; fileEncoding = 4; lastKnownFileType = sourcecode.c.h; path = ftbbox.h; sourceTree = "<group>"; };
		BB24DDE910DA785000E9C588 /* ftbdf.h */ = {isa = PBXFileReference; fileEncoding = 4; lastKnownFileType = sourcecode.c.h; path = ftbdf.h; sourceTree = "<group>"; };
		BB24DDEA10DA785000E9C588 /* ftbitmap.h */ = {isa = PBXFileReference; fileEncoding = 4; lastKnownFileType = sourcecode.c.h; path = ftbitmap.h; sourceTree = "<group>"; };
		BB24DDEB10DA785000E9C588 /* ftcache.h */ = {isa = PBXFileReference; fileEncoding = 4; lastKnownFileType = sourcecode.c.h; path = ftcache.h; sourceTree = "<group>"; };
		BB24DDEC10DA785000E9C588 /* ftchapters.h */ = {isa = PBXFileReference; fileEncoding = 4; lastKnownFileType = sourcecode.c.h; path = ftchapters.h; sourceTree = "<group>"; };
		BB24DDED10DA785000E9C588 /* fterrdef.h */ = {isa = PBXFileReference; fileEncoding = 4; lastKnownFileType = sourcecode.c.h; path = fterrdef.h; sourceTree = "<group>"; };
		BB24DDEE10DA785000E9C588 /* fterrors.h */ = {isa = PBXFileReference; fileEncoding = 4; lastKnownFileType = sourcecode.c.h; path = fterrors.h; sourceTree = "<group>"; };
		BB24DDEF10DA785000E9C588 /* ftgasp.h */ = {isa = PBXFileReference; fileEncoding = 4; lastKnownFileType = sourcecode.c.h; path = ftgasp.h; sourceTree = "<group>"; };
		BB24DDF010DA785000E9C588 /* ftglyph.h */ = {isa = PBXFileReference; fileEncoding = 4; lastKnownFileType = sourcecode.c.h; path = ftglyph.h; sourceTree = "<group>"; };
		BB24DDF110DA785000E9C588 /* ftgxval.h */ = {isa = PBXFileReference; fileEncoding = 4; lastKnownFileType = sourcecode.c.h; path = ftgxval.h; sourceTree = "<group>"; };
		BB24DDF210DA785000E9C588 /* ftgzip.h */ = {isa = PBXFileReference; fileEncoding = 4; lastKnownFileType = sourcecode.c.h; path = ftgzip.h; sourceTree = "<group>"; };
		BB24DDF310DA785000E9C588 /* ftimage.h */ = {isa = PBXFileReference; fileEncoding = 4; lastKnownFileType = sourcecode.c.h; path = ftimage.h; sourceTree = "<group>"; };
		BB24DDF410DA785000E9C588 /* ftincrem.h */ = {isa = PBXFileReference; fileEncoding = 4; lastKnownFileType = sourcecode.c.h; path = ftincrem.h; sourceTree = "<group>"; };
		BB24DDF510DA785000E9C588 /* ftlcdfil.h */ = {isa = PBXFileReference; fileEncoding = 4; lastKnownFileType = sourcecode.c.h; path = ftlcdfil.h; sourceTree = "<group>"; };
		BB24DDF610DA785000E9C588 /* ftlist.h */ = {isa = PBXFileReference; fileEncoding = 4; lastKnownFileType = sourcecode.c.h; path = ftlist.h; sourceTree = "<group>"; };
		BB24DDF710DA785000E9C588 /* ftlzw.h */ = {isa = PBXFileReference; fileEncoding = 4; lastKnownFileType = sourcecode.c.h; path = ftlzw.h; sourceTree = "<group>"; };
		BB24DDF810DA785000E9C588 /* ftmac.h */ = {isa = PBXFileReference; fileEncoding = 4; lastKnownFileType = sourcecode.c.h; path = ftmac.h; sourceTree = "<group>"; };
		BB24DDF910DA785000E9C588 /* ftmm.h */ = {isa = PBXFileReference; fileEncoding = 4; lastKnownFileType = sourcecode.c.h; path = ftmm.h; sourceTree = "<group>"; };
		BB24DDFA10DA785000E9C588 /* ftmodapi.h */ = {isa = PBXFileReference; fileEncoding = 4; lastKnownFileType = sourcecode.c.h; path = ftmodapi.h; sourceTree = "<group>"; };
		BB24DDFB10DA785000E9C588 /* ftmoderr.h */ = {isa = PBXFileReference; fileEncoding = 4; lastKnownFileType = sourcecode.c.h; path = ftmoderr.h; sourceTree = "<group>"; };
		BB24DDFC10DA785000E9C588 /* ftotval.h */ = {isa = PBXFileReference; fileEncoding = 4; lastKnownFileType = sourcecode.c.h; path = ftotval.h; sourceTree = "<group>"; };
		BB24DDFD10DA785000E9C588 /* ftoutln.h */ = {isa = PBXFileReference; fileEncoding = 4; lastKnownFileType = sourcecode.c.h; path = ftoutln.h; sourceTree = "<group>"; };
		BB24DDFE10DA785000E9C588 /* ftpfr.h */ = {isa = PBXFileReference; fileEncoding = 4; lastKnownFileType = sourcecode.c.h; path = ftpfr.h; sourceTree = "<group>"; };
		BB24DDFF10DA785000E9C588 /* ftrender.h */ = {isa = PBXFileReference; fileEncoding = 4; lastKnownFileType = sourcecode.c.h; path = ftrender.h; sourceTree = "<group>"; };
		BB24DE0010DA785000E9C588 /* ftsizes.h */ = {isa = PBXFileReference; fileEncoding = 4; lastKnownFileType = sourcecode.c.h; path = ftsizes.h; sourceTree = "<group>"; };
		BB24DE0110DA785000E9C588 /* ftsnames.h */ = {isa = PBXFileReference; fileEncoding = 4; lastKnownFileType = sourcecode.c.h; path = ftsnames.h; sourceTree = "<group>"; };
		BB24DE0210DA785000E9C588 /* ftstroke.h */ = {isa = PBXFileReference; fileEncoding = 4; lastKnownFileType = sourcecode.c.h; path = ftstroke.h; sourceTree = "<group>"; };
		BB24DE0310DA785000E9C588 /* ftsynth.h */ = {isa = PBXFileReference; fileEncoding = 4; lastKnownFileType = sourcecode.c.h; path = ftsynth.h; sourceTree = "<group>"; };
		BB24DE0410DA785000E9C588 /* ftsystem.h */ = {isa = PBXFileReference; fileEncoding = 4; lastKnownFileType = sourcecode.c.h; path = ftsystem.h; sourceTree = "<group>"; };
		BB24DE0510DA785000E9C588 /* fttrigon.h */ = {isa = PBXFileReference; fileEncoding = 4; lastKnownFileType = sourcecode.c.h; path = fttrigon.h; sourceTree = "<group>"; };
		BB24DE0610DA785000E9C588 /* fttypes.h */ = {isa = PBXFileReference; fileEncoding = 4; lastKnownFileType = sourcecode.c.h; path = fttypes.h; sourceTree = "<group>"; };
		BB24DE0710DA785000E9C588 /* ftwinfnt.h */ = {isa = PBXFileReference; fileEncoding = 4; lastKnownFileType = sourcecode.c.h; path = ftwinfnt.h; sourceTree = "<group>"; };
		BB24DE0810DA785000E9C588 /* ftxf86.h */ = {isa = PBXFileReference; fileEncoding = 4; lastKnownFileType = sourcecode.c.h; path = ftxf86.h; sourceTree = "<group>"; };
		BB24DE0910DA785000E9C588 /* t1tables.h */ = {isa = PBXFileReference; fileEncoding = 4; lastKnownFileType = sourcecode.c.h; path = t1tables.h; sourceTree = "<group>"; };
		BB24DE0A10DA785000E9C588 /* ttnameid.h */ = {isa = PBXFileReference; fileEncoding = 4; lastKnownFileType = sourcecode.c.h; path = ttnameid.h; sourceTree = "<group>"; };
		BB24DE0B10DA785000E9C588 /* tttables.h */ = {isa = PBXFileReference; fileEncoding = 4; lastKnownFileType = sourcecode.c.h; path = tttables.h; sourceTree = "<group>"; };
		BB24DE0C10DA785000E9C588 /* tttags.h */ = {isa = PBXFileReference; fileEncoding = 4; lastKnownFileType = sourcecode.c.h; path = tttags.h; sourceTree = "<group>"; };
		BB24DE0D10DA785000E9C588 /* ttunpat.h */ = {isa = PBXFileReference; fileEncoding = 4; lastKnownFileType = sourcecode.c.h; path = ttunpat.h; sourceTree = "<group>"; };
		BB24DE0E10DA785000E9C588 /* ft2build.h */ = {isa = PBXFileReference; fileEncoding = 4; lastKnownFileType = sourcecode.c.h; path = ft2build.h; sourceTree = "<group>"; };
		BB47D90F136358EF0057C702 /* CoreVideo.framework */ = {isa = PBXFileReference; lastKnownFileType = wrapper.framework; name = CoreVideo.framework; path = System/Library/Frameworks/CoreVideo.framework; sourceTree = SDKROOT; };
		BB47D911136359350057C702 /* CoreFoundation.framework */ = {isa = PBXFileReference; lastKnownFileType = wrapper.framework; name = CoreFoundation.framework; path = System/Library/Frameworks/CoreFoundation.framework; sourceTree = SDKROOT; };
		BB47D9131363594C0057C702 /* CoreMedia.framework */ = {isa = PBXFileReference; lastKnownFileType = wrapper.framework; name = CoreMedia.framework; path = System/Library/Frameworks/CoreMedia.framework; sourceTree = SDKROOT; };
		BB47D9151363598C0057C702 /* AVFoundation.framework */ = {isa = PBXFileReference; lastKnownFileType = wrapper.framework; name = AVFoundation.framework; path = System/Library/Frameworks/AVFoundation.framework; sourceTree = SDKROOT; };
		BBD28A9313636CA9002BF7C7 /* freeimage.a */ = {isa = PBXFileReference; lastKnownFileType = archive.ar; path = freeimage.a; sourceTree = "<group>"; };
		BBD28A9613636CB7002BF7C7 /* PocoFoundation.a */ = {isa = PBXFileReference; lastKnownFileType = archive.ar; path = PocoFoundation.a; sourceTree = "<group>"; };
		BBD28A9713636CB7002BF7C7 /* PocoNet.a */ = {isa = PBXFileReference; lastKnownFileType = archive.ar; path = PocoNet.a; sourceTree = "<group>"; };
		BBD28A9813636CB7002BF7C7 /* PocoUtil.a */ = {isa = PBXFileReference; lastKnownFileType = archive.ar; path = PocoUtil.a; sourceTree = "<group>"; };
		BBD28A9913636CB7002BF7C7 /* PocoXML.a */ = {isa = PBXFileReference; lastKnownFileType = archive.ar; path = PocoXML.a; sourceTree = "<group>"; };
		BBE5EAB70F49AD8400F28951 /* AudioToolbox.framework */ = {isa = PBXFileReference; lastKnownFileType = wrapper.framework; name = AudioToolbox.framework; path = System/Library/Frameworks/AudioToolbox.framework; sourceTree = SDKROOT; };
		DA7851271105C039007EFC90 /* glu.h */ = {isa = PBXFileReference; fileEncoding = 4; lastKnownFileType = sourcecode.c.h; path = glu.h; sourceTree = "<group>"; };
		DA7851281105C039007EFC90 /* gluos.h */ = {isa = PBXFileReference; fileEncoding = 4; lastKnownFileType = sourcecode.c.h; path = gluos.h; sourceTree = "<group>"; };
		E496D5AF1252C8210098A2B3 /* glu-iphone.a */ = {isa = PBXFileReference; lastKnownFileType = archive.ar; name = "glu-iphone.a"; path = "../../../libs/glu/lib/iphone/glu-iphone.a"; sourceTree = SOURCE_ROOT; };
		E496D5B01252C8210098A2B3 /* glu.a */ = {isa = PBXFileReference; lastKnownFileType = archive.ar; name = glu.a; path = ../../../libs/glu/lib/iphone/glu.a; sourceTree = SOURCE_ROOT; };
		E49BCC4812554B69009F19D0 /* iPhone+OF Lib.xcodeproj */ = {isa = PBXFileReference; lastKnownFileType = "wrapper.pb-project"; name = "iPhone+OF Lib.xcodeproj"; path = "../../../libs/openFrameworksCompiled/project/iphone/iPhone+OF Lib.xcodeproj"; sourceTree = SOURCE_ROOT; };
		E4A823A312561BE3002F86A2 /* CoreGraphics.framework */ = {isa = PBXFileReference; lastKnownFileType = wrapper.framework; name = CoreGraphics.framework; path = System/Library/Frameworks/CoreGraphics.framework; sourceTree = SDKROOT; };
		EA20B4EE1366F6EF0038E922 /* Default-LandscapeLeft~ipad.png */ = {isa = PBXFileReference; lastKnownFileType = image.png; path = "Default-LandscapeLeft~ipad.png"; sourceTree = "<group>"; };
		EA20B4EF1366F6EF0038E922 /* Default-LandscapeRight~ipad.png */ = {isa = PBXFileReference; lastKnownFileType = image.png; path = "Default-LandscapeRight~ipad.png"; sourceTree = "<group>"; };
		EA20B4F01366F6EF0038E922 /* Default.png */ = {isa = PBXFileReference; lastKnownFileType = image.png; path = Default.png; sourceTree = "<group>"; };
		EA20B4F11366F6EF0038E922 /* Default@2x.png */ = {isa = PBXFileReference; lastKnownFileType = image.png; path = "Default@2x.png"; sourceTree = "<group>"; };
		EA20B4F21366F6EF0038E922 /* Default~ipad.png */ = {isa = PBXFileReference; lastKnownFileType = image.png; path = "Default~ipad.png"; sourceTree = "<group>"; };
		EA20B4F31366F6EF0038E922 /* Icon-72.png */ = {isa = PBXFileReference; lastKnownFileType = image.png; path = "Icon-72.png"; sourceTree = "<group>"; };
		EA20B4F41366F6EF0038E922 /* Icon-Small-50.png */ = {isa = PBXFileReference; lastKnownFileType = image.png; path = "Icon-Small-50.png"; sourceTree = "<group>"; };
		EA20B4F51366F6EF0038E922 /* Icon-Small.png */ = {isa = PBXFileReference; lastKnownFileType = image.png; path = "Icon-Small.png"; sourceTree = "<group>"; };
		EA20B4F61366F6EF0038E922 /* Icon-Small@2x.png */ = {isa = PBXFileReference; lastKnownFileType = image.png; path = "Icon-Small@2x.png"; sourceTree = "<group>"; };
		EA20B4F71366F6EF0038E922 /* Icon.png */ = {isa = PBXFileReference; lastKnownFileType = image.png; path = Icon.png; sourceTree = "<group>"; };
		EA20B4F81366F6EF0038E922 /* Icon@2x.png */ = {isa = PBXFileReference; lastKnownFileType = image.png; path = "Icon@2x.png"; sourceTree = "<group>"; };
		EA20B52F136703040038E922 /* iTunesArtwork */ = {isa = PBXFileReference; lastKnownFileType = file; path = iTunesArtwork; sourceTree = "<group>"; };
		EA23EF14139D1DFA0071404C /* install.xml */ = {isa = PBXFileReference; fileEncoding = 4; lastKnownFileType = text.xml; path = install.xml; sourceTree = "<group>"; };
		EA23EF16139D1DFA0071404C /* tinyxml.cpp */ = {isa = PBXFileReference; fileEncoding = 4; lastKnownFileType = sourcecode.cpp.cpp; path = tinyxml.cpp; sourceTree = "<group>"; };
		EA23EF17139D1DFA0071404C /* tinyxml.h */ = {isa = PBXFileReference; fileEncoding = 4; lastKnownFileType = sourcecode.c.h; path = tinyxml.h; sourceTree = "<group>"; };
		EA23EF18139D1DFA0071404C /* tinyxmlerror.cpp */ = {isa = PBXFileReference; fileEncoding = 4; lastKnownFileType = sourcecode.cpp.cpp; path = tinyxmlerror.cpp; sourceTree = "<group>"; };
		EA23EF19139D1DFA0071404C /* tinyxmlparser.cpp */ = {isa = PBXFileReference; fileEncoding = 4; lastKnownFileType = sourcecode.cpp.cpp; path = tinyxmlparser.cpp; sourceTree = "<group>"; };
		EA23EF1B139D1DFA0071404C /* ofxXmlSettings.cpp */ = {isa = PBXFileReference; fileEncoding = 4; lastKnownFileType = sourcecode.cpp.cpp; path = ofxXmlSettings.cpp; sourceTree = "<group>"; };
		EA23EF1C139D1DFA0071404C /* ofxXmlSettings.h */ = {isa = PBXFileReference; fileEncoding = 4; lastKnownFileType = sourcecode.c.h; path = ofxXmlSettings.h; sourceTree = "<group>"; };
		EA23EF4D139D1E2F0071404C /* Apps.mm */ = {isa = PBXFileReference; fileEncoding = 4; lastKnownFileType = sourcecode.cpp.objcpp; path = Apps.mm; sourceTree = "<group>"; };
		EA23EF50139D1E2F0071404C /* testApp.h */ = {isa = PBXFileReference; fileEncoding = 4; lastKnownFileType = sourcecode.c.h; path = testApp.h; sourceTree = "<group>"; };
		EA23EF51139D1E2F0071404C /* testApp.mm */ = {isa = PBXFileReference; fileEncoding = 4; lastKnownFileType = sourcecode.cpp.objcpp; path = testApp.mm; sourceTree = "<group>"; };
		EA23EF58139D1E2F0071404C /* AboutPage.h */ = {isa = PBXFileReference; fileEncoding = 4; lastKnownFileType = sourcecode.c.h; path = AboutPage.h; sourceTree = "<group>"; };
		EA23EF59139D1E2F0071404C /* AboutPage.mm */ = {isa = PBXFileReference; fileEncoding = 4; lastKnownFileType = sourcecode.cpp.objcpp; path = AboutPage.mm; sourceTree = "<group>"; };
		EA23EF5A139D1E2F0071404C /* MainMenu.h */ = {isa = PBXFileReference; fileEncoding = 4; lastKnownFileType = sourcecode.c.h; path = MainMenu.h; sourceTree = "<group>"; };
		EA23EF5B139D1E2F0071404C /* MainMenu.mm */ = {isa = PBXFileReference; fileEncoding = 4; lastKnownFileType = sourcecode.cpp.objcpp; path = MainMenu.mm; sourceTree = "<group>"; };
		EA23EF5C139D1E2F0071404C /* SettingsPage.h */ = {isa = PBXFileReference; fileEncoding = 4; lastKnownFileType = sourcecode.c.h; path = SettingsPage.h; sourceTree = "<group>"; };
		EA23EF5D139D1E2F0071404C /* SettingsPage.mm */ = {isa = PBXFileReference; fileEncoding = 4; lastKnownFileType = sourcecode.cpp.objcpp; path = SettingsPage.mm; sourceTree = "<group>"; };
		EA23EF9C139D1FA50071404C /* BrightnessSlider.h */ = {isa = PBXFileReference; fileEncoding = 4; lastKnownFileType = sourcecode.c.h; path = BrightnessSlider.h; sourceTree = "<group>"; };
		EA23F0DF139D30CB0071404C /* Entitlements.plist */ = {isa = PBXFileReference; fileEncoding = 4; lastKnownFileType = text.plist.xml; path = Entitlements.plist; plistStructureDefinitionIdentifier = "com.apple.xcode.plist.structure-definition.iphone.entitlements"; sourceTree = "<group>"; };
		EA2FABF413AA063400CB21FA /* ReactickleButton.cpp */ = {isa = PBXFileReference; fileEncoding = 4; lastKnownFileType = sourcecode.cpp.cpp; path = ReactickleButton.cpp; sourceTree = "<group>"; };
		EA2FABF513AA063400CB21FA /* ReactickleButton.h */ = {isa = PBXFileReference; fileEncoding = 4; lastKnownFileType = sourcecode.c.h; path = ReactickleButton.h; sourceTree = "<group>"; };
		EA2FAC1713AA06AE00CB21FA /* tesselator.h */ = {isa = PBXFileReference; fileEncoding = 4; lastKnownFileType = sourcecode.c.h; path = tesselator.h; sourceTree = "<group>"; };
		EA2FAC1A13AA06AE00CB21FA /* tess2.a */ = {isa = PBXFileReference; lastKnownFileType = archive.ar; path = tess2.a; sourceTree = "<group>"; };
		EA30E3CA13D5E1CA00E6E26C /* freeimage.a */ = {isa = PBXFileReference; lastKnownFileType = archive.ar; name = freeimage.a; path = ../../../libs/FreeImage/lib/iphone/freeimage.a; sourceTree = SOURCE_ROOT; };
		EA30E3CC13D5E1D400E6E26C /* freetype.a */ = {isa = PBXFileReference; lastKnownFileType = archive.ar; name = freetype.a; path = ../../../libs/freetype/lib/iphone/freetype.a; sourceTree = SOURCE_ROOT; };
		EA620EE513A6316600A88AF0 /* VolumeSlider.h */ = {isa = PBXFileReference; fileEncoding = 4; lastKnownFileType = sourcecode.c.h; path = VolumeSlider.h; sourceTree = "<group>"; };
		EA62106813A6481200A88AF0 /* Expand.mm */ = {isa = PBXFileReference; fileEncoding = 4; lastKnownFileType = sourcecode.cpp.objcpp; path = Expand.mm; sourceTree = "<group>"; };
		EA62106913A6481200A88AF0 /* Expand.h */ = {isa = PBXFileReference; fileEncoding = 4; lastKnownFileType = sourcecode.c.h; path = Expand.h; sourceTree = "<group>"; };
		EA62106B13A6481200A88AF0 /* Orbit.mm */ = {isa = PBXFileReference; fileEncoding = 4; lastKnownFileType = sourcecode.cpp.objcpp; path = Orbit.mm; sourceTree = "<group>"; };
		EA62106C13A6481200A88AF0 /* Orbit.h */ = {isa = PBXFileReference; fileEncoding = 4; lastKnownFileType = sourcecode.c.h; path = Orbit.h; sourceTree = "<group>"; };
		EA62106E13A6481200A88AF0 /* Flip.mm */ = {isa = PBXFileReference; fileEncoding = 4; lastKnownFileType = sourcecode.cpp.objcpp; path = Flip.mm; sourceTree = "<group>"; };
		EA62106F13A6481200A88AF0 /* Flip.h */ = {isa = PBXFileReference; fileEncoding = 4; lastKnownFileType = sourcecode.c.h; path = Flip.h; sourceTree = "<group>"; };
		EA62107113A6481200A88AF0 /* Follow.mm */ = {isa = PBXFileReference; fileEncoding = 4; lastKnownFileType = sourcecode.cpp.objcpp; path = Follow.mm; sourceTree = "<group>"; };
		EA62107213A6481200A88AF0 /* Follow.h */ = {isa = PBXFileReference; fileEncoding = 4; lastKnownFileType = sourcecode.c.h; path = Follow.h; sourceTree = "<group>"; };
		EA62107313A6481200A88AF0 /* FollowParticle.cpp */ = {isa = PBXFileReference; fileEncoding = 4; lastKnownFileType = sourcecode.cpp.cpp; path = FollowParticle.cpp; sourceTree = "<group>"; };
		EA62107413A6481200A88AF0 /* FollowParticle.h */ = {isa = PBXFileReference; fileEncoding = 4; lastKnownFileType = sourcecode.c.h; path = FollowParticle.h; sourceTree = "<group>"; };
		EA62107713A6481200A88AF0 /* TrailParticle.cpp */ = {isa = PBXFileReference; fileEncoding = 4; lastKnownFileType = sourcecode.cpp.cpp; path = TrailParticle.cpp; sourceTree = "<group>"; };
		EA62107813A6481200A88AF0 /* TrailParticle.h */ = {isa = PBXFileReference; fileEncoding = 4; lastKnownFileType = sourcecode.c.h; path = TrailParticle.h; sourceTree = "<group>"; };
		EA62107913A6481200A88AF0 /* Trail.mm */ = {isa = PBXFileReference; fileEncoding = 4; lastKnownFileType = sourcecode.cpp.objcpp; path = Trail.mm; sourceTree = "<group>"; };
		EA62107A13A6481200A88AF0 /* Trail.h */ = {isa = PBXFileReference; fileEncoding = 4; lastKnownFileType = sourcecode.c.h; path = Trail.h; sourceTree = "<group>"; };
		EA62107C13A6481200A88AF0 /* Grid.h */ = {isa = PBXFileReference; fileEncoding = 4; lastKnownFileType = sourcecode.c.h; path = Grid.h; sourceTree = "<group>"; };
		EA62107E13A6481200A88AF0 /* Cascade.h */ = {isa = PBXFileReference; fileEncoding = 4; lastKnownFileType = sourcecode.c.h; path = Cascade.h; sourceTree = "<group>"; };
		EA62108013A6481200A88AF0 /* Change.h */ = {isa = PBXFileReference; fileEncoding = 4; lastKnownFileType = sourcecode.c.h; path = Change.h; sourceTree = "<group>"; };
		EA62108213A6481200A88AF0 /* Find.h */ = {isa = PBXFileReference; fileEncoding = 4; lastKnownFileType = sourcecode.c.h; path = Find.h; sourceTree = "<group>"; };
		EA62108413A6481200A88AF0 /* Trace.h */ = {isa = PBXFileReference; fileEncoding = 4; lastKnownFileType = sourcecode.c.h; path = Trace.h; sourceTree = "<group>"; };
		EA62124613A6652100A88AF0 /* ModeDisplay.h */ = {isa = PBXFileReference; fileEncoding = 4; lastKnownFileType = sourcecode.c.h; path = ModeDisplay.h; sourceTree = "<group>"; };
		EAD493DA13A8B75700D312FE /* main.mm */ = {isa = PBXFileReference; fileEncoding = 4; lastKnownFileType = sourcecode.cpp.objcpp; path = main.mm; sourceTree = "<group>"; };
		EAD493DB13A8B75700D312FE /* Reactickle.h */ = {isa = PBXFileReference; fileEncoding = 4; lastKnownFileType = sourcecode.c.h; path = Reactickle.h; sourceTree = "<group>"; };
		EAD493DC13A8B75700D312FE /* ReactickleApp.h */ = {isa = PBXFileReference; fileEncoding = 4; lastKnownFileType = sourcecode.c.h; path = ReactickleApp.h; sourceTree = "<group>"; };
		EAD493DD13A8B75700D312FE /* ReactickleApp.mm */ = {isa = PBXFileReference; fileEncoding = 4; lastKnownFileType = sourcecode.cpp.objcpp; path = ReactickleApp.mm; sourceTree = "<group>"; };
		EAD493DE13A8B75700D312FE /* constants.h */ = {isa = PBXFileReference; fileEncoding = 4; lastKnownFileType = sourcecode.c.h; path = constants.h; sourceTree = "<group>"; };
		EAD493E013A8B75700D312FE /* GlowingBorder.h */ = {isa = PBXFileReference; fileEncoding = 4; lastKnownFileType = sourcecode.c.h; path = GlowingBorder.h; sourceTree = "<group>"; };
		EAD493E113A8B75700D312FE /* MagicShapes.cpp */ = {isa = PBXFileReference; fileEncoding = 4; lastKnownFileType = sourcecode.cpp.cpp; path = MagicShapes.cpp; sourceTree = "<group>"; };
		EAD493E213A8B75700D312FE /* MagicShapes.h */ = {isa = PBXFileReference; fileEncoding = 4; lastKnownFileType = sourcecode.c.h; path = MagicShapes.h; sourceTree = "<group>"; };
		EAD493E513A8B75700D312FE /* ColorCube.h */ = {isa = PBXFileReference; fileEncoding = 4; lastKnownFileType = sourcecode.c.h; path = ColorCube.h; sourceTree = "<group>"; };
		EAD493E613A8B75700D312FE /* ColorPicker.cpp */ = {isa = PBXFileReference; fileEncoding = 4; lastKnownFileType = sourcecode.cpp.cpp; path = ColorPicker.cpp; sourceTree = "<group>"; };
		EAD493E713A8B75700D312FE /* ColorPicker.h */ = {isa = PBXFileReference; fileEncoding = 4; lastKnownFileType = sourcecode.c.h; path = ColorPicker.h; sourceTree = "<group>"; };
		EAD493E813A8B75700D312FE /* Container.h */ = {isa = PBXFileReference; fileEncoding = 4; lastKnownFileType = sourcecode.c.h; path = Container.h; sourceTree = "<group>"; };
		EAD493E913A8B75700D312FE /* HoldButton.h */ = {isa = PBXFileReference; fileEncoding = 4; lastKnownFileType = sourcecode.c.h; path = HoldButton.h; sourceTree = "<group>"; };
		EAD493EA13A8B75700D312FE /* ImageObject.h */ = {isa = PBXFileReference; fileEncoding = 4; lastKnownFileType = sourcecode.c.h; path = ImageObject.h; sourceTree = "<group>"; };
		EAD493EB13A8B75700D312FE /* InteractiveObject.h */ = {isa = PBXFileReference; fileEncoding = 4; lastKnownFileType = sourcecode.c.h; path = InteractiveObject.h; sourceTree = "<group>"; };
		EAD493EC13A8B75700D312FE /* SimpleButton.h */ = {isa = PBXFileReference; fileEncoding = 4; lastKnownFileType = sourcecode.c.h; path = SimpleButton.h; sourceTree = "<group>"; };
		EAD493EE13A8B75700D312FE /* ImageCache.cpp */ = {isa = PBXFileReference; fileEncoding = 4; lastKnownFileType = sourcecode.cpp.cpp; path = ImageCache.cpp; sourceTree = "<group>"; };
		EAD493EF13A8B75700D312FE /* ImageCache.h */ = {isa = PBXFileReference; fileEncoding = 4; lastKnownFileType = sourcecode.c.h; path = ImageCache.h; sourceTree = "<group>"; };
		EAD493F013A8B75700D312FE /* Properties.cpp */ = {isa = PBXFileReference; fileEncoding = 4; lastKnownFileType = sourcecode.cpp.cpp; path = Properties.cpp; sourceTree = "<group>"; };
		EAD493F113A8B75700D312FE /* Properties.h */ = {isa = PBXFileReference; fileEncoding = 4; lastKnownFileType = sourcecode.c.h; path = Properties.h; sourceTree = "<group>"; };
		EAD493F213A8B75700D312FE /* Settings.h */ = {isa = PBXFileReference; fileEncoding = 4; lastKnownFileType = sourcecode.c.h; path = Settings.h; sourceTree = "<group>"; };
		EAD493F313A8B75700D312FE /* Settings.mm */ = {isa = PBXFileReference; fileEncoding = 4; lastKnownFileType = sourcecode.cpp.objcpp; path = Settings.mm; sourceTree = "<group>"; };
		EAD493F413A8B75700D312FE /* util.cpp */ = {isa = PBXFileReference; fileEncoding = 4; lastKnownFileType = sourcecode.cpp.cpp; path = util.cpp; sourceTree = "<group>"; };
		EAD493F513A8B75700D312FE /* util.h */ = {isa = PBXFileReference; fileEncoding = 4; lastKnownFileType = sourcecode.c.h; path = util.h; sourceTree = "<group>"; };
		EAD4940B13A8B7A200D312FE /* testAppEvents.mm */ = {isa = PBXFileReference; fileEncoding = 4; lastKnownFileType = sourcecode.cpp.objcpp; path = testAppEvents.mm; sourceTree = "<group>"; };
		EAF8E8AD1458395500876802 /* iPhoneUtils.mm */ = {isa = PBXFileReference; fileEncoding = 4; lastKnownFileType = sourcecode.cpp.objcpp; path = iPhoneUtils.mm; sourceTree = "<group>"; };
		EAF8E8AE1458395500876802 /* iPhoneUtils.h */ = {isa = PBXFileReference; fileEncoding = 4; lastKnownFileType = sourcecode.c.h; path = iPhoneUtils.h; sourceTree = "<group>"; };
		EAF8E8B014584C8000876802 /* InkWell.h */ = {isa = PBXFileReference; fileEncoding = 4; lastKnownFileType = sourcecode.c.h; path = InkWell.h; sourceTree = "<group>"; };
/* End PBXFileReference section */

/* Begin PBXFrameworksBuildPhase section */
		1D60588F0D05DD3D006BFB54 /* Frameworks */ = {
			isa = PBXFrameworksBuildPhase;
			buildActionMask = 2147483647;
			files = (
				E49BCC7A12554CD6009F19D0 /* libofxiPhone_iphoneos_Debug.a in Frameworks */,
				1D60589F0D05DD5A006BFB54 /* Foundation.framework in Frameworks */,
				1DF5F4E00D08C38300B7A737 /* UIKit.framework in Frameworks */,
				288765FD0DF74451002DB57D /* CoreGraphics.framework in Frameworks */,
				BB16EBD20F2B2A9500518274 /* OpenGLES.framework in Frameworks */,
				BB16EBD90F2B2AB500518274 /* QuartzCore.framework in Frameworks */,
				BBE5EAB80F49AD8400F28951 /* AudioToolbox.framework in Frameworks */,
				53F323EB10A20EDB00E0DAE4 /* OpenAL.framework in Frameworks */,
				5326AEA810A23A0500278DE6 /* CoreLocation.framework in Frameworks */,
				5E25689810ED26CC00A9501C /* PocoFoundation.a in Frameworks */,
				5E25689910ED26CC00A9501C /* PocoNet.a in Frameworks */,
				5E25689A10ED26CC00A9501C /* PocoUtil.a in Frameworks */,
				5E25689B10ED26CC00A9501C /* PocoXML.a in Frameworks */,
				E496D5B11252C8210098A2B3 /* glu-iphone.a in Frameworks */,
				E496D5B21252C8210098A2B3 /* glu.a in Frameworks */,
				E4A823A412561BE3002F86A2 /* CoreGraphics.framework in Frameworks */,
				BB47D910136358EF0057C702 /* CoreVideo.framework in Frameworks */,
				BB47D912136359350057C702 /* CoreFoundation.framework in Frameworks */,
				BB47D9141363594C0057C702 /* CoreMedia.framework in Frameworks */,
				BB47D9161363598C0057C702 /* AVFoundation.framework in Frameworks */,
				BBD28A9413636CA9002BF7C7 /* freeimage.a in Frameworks */,
				BBD28A9A13636CB7002BF7C7 /* PocoFoundation.a in Frameworks */,
				BBD28A9B13636CB7002BF7C7 /* PocoNet.a in Frameworks */,
				BBD28A9C13636CB7002BF7C7 /* PocoUtil.a in Frameworks */,
				BBD28A9D13636CB7002BF7C7 /* PocoXML.a in Frameworks */,
				EA2FAC1B13AA06AE00CB21FA /* tess2.a in Frameworks */,
				EA30E3CB13D5E1CA00E6E26C /* freeimage.a in Frameworks */,
				EA30E3CD13D5E1D400E6E26C /* freetype.a in Frameworks */,
			);
			runOnlyForDeploymentPostprocessing = 0;
		};
/* End PBXFrameworksBuildPhase section */

/* Begin PBXGroup section */
		19C28FACFE9D520D11CA2CBB /* Products */ = {
			isa = PBXGroup;
			children = (
				1D6058910D05DD3D006BFB54 /* magic.app */,
			);
			name = Products;
			sourceTree = "<group>";
		};
		29B97314FDCFA39411CA2CEA /* CustomTemplate */ = {
			isa = PBXGroup;
			children = (
				BB24DDC910DA781C00E9C588 /* ofxiphone-Info.plist */,
				EA20B4ED1366F6EF0038E922 /* Resources */,
				EAD493D813A8B75700D312FE /* framework */,
				EA23EF4B139D1E2F0071404C /* src */,
				BB24E1F710DAA51900E9C588 /* openFrameworks */,
				EA62106613A6481200A88AF0 /* reactickles */,
				BB16F26B0F2B646B00518274 /* addons */,
				BB16E9930F2B1E5900518274 /* libs */,
				19C28FACFE9D520D11CA2CBB /* Products */,
				EA23F0DF139D30CB0071404C /* Entitlements.plist */,
			);
			name = CustomTemplate;
			sourceTree = "<group>";
		};
		29B97315FDCFA39411CA2CEA /* Other Sources */ = {
			isa = PBXGroup;
			children = (
				32CA4F630368D1EE00C91783 /* iPhone_Prefix.pch */,
			);
			name = "Other Sources";
			sourceTree = "<group>";
		};
		29B97323FDCFA39411CA2CEA /* core frameworks */ = {
			isa = PBXGroup;
			children = (
				BB47D9151363598C0057C702 /* AVFoundation.framework */,
				BB47D90F136358EF0057C702 /* CoreVideo.framework */,
				BB47D9131363594C0057C702 /* CoreMedia.framework */,
				53F323EA10A20EDB00E0DAE4 /* OpenAL.framework */,
				E4A823A312561BE3002F86A2 /* CoreGraphics.framework */,
				BBE5EAB70F49AD8400F28951 /* AudioToolbox.framework */,
				BB16EBD80F2B2AB500518274 /* QuartzCore.framework */,
				BB16EBD10F2B2A9500518274 /* OpenGLES.framework */,
				1DF5F4DF0D08C38300B7A737 /* UIKit.framework */,
				1D30AB110D05D00D00671497 /* Foundation.framework */,
				288765FC0DF74451002DB57D /* CoreGraphics.framework */,
				BB47D911136359350057C702 /* CoreFoundation.framework */,
				5326AEA710A23A0500278DE6 /* CoreLocation.framework */,
			);
			name = "core frameworks";
			sourceTree = "<group>";
		};
		5E25686A10ED26BE00A9501C /* poco */ = {
			isa = PBXGroup;
			children = (
				5E25686E10ED26CC00A9501C /* lib */,
			);
			name = poco;
			sourceTree = "<group>";
		};
		5E25686E10ED26CC00A9501C /* lib */ = {
			isa = PBXGroup;
			children = (
				BBD28A9513636CB7002BF7C7 /* osx */,
				5E25686F10ED26CC00A9501C /* iphone */,
			);
			name = lib;
			path = ../../../libs/poco/lib;
			sourceTree = SOURCE_ROOT;
		};
		5E25686F10ED26CC00A9501C /* iphone */ = {
			isa = PBXGroup;
			children = (
				5E25687110ED26CC00A9501C /* PocoFoundation.a */,
				5E25687210ED26CC00A9501C /* PocoNet.a */,
				5E25687310ED26CC00A9501C /* PocoUtil.a */,
				5E25687410ED26CC00A9501C /* PocoXML.a */,
			);
			name = iphone;
			path = ../../../libs/poco/lib/iphone;
			sourceTree = SOURCE_ROOT;
		};
		BB16E9930F2B1E5900518274 /* libs */ = {
			isa = PBXGroup;
			children = (
				BBE5E94E0F497BD800F28951 /* core */,
			);
			name = libs;
			sourceTree = "<group>";
		};
		BB16F26B0F2B646B00518274 /* addons */ = {
			isa = PBXGroup;
			children = (
				EA23EF13139D1DF90071404C /* ofxXmlSettings */,
			);
			name = addons;
			sourceTree = "<group>";
		};
		BB24DDCD10DA784F00E9C588 /* FreeImage */ = {
			isa = PBXGroup;
			children = (
				BB24DDCE10DA784F00E9C588 /* include */,
				BB24DDD010DA784F00E9C588 /* lib */,
			);
			name = FreeImage;
			path = ../../../libs/FreeImage;
			sourceTree = SOURCE_ROOT;
		};
		BB24DDCE10DA784F00E9C588 /* include */ = {
			isa = PBXGroup;
			children = (
				BB24DDCF10DA784F00E9C588 /* FreeImage.h */,
			);
			path = include;
			sourceTree = "<group>";
		};
		BB24DDD010DA784F00E9C588 /* lib */ = {
			isa = PBXGroup;
			children = (
				BBD28A9213636CA9002BF7C7 /* osx */,
				BB24DDD110DA784F00E9C588 /* iphone */,
			);
			path = lib;
			sourceTree = "<group>";
		};
		BB24DDD110DA784F00E9C588 /* iphone */ = {
			isa = PBXGroup;
			children = (
			);
			path = iphone;
			sourceTree = "<group>";
		};
		BB24DDDD10DA785000E9C588 /* freetype */ = {
			isa = PBXGroup;
			children = (
				BB24DDDE10DA785000E9C588 /* include */,
				BB24DE1110DA785000E9C588 /* lib */,
			);
			name = freetype;
			path = ../../../libs/freetype;
			sourceTree = SOURCE_ROOT;
		};
		BB24DDDE10DA785000E9C588 /* include */ = {
			isa = PBXGroup;
			children = (
				BB24DDDF10DA785000E9C588 /* freetype2 */,
				BB24DE0E10DA785000E9C588 /* ft2build.h */,
			);
			path = include;
			sourceTree = "<group>";
		};
		BB24DDDF10DA785000E9C588 /* freetype2 */ = {
			isa = PBXGroup;
			children = (
				BB24DDE010DA785000E9C588 /* freetype */,
			);
			path = freetype2;
			sourceTree = "<group>";
		};
		BB24DDE010DA785000E9C588 /* freetype */ = {
			isa = PBXGroup;
			children = (
				BB24DDE110DA785000E9C588 /* config */,
				BB24DDE710DA785000E9C588 /* freetype.h */,
				BB24DDE810DA785000E9C588 /* ftbbox.h */,
				BB24DDE910DA785000E9C588 /* ftbdf.h */,
				BB24DDEA10DA785000E9C588 /* ftbitmap.h */,
				BB24DDEB10DA785000E9C588 /* ftcache.h */,
				BB24DDEC10DA785000E9C588 /* ftchapters.h */,
				BB24DDED10DA785000E9C588 /* fterrdef.h */,
				BB24DDEE10DA785000E9C588 /* fterrors.h */,
				BB24DDEF10DA785000E9C588 /* ftgasp.h */,
				BB24DDF010DA785000E9C588 /* ftglyph.h */,
				BB24DDF110DA785000E9C588 /* ftgxval.h */,
				BB24DDF210DA785000E9C588 /* ftgzip.h */,
				BB24DDF310DA785000E9C588 /* ftimage.h */,
				BB24DDF410DA785000E9C588 /* ftincrem.h */,
				BB24DDF510DA785000E9C588 /* ftlcdfil.h */,
				BB24DDF610DA785000E9C588 /* ftlist.h */,
				BB24DDF710DA785000E9C588 /* ftlzw.h */,
				BB24DDF810DA785000E9C588 /* ftmac.h */,
				BB24DDF910DA785000E9C588 /* ftmm.h */,
				BB24DDFA10DA785000E9C588 /* ftmodapi.h */,
				BB24DDFB10DA785000E9C588 /* ftmoderr.h */,
				BB24DDFC10DA785000E9C588 /* ftotval.h */,
				BB24DDFD10DA785000E9C588 /* ftoutln.h */,
				BB24DDFE10DA785000E9C588 /* ftpfr.h */,
				BB24DDFF10DA785000E9C588 /* ftrender.h */,
				BB24DE0010DA785000E9C588 /* ftsizes.h */,
				BB24DE0110DA785000E9C588 /* ftsnames.h */,
				BB24DE0210DA785000E9C588 /* ftstroke.h */,
				BB24DE0310DA785000E9C588 /* ftsynth.h */,
				BB24DE0410DA785000E9C588 /* ftsystem.h */,
				BB24DE0510DA785000E9C588 /* fttrigon.h */,
				BB24DE0610DA785000E9C588 /* fttypes.h */,
				BB24DE0710DA785000E9C588 /* ftwinfnt.h */,
				BB24DE0810DA785000E9C588 /* ftxf86.h */,
				BB24DE0910DA785000E9C588 /* t1tables.h */,
				BB24DE0A10DA785000E9C588 /* ttnameid.h */,
				BB24DE0B10DA785000E9C588 /* tttables.h */,
				BB24DE0C10DA785000E9C588 /* tttags.h */,
				BB24DE0D10DA785000E9C588 /* ttunpat.h */,
			);
			path = freetype;
			sourceTree = "<group>";
		};
		BB24DDE110DA785000E9C588 /* config */ = {
			isa = PBXGroup;
			children = (
				BB24DDE210DA785000E9C588 /* ftconfig.h */,
				BB24DDE310DA785000E9C588 /* ftheader.h */,
				BB24DDE410DA785000E9C588 /* ftmodule.h */,
				BB24DDE510DA785000E9C588 /* ftoption.h */,
				BB24DDE610DA785000E9C588 /* ftstdlib.h */,
			);
			path = config;
			sourceTree = "<group>";
		};
		BB24DE1110DA785000E9C588 /* lib */ = {
			isa = PBXGroup;
			children = (
				BB24DE1210DA785000E9C588 /* iphone */,
			);
			path = lib;
			sourceTree = "<group>";
		};
		BB24DE1210DA785000E9C588 /* iphone */ = {
			isa = PBXGroup;
			children = (
			);
			path = iphone;
			sourceTree = "<group>";
		};
		BB24DE1F10DA785000E9C588 /* glu */ = {
			isa = PBXGroup;
			children = (
				DA7851261105C039007EFC90 /* include_iphone */,
				BB24DE2510DA785000E9C588 /* lib */,
			);
			name = glu;
			path = ../../../libs/glu;
			sourceTree = SOURCE_ROOT;
		};
		BB24DE2510DA785000E9C588 /* lib */ = {
			isa = PBXGroup;
			children = (
				BB24DE2610DA785000E9C588 /* iphone */,
			);
			path = lib;
			sourceTree = "<group>";
		};
		BB24DE2610DA785000E9C588 /* iphone */ = {
			isa = PBXGroup;
			children = (
				E496D5AF1252C8210098A2B3 /* glu-iphone.a */,
				E496D5B01252C8210098A2B3 /* glu.a */,
			);
			path = iphone;
			sourceTree = "<group>";
		};
		BB24E1F710DAA51900E9C588 /* openFrameworks */ = {
			isa = PBXGroup;
			children = (
				EA30E3CC13D5E1D400E6E26C /* freetype.a */,
				EA30E3CA13D5E1CA00E6E26C /* freeimage.a */,
				E49BCC4812554B69009F19D0 /* iPhone+OF Lib.xcodeproj */,
			);
			name = openFrameworks;
			sourceTree = "<group>";
		};
		BB3F144E0F4C6BF200A33527 /* core libraries */ = {
			isa = PBXGroup;
			children = (
				EA2FAC1513AA06AE00CB21FA /* tess2 */,
				5E25686A10ED26BE00A9501C /* poco */,
				BB24DDCD10DA784F00E9C588 /* FreeImage */,
				BB24DDDD10DA785000E9C588 /* freetype */,
				BB24DE1F10DA785000E9C588 /* glu */,
				29B97315FDCFA39411CA2CEA /* Other Sources */,
			);
			name = "core libraries";
			sourceTree = "<group>";
		};
		BBD28A9213636CA9002BF7C7 /* osx */ = {
			isa = PBXGroup;
			children = (
				BBD28A9313636CA9002BF7C7 /* freeimage.a */,
			);
			path = osx;
			sourceTree = "<group>";
		};
		BBD28A9513636CB7002BF7C7 /* osx */ = {
			isa = PBXGroup;
			children = (
				BBD28A9613636CB7002BF7C7 /* PocoFoundation.a */,
				BBD28A9713636CB7002BF7C7 /* PocoNet.a */,
				BBD28A9813636CB7002BF7C7 /* PocoUtil.a */,
				BBD28A9913636CB7002BF7C7 /* PocoXML.a */,
			);
			path = osx;
			sourceTree = "<group>";
		};
		BBE5E94E0F497BD800F28951 /* core */ = {
			isa = PBXGroup;
			children = (
				BB3F144E0F4C6BF200A33527 /* core libraries */,
				29B97323FDCFA39411CA2CEA /* core frameworks */,
			);
			name = core;
			sourceTree = "<group>";
		};
		DA7851261105C039007EFC90 /* include_iphone */ = {
			isa = PBXGroup;
			children = (
				DA7851271105C039007EFC90 /* glu.h */,
				DA7851281105C039007EFC90 /* gluos.h */,
			);
			path = include_iphone;
			sourceTree = "<group>";
		};
		E49BCC4912554B69009F19D0 /* Products */ = {
			isa = PBXGroup;
			children = (
				E49BCC5012554B6A009F19D0 /* libofxiPhone_iphoneos_Debug.a */,
			);
			name = Products;
			sourceTree = "<group>";
		};
		EA20B4ED1366F6EF0038E922 /* Resources */ = {
			isa = PBXGroup;
			children = (
				EA20B4EE1366F6EF0038E922 /* Default-LandscapeLeft~ipad.png */,
				EA20B4EF1366F6EF0038E922 /* Default-LandscapeRight~ipad.png */,
				EA20B4F01366F6EF0038E922 /* Default.png */,
				EA20B4F11366F6EF0038E922 /* Default@2x.png */,
				EA20B4F21366F6EF0038E922 /* Default~ipad.png */,
				EA20B4F31366F6EF0038E922 /* Icon-72.png */,
				EA20B4F41366F6EF0038E922 /* Icon-Small-50.png */,
				EA20B4F51366F6EF0038E922 /* Icon-Small.png */,
				EA20B4F61366F6EF0038E922 /* Icon-Small@2x.png */,
				EA20B4F71366F6EF0038E922 /* Icon.png */,
				EA20B4F81366F6EF0038E922 /* Icon@2x.png */,
				EA20B52F136703040038E922 /* iTunesArtwork */,
			);
			path = Resources;
			sourceTree = "<group>";
		};
		EA23EF13139D1DF90071404C /* ofxXmlSettings */ = {
			isa = PBXGroup;
			children = (
				EA23EF14139D1DFA0071404C /* install.xml */,
				EA23EF15139D1DFA0071404C /* libs */,
				EA23EF1A139D1DFA0071404C /* src */,
			);
			name = ofxXmlSettings;
			path = ../../../addons/ofxXmlSettings;
			sourceTree = SOURCE_ROOT;
		};
		EA23EF15139D1DFA0071404C /* libs */ = {
			isa = PBXGroup;
			children = (
				EA23EF16139D1DFA0071404C /* tinyxml.cpp */,
				EA23EF17139D1DFA0071404C /* tinyxml.h */,
				EA23EF18139D1DFA0071404C /* tinyxmlerror.cpp */,
				EA23EF19139D1DFA0071404C /* tinyxmlparser.cpp */,
			);
			path = libs;
			sourceTree = "<group>";
		};
		EA23EF1A139D1DFA0071404C /* src */ = {
			isa = PBXGroup;
			children = (
				EA23EF1B139D1DFA0071404C /* ofxXmlSettings.cpp */,
				EA23EF1C139D1DFA0071404C /* ofxXmlSettings.h */,
			);
			path = src;
			sourceTree = "<group>";
		};
		EA23EF4B139D1E2F0071404C /* src */ = {
			isa = PBXGroup;
			children = (
				EA23EF4C139D1E2F0071404C /* app */,
				EA23EF53139D1E2F0071404C /* gui */,
				EA23EF57139D1E2F0071404C /* pages */,
			);
			path = src;
			sourceTree = "<group>";
		};
		EA23EF4C139D1E2F0071404C /* app */ = {
			isa = PBXGroup;
			children = (
				EA23EF4D139D1E2F0071404C /* Apps.mm */,
				EA23EF50139D1E2F0071404C /* testApp.h */,
				EA23EF51139D1E2F0071404C /* testApp.mm */,
				EAD4940B13A8B7A200D312FE /* testAppEvents.mm */,
			);
			path = app;
			sourceTree = "<group>";
		};
		EA23EF53139D1E2F0071404C /* gui */ = {
			isa = PBXGroup;
			children = (
				EA62124613A6652100A88AF0 /* ModeDisplay.h */,
			);
			path = gui;
			sourceTree = "<group>";
		};
		EA23EF57139D1E2F0071404C /* pages */ = {
			isa = PBXGroup;
			children = (
				EA23EF9C139D1FA50071404C /* BrightnessSlider.h */,
				EA620EE513A6316600A88AF0 /* VolumeSlider.h */,
				EA23EF58139D1E2F0071404C /* AboutPage.h */,
				EA23EF59139D1E2F0071404C /* AboutPage.mm */,
				EA23EF5A139D1E2F0071404C /* MainMenu.h */,
				EA23EF5B139D1E2F0071404C /* MainMenu.mm */,
				EA23EF5C139D1E2F0071404C /* SettingsPage.h */,
				EA23EF5D139D1E2F0071404C /* SettingsPage.mm */,
			);
			path = pages;
			sourceTree = "<group>";
		};
		EA2FAC1513AA06AE00CB21FA /* tess2 */ = {
			isa = PBXGroup;
			children = (
				EA2FAC1613AA06AE00CB21FA /* include */,
				EA2FAC1813AA06AE00CB21FA /* lib */,
			);
			name = tess2;
			path = ../../../libs/tess2;
			sourceTree = SOURCE_ROOT;
		};
		EA2FAC1613AA06AE00CB21FA /* include */ = {
			isa = PBXGroup;
			children = (
				EA2FAC1713AA06AE00CB21FA /* tesselator.h */,
			);
			path = include;
			sourceTree = "<group>";
		};
		EA2FAC1813AA06AE00CB21FA /* lib */ = {
			isa = PBXGroup;
			children = (
				EA2FAC1913AA06AE00CB21FA /* osx */,
			);
			path = lib;
			sourceTree = "<group>";
		};
		EA2FAC1913AA06AE00CB21FA /* osx */ = {
			isa = PBXGroup;
			children = (
				EA2FAC1A13AA06AE00CB21FA /* tess2.a */,
			);
			path = osx;
			sourceTree = "<group>";
		};
		EA62106613A6481200A88AF0 /* reactickles */ = {
			isa = PBXGroup;
			children = (
				EA62108113A6481200A88AF0 /* Find */,
				EA62106713A6481200A88AF0 /* Expand */,
				EA62106D13A6481200A88AF0 /* Flip */,
				EA62107513A6481200A88AF0 /* Trail */,
				EA62107D13A6481200A88AF0 /* Cascade */,
				EA62106A13A6481200A88AF0 /* Orbit */,
				EA62107013A6481200A88AF0 /* Follow */,
				EA62107B13A6481200A88AF0 /* Grid */,
				EA62107F13A6481200A88AF0 /* Change */,
				EA62108313A6481200A88AF0 /* Trace */,
			);
			name = reactickles;
			path = ../reactickles;
			sourceTree = SOURCE_ROOT;
		};
		EA62106713A6481200A88AF0 /* Expand */ = {
			isa = PBXGroup;
			children = (
				EA62106813A6481200A88AF0 /* Expand.mm */,
				EA62106913A6481200A88AF0 /* Expand.h */,
			);
			path = Expand;
			sourceTree = "<group>";
		};
		EA62106A13A6481200A88AF0 /* Orbit */ = {
			isa = PBXGroup;
			children = (
				EA62106B13A6481200A88AF0 /* Orbit.mm */,
				EA62106C13A6481200A88AF0 /* Orbit.h */,
			);
			path = Orbit;
			sourceTree = "<group>";
		};
		EA62106D13A6481200A88AF0 /* Flip */ = {
			isa = PBXGroup;
			children = (
				EA62106E13A6481200A88AF0 /* Flip.mm */,
				EA62106F13A6481200A88AF0 /* Flip.h */,
			);
			path = Flip;
			sourceTree = "<group>";
		};
		EA62107013A6481200A88AF0 /* Follow */ = {
			isa = PBXGroup;
			children = (
				EA62107113A6481200A88AF0 /* Follow.mm */,
				EA62107213A6481200A88AF0 /* Follow.h */,
				EA62107313A6481200A88AF0 /* FollowParticle.cpp */,
				EA62107413A6481200A88AF0 /* FollowParticle.h */,
			);
			path = Follow;
			sourceTree = "<group>";
		};
		EA62107513A6481200A88AF0 /* Trail */ = {
			isa = PBXGroup;
			children = (
				EA62107613A6481200A88AF0 /* particles */,
				EA62107913A6481200A88AF0 /* Trail.mm */,
				EA62107A13A6481200A88AF0 /* Trail.h */,
			);
			path = Trail;
			sourceTree = "<group>";
		};
		EA62107613A6481200A88AF0 /* particles */ = {
			isa = PBXGroup;
			children = (
				EA62107713A6481200A88AF0 /* TrailParticle.cpp */,
				EA62107813A6481200A88AF0 /* TrailParticle.h */,
			);
			path = particles;
			sourceTree = "<group>";
		};
		EA62107B13A6481200A88AF0 /* Grid */ = {
			isa = PBXGroup;
			children = (
				EA62107C13A6481200A88AF0 /* Grid.h */,
			);
			path = Grid;
			sourceTree = "<group>";
		};
		EA62107D13A6481200A88AF0 /* Cascade */ = {
			isa = PBXGroup;
			children = (
				EA62107E13A6481200A88AF0 /* Cascade.h */,
			);
			path = Cascade;
			sourceTree = "<group>";
		};
		EA62107F13A6481200A88AF0 /* Change */ = {
			isa = PBXGroup;
			children = (
				EA62108013A6481200A88AF0 /* Change.h */,
			);
			path = Change;
			sourceTree = "<group>";
		};
		EA62108113A6481200A88AF0 /* Find */ = {
			isa = PBXGroup;
			children = (
				EA62108213A6481200A88AF0 /* Find.h */,
			);
			path = Find;
			sourceTree = "<group>";
		};
		EA62108313A6481200A88AF0 /* Trace */ = {
			isa = PBXGroup;
			children = (
				EA62108413A6481200A88AF0 /* Trace.h */,
			);
			path = Trace;
			sourceTree = "<group>";
		};
		EAD493D813A8B75700D312FE /* framework */ = {
			isa = PBXGroup;
			children = (
				EAD493D913A8B75700D312FE /* app */,
				EAD493DE13A8B75700D312FE /* constants.h */,
				EAD493DF13A8B75700D312FE /* graphics */,
				EAD493E413A8B75700D312FE /* gui */,
				EAD493ED13A8B75700D312FE /* util */,
				EAD493F613A8B75700D312FE /* vision */,
			);
			name = framework;
			path = ../framework;
			sourceTree = SOURCE_ROOT;
		};
		EAD493D913A8B75700D312FE /* app */ = {
			isa = PBXGroup;
			children = (
				EAD493DA13A8B75700D312FE /* main.mm */,
				EAD493DB13A8B75700D312FE /* Reactickle.h */,
				EAD493DC13A8B75700D312FE /* ReactickleApp.h */,
				EAD493DD13A8B75700D312FE /* ReactickleApp.mm */,
			);
			path = app;
			sourceTree = "<group>";
		};
		EAD493DF13A8B75700D312FE /* graphics */ = {
			isa = PBXGroup;
			children = (
				EAD493E013A8B75700D312FE /* GlowingBorder.h */,
				EAD493E113A8B75700D312FE /* MagicShapes.cpp */,
				EAD493E213A8B75700D312FE /* MagicShapes.h */,
			);
			path = graphics;
			sourceTree = "<group>";
		};
		EAD493E413A8B75700D312FE /* gui */ = {
			isa = PBXGroup;
			children = (
				EA2FABF413AA063400CB21FA /* ReactickleButton.cpp */,
				EA2FABF513AA063400CB21FA /* ReactickleButton.h */,
				EAF8E8B014584C8000876802 /* InkWell.h */,
				EAD493E513A8B75700D312FE /* ColorCube.h */,
				EAD493E613A8B75700D312FE /* ColorPicker.cpp */,
				EAD493E713A8B75700D312FE /* ColorPicker.h */,
				EAD493E813A8B75700D312FE /* Container.h */,
				EAD493E913A8B75700D312FE /* HoldButton.h */,
				EAD493EA13A8B75700D312FE /* ImageObject.h */,
				EAD493EB13A8B75700D312FE /* InteractiveObject.h */,
				EAD493EC13A8B75700D312FE /* SimpleButton.h */,
			);
			path = gui;
			sourceTree = "<group>";
		};
		EAD493ED13A8B75700D312FE /* util */ = {
			isa = PBXGroup;
			children = (
				EAF8E8AD1458395500876802 /* iPhoneUtils.mm */,
				EAF8E8AE1458395500876802 /* iPhoneUtils.h */,
				EAD493EE13A8B75700D312FE /* ImageCache.cpp */,
				EAD493EF13A8B75700D312FE /* ImageCache.h */,
				EAD493F013A8B75700D312FE /* Properties.cpp */,
				EAD493F113A8B75700D312FE /* Properties.h */,
				EAD493F213A8B75700D312FE /* Settings.h */,
				EAD493F313A8B75700D312FE /* Settings.mm */,
				EAD493F413A8B75700D312FE /* util.cpp */,
				EAD493F513A8B75700D312FE /* util.h */,
			);
			path = util;
			sourceTree = "<group>";
		};
		EAD493F613A8B75700D312FE /* vision */ = {
			isa = PBXGroup;
			children = (
			);
			path = vision;
			sourceTree = "<group>";
		};
/* End PBXGroup section */

/* Begin PBXNativeTarget section */
		1D6058900D05DD3D006BFB54 /* magic */ = {
			isa = PBXNativeTarget;
			buildConfigurationList = 1D6058960D05DD3E006BFB54 /* Build configuration list for PBXNativeTarget "magic" */;
			buildPhases = (
				1D60588D0D05DD3D006BFB54 /* Resources */,
				1D60588E0D05DD3D006BFB54 /* Sources */,
				1D60588F0D05DD3D006BFB54 /* Frameworks */,
				9255DD331112741900D6945E /* ShellScript */,
			);
			buildRules = (
			);
			dependencies = (
				E49BCC6E12554C6C009F19D0 /* PBXTargetDependency */,
			);
			name = magic;
			productName = iPhone;
			productReference = 1D6058910D05DD3D006BFB54 /* magic.app */;
			productType = "com.apple.product-type.application";
		};
/* End PBXNativeTarget section */

/* Begin PBXProject section */
		29B97313FDCFA39411CA2CEA /* Project object */ = {
			isa = PBXProject;
			buildConfigurationList = C01FCF4E08A954540054247B /* Build configuration list for PBXProject "ReacticklesMagic" */;
			compatibilityVersion = "Xcode 3.1";
			developmentRegion = English;
			hasScannedForEncodings = 1;
			knownRegions = (
				English,
				Japanese,
				French,
				German,
			);
			mainGroup = 29B97314FDCFA39411CA2CEA /* CustomTemplate */;
			projectDirPath = "";
			projectReferences = (
				{
					ProductGroup = E49BCC4912554B69009F19D0 /* Products */;
					ProjectRef = E49BCC4812554B69009F19D0 /* iPhone+OF Lib.xcodeproj */;
				},
			);
			projectRoot = "";
			targets = (
				1D6058900D05DD3D006BFB54 /* magic */,
			);
		};
/* End PBXProject section */

/* Begin PBXReferenceProxy section */
		E49BCC5012554B6A009F19D0 /* libofxiPhone_iphoneos_Debug.a */ = {
			isa = PBXReferenceProxy;
			fileType = archive.ar;
			path = libofxiPhone_iphoneos_Debug.a;
			remoteRef = E49BCC4F12554B6A009F19D0 /* PBXContainerItemProxy */;
			sourceTree = BUILT_PRODUCTS_DIR;
		};
/* End PBXReferenceProxy section */

/* Begin PBXResourcesBuildPhase section */
		1D60588D0D05DD3D006BFB54 /* Resources */ = {
			isa = PBXResourcesBuildPhase;
			buildActionMask = 2147483647;
			files = (
				BB24DDCA10DA781C00E9C588 /* ofxiphone-Info.plist in Resources */,
				EA20B4FA1366F6EF0038E922 /* Default-LandscapeLeft~ipad.png in Resources */,
				EA20B4FB1366F6EF0038E922 /* Default-LandscapeRight~ipad.png in Resources */,
				EA20B4FC1366F6EF0038E922 /* Default.png in Resources */,
				EA20B4FD1366F6EF0038E922 /* Default@2x.png in Resources */,
				EA20B4FE1366F6EF0038E922 /* Default~ipad.png in Resources */,
				EA20B4FF1366F6EF0038E922 /* Icon-72.png in Resources */,
				EA20B5001366F6EF0038E922 /* Icon-Small-50.png in Resources */,
				EA20B5011366F6EF0038E922 /* Icon-Small.png in Resources */,
				EA20B5021366F6EF0038E922 /* Icon-Small@2x.png in Resources */,
				EA20B5031366F6EF0038E922 /* Icon.png in Resources */,
				EA20B5041366F6EF0038E922 /* Icon@2x.png in Resources */,
				EA20B530136703040038E922 /* iTunesArtwork in Resources */,
				EA23EF1D139D1DFA0071404C /* install.xml in Resources */,
			);
			runOnlyForDeploymentPostprocessing = 0;
		};
/* End PBXResourcesBuildPhase section */

/* Begin PBXShellScriptBuildPhase section */
		9255DD331112741900D6945E /* ShellScript */ = {
			isa = PBXShellScriptBuildPhase;
			buildActionMask = 2147483647;
			files = (
			);
			inputPaths = (
			);
			outputPaths = (
			);
			runOnlyForDeploymentPostprocessing = 0;
			shellPath = /bin/sh;
			shellScript = "cp -rf bin/data/ \"$TARGET_BUILD_DIR/$PRODUCT_NAME.app\"\n";
		};
/* End PBXShellScriptBuildPhase section */

/* Begin PBXSourcesBuildPhase section */
		1D60588E0D05DD3D006BFB54 /* Sources */ = {
			isa = PBXSourcesBuildPhase;
			buildActionMask = 2147483647;
			files = (
				EA23EF1E139D1DFA0071404C /* tinyxml.cpp in Sources */,
				EA23EF1F139D1DFA0071404C /* tinyxmlerror.cpp in Sources */,
				EA23EF20139D1DFA0071404C /* tinyxmlparser.cpp in Sources */,
				EA23EF21139D1DFA0071404C /* ofxXmlSettings.cpp in Sources */,
				EA23EF5E139D1E2F0071404C /* Apps.mm in Sources */,
				EA23EF60139D1E2F0071404C /* testApp.mm in Sources */,
				EA23EF63139D1E2F0071404C /* AboutPage.mm in Sources */,
				EA23EF64139D1E2F0071404C /* MainMenu.mm in Sources */,
				EA23EF65139D1E2F0071404C /* SettingsPage.mm in Sources */,
				EA62108513A6481200A88AF0 /* Expand.mm in Sources */,
				EA62108613A6481200A88AF0 /* Orbit.mm in Sources */,
				EA62108713A6481200A88AF0 /* Flip.mm in Sources */,
				EA62108813A6481200A88AF0 /* Follow.mm in Sources */,
				EA62108913A6481200A88AF0 /* FollowParticle.cpp in Sources */,
				EA62108A13A6481200A88AF0 /* TrailParticle.cpp in Sources */,
				EA62108B13A6481200A88AF0 /* Trail.mm in Sources */,
				EAD493FB13A8B75700D312FE /* main.mm in Sources */,
				EAD493FC13A8B75700D312FE /* ReactickleApp.mm in Sources */,
				EAD493FD13A8B75700D312FE /* MagicShapes.cpp in Sources */,
				EAD493FE13A8B75700D312FE /* ColorPicker.cpp in Sources */,
				EAD493FF13A8B75700D312FE /* ImageCache.cpp in Sources */,
				EAD4940013A8B75700D312FE /* Properties.cpp in Sources */,
				EAD4940113A8B75700D312FE /* Settings.mm in Sources */,
				EAD4940213A8B75700D312FE /* util.cpp in Sources */,
				EAD4940C13A8B7A200D312FE /* testAppEvents.mm in Sources */,
				EA2FABF613AA063400CB21FA /* ReactickleButton.cpp in Sources */,
				EAF8E8AF1458395500876802 /* iPhoneUtils.mm in Sources */,
			);
			runOnlyForDeploymentPostprocessing = 0;
		};
/* End PBXSourcesBuildPhase section */

/* Begin PBXTargetDependency section */
		E49BCC6E12554C6C009F19D0 /* PBXTargetDependency */ = {
			isa = PBXTargetDependency;
			name = "iPhone+OF Static Library";
			targetProxy = E49BCC6D12554C6C009F19D0 /* PBXContainerItemProxy */;
		};
/* End PBXTargetDependency section */

/* Begin XCBuildConfiguration section */
		1D6058940D05DD3E006BFB54 /* Debug */ = {
			isa = XCBuildConfiguration;
			buildSettings = {
				ALWAYS_SEARCH_USER_PATHS = NO;
				CODE_SIGN_ENTITLEMENTS = "";
				"CODE_SIGN_IDENTITY[sdk=iphoneos*]" = "iPhone Distribution: Marek Bereza";
				GCC_OPTIMIZATION_LEVEL = 0;
				GCC_PRECOMPILE_PREFIX_HEADER = YES;
				GCC_PREFIX_HEADER = iPhone_Prefix.pch;
				GCC_THUMB_SUPPORT = NO;
				HEADER_SEARCH_PATHS = (
					"../../../libs/cairo/include/**",
					../../../libs/tess2/include,
					../../../libs/poco/include,
					"../../../addons/ofxAccelerometer/**",
					"../../../addons/ofxMultitouch/**",
					"../../../addons/ofxiPhone/**",
					"../../../libs/openFrameworks/**",
					"../../../libs/freetype/include/**",
				);
				INFOPLIST_FILE = "ofxiphone-Info.plist";
				IPHONEOS_DEPLOYMENT_TARGET = 4.0;
				LIBRARY_SEARCH_PATHS = (
					"\"$(SRCROOT)/../../../libs/tess2/lib/osx\"",
					"$(inherited)",
					"\"$(SRCROOT)/../../../libs/freetype/lib/osx\"",
					"\"$(SRCROOT)/../../../libs/FreeImage/lib/osx\"",
					"\"$(SRCROOT)/../../../libs/poco/lib/osx\"",
					"\"$(SRCROOT)/../../../libs/FreeImage/lib/iphone\"",
					"\"$(SRCROOT)/../../../libs/freetype/lib/iphone\"",
				);
				ONLY_ACTIVE_ARCH = YES;
				PRODUCT_NAME = "${TARGET_NAME}";
				"PROVISIONING_PROFILE[sdk=iphoneos*]" = "F7DCAB6B-4D2A-4794-B160-4394B068CB03";
				TARGETED_DEVICE_FAMILY = 2;
			};
			name = Debug;
		};
		1D6058950D05DD3E006BFB54 /* Release */ = {
			isa = XCBuildConfiguration;
			buildSettings = {
				ALWAYS_SEARCH_USER_PATHS = NO;
				CODE_SIGN_ENTITLEMENTS = Entitlements.plist;
				GCC_PRECOMPILE_PREFIX_HEADER = YES;
				GCC_PREFIX_HEADER = iPhone_Prefix.pch;
				GCC_THUMB_SUPPORT = NO;
				INFOPLIST_FILE = "ofxiphone-Info.plist";
				IPHONEOS_DEPLOYMENT_TARGET = 4.0;
				LIBRARY_SEARCH_PATHS = (
					"$(inherited)",
					"\"$(SRCROOT)/../../../libs/freetype/lib/osx\"",
					"\"$(SRCROOT)/../../../libs/FreeImage/lib/osx\"",
					"\"$(SRCROOT)/../../../libs/poco/lib/osx\"",
					"\"$(SRCROOT)/../../../libs/tess2/lib/osx\"",
					"\"$(SRCROOT)/../../../libs/FreeImage/lib/iphone\"",
					"\"$(SRCROOT)/../../../libs/freetype/lib/iphone\"",
				);
				ONLY_ACTIVE_ARCH = YES;
				PRODUCT_NAME = "${TARGET_NAME}";
				TARGETED_DEVICE_FAMILY = 2;
			};
			name = Release;
		};
		C01FCF4F08A954540054247B /* Debug */ = {
			isa = XCBuildConfiguration;
			buildSettings = {
				ARCHS = "$(ARCHS_STANDARD_32_BIT)";
				CODE_SIGN_ENTITLEMENTS = "";
				"CODE_SIGN_IDENTITY[sdk=iphoneos*]" = "iPhone Developer";
				COMPRESS_PNG_FILES = NO;
				GCC_C_LANGUAGE_STANDARD = c99;
				GCC_OPTIMIZATION_LEVEL = 0;
				GCC_SYMBOLS_PRIVATE_EXTERN = NO;
				GCC_THUMB_SUPPORT = NO;
				GCC_WARN_ABOUT_DEPRECATED_FUNCTIONS = NO;
				GCC_WARN_ABOUT_INVALID_OFFSETOF_MACRO = NO;
				GCC_WARN_ABOUT_POINTER_SIGNEDNESS = NO;
				GCC_WARN_ABOUT_RETURN_TYPE = YES;
				GCC_WARN_ALLOW_INCOMPLETE_PROTOCOL = NO;
				GCC_WARN_PROTOTYPE_CONVERSION = NO;
				GCC_WARN_UNUSED_VARIABLE = YES;
				HEADER_SEARCH_PATHS = (
					../../../libs/poco/include,
					"../../../addons/ofxAccelerometer/**",
					"../../../addons/ofxMultitouch/**",
					"../../../addons/ofxiPhone/**",
					"../../../libs/openFrameworks/**",
					"../../../libs/freetype/**",
				);
				IPHONEOS_DEPLOYMENT_TARGET = 3.1;
				LIBRARY_SEARCH_PATHS = (
					"$(inherited)",
					"\"$(SRCROOT)/../../../libs/freetype/lib\"",
					"\"$(SRCROOT)/../../../libs/freeimage/lib\"",
					"\"$(SRCROOT)/../../../libs/FreeImage/lib/iphone\"",
					"\"$(SRCROOT)/../../../libs/FreeImage/lib/osx\"",
					"\"$(SRCROOT)/../../../libs/freetype/lib/iphone\"",
					"\"$(SRCROOT)/../../../libs/freetype/lib/osx\"",
					"\"$(SRCROOT)/../../../libs/glu/lib/iphone\"",
					"\"$(SRCROOT)/../../../libs/poco/lib/osx\"",
					"\"$(SRCROOT)/../../../libs/poco/lib/iphone\"",
				);
				MACOSX_DEPLOYMENT_TARGET = "";
				ONLY_ACTIVE_ARCH = NO;
				OTHER_LDFLAGS = "-ObjC";
				PREBINDING = NO;
				"PROVISIONING_PROFILE[sdk=iphoneos*]" = "";
				SDKROOT = iphoneos;
				TARGETED_DEVICE_FAMILY = "1,2";
				WARNING_LDFLAGS = "";
			};
			name = Debug;
		};
		C01FCF5008A954540054247B /* Release */ = {
			isa = XCBuildConfiguration;
			buildSettings = {
				ARCHS = "$(ARCHS_STANDARD_32_BIT)";
				CODE_SIGN_ENTITLEMENTS = Entitlements.plist;
				"CODE_SIGN_IDENTITY[sdk=iphoneos*]" = "iPhone Developer";
				COMPRESS_PNG_FILES = NO;
				GCC_C_LANGUAGE_STANDARD = c99;
				GCC_DYNAMIC_NO_PIC = YES;
				GCC_GENERATE_DEBUGGING_SYMBOLS = NO;
				GCC_SYMBOLS_PRIVATE_EXTERN = NO;
				GCC_THUMB_SUPPORT = NO;
				GCC_WARN_ABOUT_RETURN_TYPE = YES;
				GCC_WARN_UNUSED_VARIABLE = YES;
				HEADER_SEARCH_PATHS = (
					../../../libs/poco/include,
					"../../../addons/ofxAccelerometer/**",
					"../../../addons/ofxMultitouch/**",
					"../../../addons/ofxiPhone/**",
					"../../../libs/openFrameworks/**",
					"../../../libs/freetype/**",
				);
				IPHONEOS_DEPLOYMENT_TARGET = 3.1;
				LIBRARY_SEARCH_PATHS = (
					"$(inherited)",
					"\"$(SRCROOT)/../../../libs/freetype/lib\"",
					"\"$(SRCROOT)/../../../libs/freeimage/lib\"",
					"\"$(SRCROOT)/../../../libs/FreeImage/lib/iphone\"",
					"\"$(SRCROOT)/../../../libs/FreeImage/lib/osx\"",
					"\"$(SRCROOT)/../../../libs/freetype/lib/iphone\"",
					"\"$(SRCROOT)/../../../libs/freetype/lib/osx\"",
					"\"$(SRCROOT)/../../../libs/glu/lib/iphone\"",
					"\"$(SRCROOT)/../../../libs/poco/lib/osx\"",
					"\"$(SRCROOT)/../../../libs/poco/lib/iphone\"",
				);
				MACOSX_DEPLOYMENT_TARGET = "";
				ONLY_ACTIVE_ARCH = NO;
				OTHER_LDFLAGS = "-ObjC";
				PREBINDING = NO;
				"PROVISIONING_PROFILE[sdk=iphoneos*]" = "";
				SDKROOT = iphoneos;
				TARGETED_DEVICE_FAMILY = "1,2";
			};
			name = Release;
		};
		E49BCC2F12554938009F19D0 /* ReleaseArmv7 */ = {
			isa = XCBuildConfiguration;
			buildSettings = {
				ARCHS = "$(ARCHS_UNIVERSAL_IPHONE_OS)";
				CODE_SIGN_ENTITLEMENTS = Entitlements.plist;
				"CODE_SIGN_IDENTITY[sdk=iphoneos*]" = "iPhone Developer";
				COMPRESS_PNG_FILES = NO;
				GCC_C_LANGUAGE_STANDARD = c99;
				GCC_DYNAMIC_NO_PIC = YES;
				GCC_GENERATE_DEBUGGING_SYMBOLS = NO;
				GCC_SYMBOLS_PRIVATE_EXTERN = NO;
				GCC_THUMB_SUPPORT = NO;
				GCC_WARN_ABOUT_RETURN_TYPE = YES;
				GCC_WARN_UNUSED_VARIABLE = YES;
				HEADER_SEARCH_PATHS = (
					../../../libs/poco/include,
					"../../../addons/ofxAccelerometer/**",
					"../../../addons/ofxMultitouch/**",
					"../../../addons/ofxiPhone/**",
					"../../../libs/openFrameworks/**",
					"../../../libs/freetype/**",
				);
				IPHONEOS_DEPLOYMENT_TARGET = 3.1;
				LIBRARY_SEARCH_PATHS = (
					"$(inherited)",
					"\"$(SRCROOT)/../../../libs/freetype/lib\"",
					"\"$(SRCROOT)/../../../libs/freeimage/lib\"",
					"\"$(SRCROOT)/../../../libs/FreeImage/lib/iphone\"",
					"\"$(SRCROOT)/../../../libs/FreeImage/lib/osx\"",
					"\"$(SRCROOT)/../../../libs/freetype/lib/iphone\"",
					"\"$(SRCROOT)/../../../libs/freetype/lib/osx\"",
					"\"$(SRCROOT)/../../../libs/glu/lib/iphone\"",
					"\"$(SRCROOT)/../../../libs/poco/lib/osx\"",
					"\"$(SRCROOT)/../../../libs/poco/lib/iphone\"",
				);
				MACOSX_DEPLOYMENT_TARGET = "";
				ONLY_ACTIVE_ARCH = NO;
				OTHER_LDFLAGS = "-ObjC";
				PREBINDING = NO;
				"PROVISIONING_PROFILE[sdk=iphoneos*]" = "";
				SDKROOT = iphoneos;
				TARGETED_DEVICE_FAMILY = "1,2";
			};
			name = ReleaseArmv7;
		};
		E49BCC3012554938009F19D0 /* ReleaseArmv7 */ = {
			isa = XCBuildConfiguration;
			buildSettings = {
				ALWAYS_SEARCH_USER_PATHS = NO;
				CODE_SIGN_ENTITLEMENTS = Entitlements.plist;
				GCC_PRECOMPILE_PREFIX_HEADER = YES;
				GCC_PREFIX_HEADER = iPhone_Prefix.pch;
				GCC_THUMB_SUPPORT = NO;
				INFOPLIST_FILE = "ofxiphone-Info.plist";
				IPHONEOS_DEPLOYMENT_TARGET = 4.0;
				LIBRARY_SEARCH_PATHS = (
					"$(inherited)",
					"\"$(SRCROOT)/../../../libs/freetype/lib/osx\"",
					"\"$(SRCROOT)/../../../libs/FreeImage/lib/osx\"",
					"\"$(SRCROOT)/../../../libs/poco/lib/osx\"",
					"\"$(SRCROOT)/../../../libs/tess2/lib/osx\"",
					"\"$(SRCROOT)/../../../libs/FreeImage/lib/iphone\"",
					"\"$(SRCROOT)/../../../libs/freetype/lib/iphone\"",
				);
				ONLY_ACTIVE_ARCH = YES;
				PRODUCT_NAME = "${TARGET_NAME}";
				TARGETED_DEVICE_FAMILY = 2;
			};
			name = ReleaseArmv7;
		};
		EA23F0EB139D31BB0071404C /* Ad Hoc */ = {
			isa = XCBuildConfiguration;
			buildSettings = {
				ARCHS = "$(ARCHS_STANDARD_32_BIT)";
				CODE_SIGN_ENTITLEMENTS = Entitlements.plist;
				"CODE_SIGN_IDENTITY[sdk=iphoneos*]" = "iPhone Distribution: Marek Bereza";
				COMPRESS_PNG_FILES = NO;
				GCC_C_LANGUAGE_STANDARD = c99;
				GCC_DYNAMIC_NO_PIC = YES;
				GCC_GENERATE_DEBUGGING_SYMBOLS = NO;
				GCC_SYMBOLS_PRIVATE_EXTERN = NO;
				GCC_THUMB_SUPPORT = NO;
				GCC_WARN_ABOUT_RETURN_TYPE = YES;
				GCC_WARN_UNUSED_VARIABLE = YES;
				HEADER_SEARCH_PATHS = (
					../../../libs/poco/include,
					"../../../addons/ofxAccelerometer/**",
					"../../../addons/ofxMultitouch/**",
					"../../../addons/ofxiPhone/**",
					"../../../libs/openFrameworks/**",
					"../../../libs/freetype/**",
				);
				IPHONEOS_DEPLOYMENT_TARGET = 3.1;
				LIBRARY_SEARCH_PATHS = (
					"$(inherited)",
					"\"$(SRCROOT)/../../../libs/freetype/lib\"",
					"\"$(SRCROOT)/../../../libs/freeimage/lib\"",
					"\"$(SRCROOT)/../../../libs/FreeImage/lib/iphone\"",
					"\"$(SRCROOT)/../../../libs/FreeImage/lib/osx\"",
					"\"$(SRCROOT)/../../../libs/freetype/lib/iphone\"",
					"\"$(SRCROOT)/../../../libs/freetype/lib/osx\"",
					"\"$(SRCROOT)/../../../libs/glu/lib/iphone\"",
					"\"$(SRCROOT)/../../../libs/poco/lib/osx\"",
					"\"$(SRCROOT)/../../../libs/poco/lib/iphone\"",
				);
				MACOSX_DEPLOYMENT_TARGET = "";
				ONLY_ACTIVE_ARCH = NO;
				OTHER_LDFLAGS = "-ObjC";
				PREBINDING = NO;
				"PROVISIONING_PROFILE[sdk=iphoneos*]" = "F7DCAB6B-4D2A-4794-B160-4394B068CB03";
				SDKROOT = iphoneos;
				TARGETED_DEVICE_FAMILY = "1,2";
			};
			name = "Ad Hoc";
		};
		EA23F0EC139D31BB0071404C /* Ad Hoc */ = {
			isa = XCBuildConfiguration;
			buildSettings = {
				ALWAYS_SEARCH_USER_PATHS = NO;
				CODE_SIGN_ENTITLEMENTS = Entitlements.plist;
				"CODE_SIGN_IDENTITY[sdk=iphoneos*]" = "iPhone Distribution";
				GCC_PRECOMPILE_PREFIX_HEADER = YES;
				GCC_PREFIX_HEADER = iPhone_Prefix.pch;
				GCC_THUMB_SUPPORT = NO;
				HEADER_SEARCH_PATHS = (
					"../../../libs/cairo/include/**",
					../../../libs/tess2/include,
					../../../libs/poco/include,
					"../../../addons/ofxAccelerometer/**",
					"../../../addons/ofxMultitouch/**",
					"../../../addons/ofxiPhone/**",
					"../../../libs/openFrameworks/**",
					"../../../libs/freetype/include/**",
				);
				INFOPLIST_FILE = "ofxiphone-Info.plist";
				IPHONEOS_DEPLOYMENT_TARGET = 4.0;
				LIBRARY_SEARCH_PATHS = (
					"$(inherited)",
					"\"$(SRCROOT)/../../../libs/freetype/lib/osx\"",
					"\"$(SRCROOT)/../../../libs/FreeImage/lib/osx\"",
					"\"$(SRCROOT)/../../../libs/poco/lib/osx\"",
					"\"$(SRCROOT)/../../../libs/tess2/lib/osx\"",
					"\"$(SRCROOT)/../../../libs/FreeImage/lib/iphone\"",
					"\"$(SRCROOT)/../../../libs/freetype/lib/iphone\"",
				);
				ONLY_ACTIVE_ARCH = YES;
				PRODUCT_NAME = "${TARGET_NAME}";
				"PROVISIONING_PROFILE[sdk=iphoneos*]" = "";
				TARGETED_DEVICE_FAMILY = 2;
			};
			name = "Ad Hoc";
		};
/* End XCBuildConfiguration section */

/* Begin XCConfigurationList section */
		1D6058960D05DD3E006BFB54 /* Build configuration list for PBXNativeTarget "magic" */ = {
			isa = XCConfigurationList;
			buildConfigurations = (
				1D6058940D05DD3E006BFB54 /* Debug */,
				1D6058950D05DD3E006BFB54 /* Release */,
				EA23F0EC139D31BB0071404C /* Ad Hoc */,
				E49BCC3012554938009F19D0 /* ReleaseArmv7 */,
			);
			defaultConfigurationIsVisible = 0;
			defaultConfigurationName = Release;
		};
		C01FCF4E08A954540054247B /* Build configuration list for PBXProject "ReacticklesMagic" */ = {
			isa = XCConfigurationList;
			buildConfigurations = (
				C01FCF4F08A954540054247B /* Debug */,
				C01FCF5008A954540054247B /* Release */,
				EA23F0EB139D31BB0071404C /* Ad Hoc */,
				E49BCC2F12554938009F19D0 /* ReleaseArmv7 */,
			);
			defaultConfigurationIsVisible = 0;
			defaultConfigurationName = Release;
		};
/* End XCConfigurationList section */
	};
	rootObject = 29B97313FDCFA39411CA2CEA /* Project object */;
}
